
Microsoft Visual Studio Solution File, Format Version 9.00
# Visual Studio 2005
# SharpDevelop 2.2.1.2648
Project("{FAE04EC0-301F-11D3-BF4B-00C04F79EFBC}") = "testqt", "testqt.csproj", "{89F6E4BA-EAD8-4273-852E-7E3599B0A424}"
EndProject
Project("{FAE04EC0-301F-11D3-BF4B-00C04F79EFBC}") = "iisTaskPanel", "iisTaskPanel\iisTaskPanel.csproj", "{5453A5E8-254E-4320-B0E2-D0D9D3362794}"
EndProject
Global
	GlobalSection(SolutionConfigurationPlatforms) = preSolution
		Debug|Any CPU = Debug|Any CPU
		Release|Any CPU = Release|Any CPU
	EndGlobalSection
	GlobalSection(ProjectConfigurationPlatforms) = postSolution
		{89F6E4BA-EAD8-4273-852E-7E3599B0A424}.Debug|Any CPU.Build.0 = Debug|Any CPU
		{89F6E4BA-EAD8-4273-852E-7E3599B0A424}.Debug|Any CPU.ActiveCfg = Debug|Any CPU
		{89F6E4BA-EAD8-4273-852E-7E3599B0A424}.Release|Any CPU.Build.0 = Release|Any CPU
		{89F6E4BA-EAD8-4273-852E-7E3599B0A424}.Release|Any CPU.ActiveCfg = Release|Any CPU
		{5453A5E8-254E-4320-B0E2-D0D9D3362794}.Debug|Any CPU.Build.0 = Debug|Any CPU
		{5453A5E8-254E-4320-B0E2-D0D9D3362794}.Debug|Any CPU.ActiveCfg = Debug|Any CPU
		{5453A5E8-254E-4320-B0E2-D0D9D3362794}.Release|Any CPU.Build.0 = Release|Any CPU
		{5453A5E8-254E-4320-B0E2-D0D9D3362794}.Release|Any CPU.ActiveCfg = Release|Any CPU
	EndGlobalSection
EndGlobal
