
Microsoft Visual Studio Solution File, Format Version 9.00
# Visual Studio 2005
# SharpDevelop 3.2.1.6466
Project("{FAE04EC0-301F-11D3-BF4B-00C04F79EFBC}") = "Ict.Petra.Client.CommonForms", "Ict.Petra.Client.CommonForms.csproj", "{115F2398-E0E0-4F79-854C-BBFC5DEB076F}"
EndProject
Global
	GlobalSection(SolutionConfigurationPlatforms) = preSolution
		Debug|x86 = Debug|x86
		Release|x86 = Release|x86
		Debug|x86 = Debug|x86
		Release|x86 = Release|x86
	EndGlobalSection
	GlobalSection(ProjectConfigurationPlatforms) = postSolution
		{115F2398-E0E0-4F79-854C-BBFC5DEB076F}.Debug|x86.Build.0 = Debug|x86
		{115F2398-E0E0-4F79-854C-BBFC5DEB076F}.Debug|x86.ActiveCfg = Debug|x86
		{115F2398-E0E0-4F79-854C-BBFC5DEB076F}.Release|x86.Build.0 = Release|x86
		{115F2398-E0E0-4F79-854C-BBFC5DEB076F}.Release|x86.ActiveCfg = Release|x86
	EndGlobalSection
EndGlobal
