
Microsoft Visual Studio Solution File, Format Version 10.00
# Visual Studio 2008
${TemplateProject}
Global
	GlobalSection(SolutionConfigurationPlatforms) = preSolution
		Debug|x86 = Debug|x86
		Release|x86 = Release|x86
	EndGlobalSection
	GlobalSection(ProjectConfigurationPlatforms) = postSolution
${TemplateConfiguration}EndGlobalSection
EndGlobal
