
Microsoft Visual Studio Solution File, Format Version 9.00
# Visual Studio 2005
# SharpDevelop 3.2.1.6466
Project("{FAE04EC0-301F-11D3-BF4B-00C04F79EFBC}") = "Tests.Common.Controls", "Tests.Common.Controls.csproj", "{377F84AE-DC3F-4F86-A39E-9C26081E4B6C}"
EndProject
Global
	GlobalSection(SolutionConfigurationPlatforms) = preSolution
		Debug|x86 = Debug|x86
		Release|x86 = Release|x86
		Debug|x86 = Debug|x86
		Release|x86 = Release|x86
	EndGlobalSection
	GlobalSection(ProjectConfigurationPlatforms) = postSolution
		{377F84AE-DC3F-4F86-A39E-9C26081E4B6C}.Debug|x86.Build.0 = Debug|x86
		{377F84AE-DC3F-4F86-A39E-9C26081E4B6C}.Debug|x86.ActiveCfg = Debug|x86
		{377F84AE-DC3F-4F86-A39E-9C26081E4B6C}.Release|x86.Build.0 = Release|x86
		{377F84AE-DC3F-4F86-A39E-9C26081E4B6C}.Release|x86.ActiveCfg = Release|x86
	EndGlobalSection
EndGlobal
