
Microsoft Visual Studio Solution File, Format Version 10.00
# Visual Studio 2008
# SharpDevelop 3.0.0.3800
Project("{FAE04EC0-301F-11D3-BF4B-00C04F79EFBC}") = "newDonorSubscriptions", "newDonorSubscriptions.csproj", "{F2A47D33-0802-4503-A180-3C207D061DF9}"
EndProject
Project("{FAE04EC0-301F-11D3-BF4B-00C04F79EFBC}") = "Ict.Common.Printing", "..\..\Common\Printing\Ict.Common.Printing.csproj", "{954F91D9-263A-49F3-942D-6D85A2C13DB8}"
EndProject
Global
	GlobalSection(SolutionConfigurationPlatforms) = preSolution
		Debug|Any CPU = Debug|Any CPU
		Release|Any CPU = Release|Any CPU
	EndGlobalSection
	GlobalSection(ProjectConfigurationPlatforms) = postSolution
		{F2A47D33-0802-4503-A180-3C207D061DF9}.Debug|Any CPU.Build.0 = Debug|Any CPU
		{F2A47D33-0802-4503-A180-3C207D061DF9}.Debug|Any CPU.ActiveCfg = Debug|Any CPU
		{F2A47D33-0802-4503-A180-3C207D061DF9}.Release|Any CPU.Build.0 = Release|Any CPU
		{F2A47D33-0802-4503-A180-3C207D061DF9}.Release|Any CPU.ActiveCfg = Release|Any CPU
		{954F91D9-263A-49F3-942D-6D85A2C13DB8}.Debug|Any CPU.Build.0 = Debug|Any CPU
		{954F91D9-263A-49F3-942D-6D85A2C13DB8}.Debug|Any CPU.ActiveCfg = Debug|Any CPU
		{954F91D9-263A-49F3-942D-6D85A2C13DB8}.Release|Any CPU.Build.0 = Release|Any CPU
		{954F91D9-263A-49F3-942D-6D85A2C13DB8}.Release|Any CPU.ActiveCfg = Release|Any CPU
	EndGlobalSection
EndGlobal
