
Microsoft Visual Studio Solution File, Format Version 9.00
# Visual Studio 2005
# SharpDevelop 3.2.1.6466
Project("{FAE04EC0-301F-11D3-BF4B-00C04F79EFBC}") = "Ict.Petra.Client.App.Core", "Petra\Client\app\Core\Ict.Petra.Client.App.Core.csproj", "{69E21FFC-F815-451A-96BB-66499CDDEB6E}"
EndProject
Project("{FAE04EC0-301F-11D3-BF4B-00C04F79EFBC}") = "Ict.Petra.Client.App.Core.RemoteObjects", "Petra\Client\app\Core\Ict.Petra.Client.App.Core.RemoteObjects.csproj", "{A3E8D62A-D07D-44D9-A286-68220B3AA94F}"
EndProject
Project("{FAE04EC0-301F-11D3-BF4B-00C04F79EFBC}") = "Ict.Petra.Client.CommonDialogs", "Petra\Client\CommonDialogs\Ict.Petra.Client.CommonDialogs.csproj", "{BE0FD127-A9A9-4291-A5E0-71A45AC2FDBD}"
EndProject
Project("{FAE04EC0-301F-11D3-BF4B-00C04F79EFBC}") = "PetraClient", "Petra\Client\app\PetraClient\PetraClient.csproj", "{8B8EEEE1-C72B-48AD-9BD6-D79DC83D68D8}"
EndProject
Project("{FAE04EC0-301F-11D3-BF4B-00C04F79EFBC}") = "Ict.Petra.Client.CommonForms", "Petra\Client\CommonForms\Ict.Petra.Client.CommonForms.csproj", "{115F2398-E0E0-4F79-854C-BBFC5DEB076F}"
EndProject
Project("{FAE04EC0-301F-11D3-BF4B-00C04F79EFBC}") = "Ict.Petra.Client.App.Gui", "Petra\Client\app\Gui\Ict.Petra.Client.App.Gui.csproj", "{7C72F5ED-C494-4B58-AA90-2B948D4CF1D7}"
EndProject
Project("{FAE04EC0-301F-11D3-BF4B-00C04F79EFBC}") = "Ict.Petra.Client.MPartner.Gui", "Petra\Client\lib\MPartner\gui\Ict.Petra.Client.MPartner.Gui.csproj", "{2B06F76C-A8FE-4F0A-A312-B53055F9E77A}"
EndProject
Project("{FAE04EC0-301F-11D3-BF4B-00C04F79EFBC}") = "Ict.Petra.Client.CommonControls.Logic", "Petra\Client\CommonControls\logic\Ict.Petra.Client.CommonControls.Logic.csproj", "{FD174C01-3423-4604-A7FF-4348969D57CF}"
EndProject
Project("{FAE04EC0-301F-11D3-BF4B-00C04F79EFBC}") = "Ict.Petra.Client.CommonControls.Gui", "Petra\Client\CommonControls\gui\Ict.Petra.Client.CommonControls.Gui.csproj", "{7B102B6E-0873-45EE-85D7-BD37126EAE21}"
EndProject
Project("{FAE04EC0-301F-11D3-BF4B-00C04F79EFBC}") = "Ict.Petra.Client.App.Formatting", "Petra\Client\app\Formatting\Ict.Petra.Client.App.Formatting.csproj", "{03ED55AE-5526-4F37-B4D7-1498877CFB7F}"
EndProject
Project("{FAE04EC0-301F-11D3-BF4B-00C04F79EFBC}") = "Ict.Petra.Client.MCommon.Gui", "Petra\Client\lib\MCommon\gui\Ict.Petra.Client.MCommon.Gui.csproj", "{F1D473DD-F831-4662-A3F9-EE5016D4C625}"
EndProject
Project("{FAE04EC0-301F-11D3-BF4B-00C04F79EFBC}") = "Ict.Petra.Client.MCommon.Logic", "Petra\Client\lib\MCommon\logic\Ict.Petra.Client.MCommon.Logic.csproj", "{0BC4E544-F1E7-48AC-869C-71312E31AC2D}"
EndProject
Project("{FAE04EC0-301F-11D3-BF4B-00C04F79EFBC}") = "Ict.Petra.Client.MCommon.Verification", "Petra\Client\lib\MCommon\verification\Ict.Petra.Client.MCommon.Verification.csproj", "{5D1329ED-6B72-4B84-AF03-D59031DA2543}"
EndProject
Project("{FAE04EC0-301F-11D3-BF4B-00C04F79EFBC}") = "Ict.Petra.Client.MPartner.Verification", "Petra\Client\lib\MPartner\verification\Ict.Petra.Client.MPartner.Verification.csproj", "{1FF19F37-4C0C-440F-8E1F-3810611E7ACD}"
EndProject
Project("{FAE04EC0-301F-11D3-BF4B-00C04F79EFBC}") = "Ict.Petra.Client.MPartner.Logic", "Petra\Client\lib\MPartner\logic\Ict.Petra.Client.MPartner.Logic.csproj", "{A6A4782D-DD84-4C0C-9F6E-552EAEDDB797}"
EndProject
Project("{FAE04EC0-301F-11D3-BF4B-00C04F79EFBC}") = "Ict.Petra.Client.MReporting.Logic", "Petra\Client\lib\MReporting\logic\Ict.Petra.Client.MReporting.Logic.csproj", "{E5D87C50-783C-4516-84A9-CF1D37894C9C}"
EndProject
Project("{FAE04EC0-301F-11D3-BF4B-00C04F79EFBC}") = "Ict.Petra.Client.MReporting.Gui", "Petra\Client\lib\MReporting\gui\Ict.Petra.Client.MReporting.Gui.csproj", "{4DCB81E4-7B19-43D5-BEFC-351706003550}"
EndProject
Project("{FAE04EC0-301F-11D3-BF4B-00C04F79EFBC}") = "Ict.Petra.Client.MReporting.Gui.MPartner", "Petra\Client\lib\MReporting\gui\MPartner\Ict.Petra.Client.MReporting.Gui.MPartner.csproj", "{67EAEC89-7919-4CE5-819C-97AF6B618232}"
EndProject
Project("{FAE04EC0-301F-11D3-BF4B-00C04F79EFBC}") = "Ict.Petra.Client.MFinance.Gui", "Petra\Client\lib\MFinance\gui\Ict.Petra.Client.MFinance.Gui.csproj", "{B8226A6F-E8BE-41B3-8509-0FD128B16574}"
EndProject
Project("{FAE04EC0-301F-11D3-BF4B-00C04F79EFBC}") = "Ict.Petra.Client.MFinance.Logic", "Petra\Client\lib\MFinance\logic\Ict.Petra.Client.MFinance.Logic.csproj", "{45767519-3EC2-4143-B0CC-252033363D35}"
EndProject
Project("{FAE04EC0-301F-11D3-BF4B-00C04F79EFBC}") = "Ict.Petra.Client.MReporting.Gui.MFinance", "Petra\Client\lib\MReporting\gui\MFinance\Ict.Petra.Client.MReporting.Gui.MFinance.csproj", "{5669E7C8-72A2-47D5-BEBE-C4DCD8099F59}"
EndProject
Project("{FAE04EC0-301F-11D3-BF4B-00C04F79EFBC}") = "Ict.Petra.Client.MSysMan.Gui", "Petra\Client\lib\MSysMan\gui\Ict.Petra.Client.MSysMan.Gui.csproj", "{84F5D8D3-FC70-40C0-9116-5621035F77B5}"
EndProject
Project("{FAE04EC0-301F-11D3-BF4B-00C04F79EFBC}") = "Ict.Petra.Client.MReporting.Gui.MFinDev", "Petra\Client\lib\MReporting\gui\MFinDev\Ict.Petra.Client.MReporting.Gui.MFinDev.csproj", "{67EAEC89-7919-4CE5-819C-97AF6B617823}"
EndProject
Project("{FAE04EC0-301F-11D3-BF4B-00C04F79EFBC}") = "Ict.Petra.Client.MReporting.Gui.MPersonnel", "Petra\Client\lib\MReporting\gui\MPersonnel\Ict.Petra.Client.MReporting.Gui.MPersonnel.csproj", "{97DF12C5-27C0-446C-AF5F-7C592977F1AE}"
EndProject
Project("{FAE04EC0-301F-11D3-BF4B-00C04F79EFBC}") = "Ict.Petra.Client.MPartner.Gui.Setup", "Petra\Client\lib\MPartner\gui\setup\Ict.Petra.Client.MPartner.Gui.Setup.csproj", "{5EB278CF-DB6B-49BB-8200-4665043831A3}"
EndProject
Project("{FAE04EC0-301F-11D3-BF4B-00C04F79EFBC}") = "Ict.Petra.Client.MFinance.Gui.Setup", "Petra\Client\lib\MFinance\gui\setup\Ict.Petra.Client.MFinance.Gui.Setup.csproj", "{AFEFBB50-D2A7-4CA2-A513-1FDA1F3156C6}"
EndProject
Project("{FAE04EC0-301F-11D3-BF4B-00C04F79EFBC}") = "Ict.Petra.Client.MCommon.Gui.Setup", "Petra\Client\lib\MCommon\gui\setup\Ict.Petra.Client.MCommon.Gui.Setup.csproj", "{11E82D0E-6AC3-4D48-A584-A36B5208B496}"
EndProject
Project("{FAE04EC0-301F-11D3-BF4B-00C04F79EFBC}") = "Ict.Petra.Client.MSysMan.Gui.Setup", "Petra\Client\lib\MSysMan\gui\setup\Ict.Petra.Client.MSysMan.Gui.Setup.csproj", "{43974592-6DD9-4DB8-BFCD-794BB16474D5}"
EndProject
Project("{FAE04EC0-301F-11D3-BF4B-00C04F79EFBC}") = "Ict.Petra.Client.MPersonnel.Gui", "Petra\Client\lib\MPersonnel\gui\Ict.Petra.Client.MPersonnel.Gui.csproj", "{6870213C-A7D8-4B1A-A398-C18C0363A391}"
EndProject
Project("{FAE04EC0-301F-11D3-BF4B-00C04F79EFBC}") = "Ict.Petra.Client.MPersonnel.Logic", "Petra\Client\lib\MPersonnel\logic\Ict.Petra.Client.MPersonnel.Logic.csproj", "{0CEEC712-549F-4EF5-8C41-20B1A0C386DA}"
EndProject
Project("{FAE04EC0-301F-11D3-BF4B-00C04F79EFBC}") = "Ict.Petra.Client.MReporting.Gui.MConference", "Petra\Client\lib\MReporting\gui\MConference\Ict.Petra.Client.MReporting.Gui.MConference.csproj", "{915250E9-F8AE-4694-8989-3F14165C27DC}"
EndProject
Project("{FAE04EC0-301F-11D3-BF4B-00C04F79EFBC}") = "Ict.Petra.Client.MConference.Gui", "Petra\Client\lib\MConference\gui\Ict.Petra.Client.MConference.Gui.csproj", "{B2C1226E-B8B1-44E5-9BBB-D8C4CB620B00}"
EndProject
Project("{FAE04EC0-301F-11D3-BF4B-00C04F79EFBC}") = "Ict.Petra.Client.MConference.Logic", "Petra\Client\lib\MConference\logic\Ict.Petra.Client.MConference.Logic.csproj", "{E75DB8DE-251F-406E-8026-0737C57E4F5C}"
EndProject
Project("{FAE04EC0-301F-11D3-BF4B-00C04F79EFBC}") = "Ict.Petra.Client.MPersonnel.Gui.Setup", "Petra\Client\lib\MPersonnel\gui\setup\Ict.Petra.Client.MPersonnel.Gui.Setup.csproj", "{34FF59D0-55BE-408F-9849-7177F88C08E5}"
EndProject
Project("{FAE04EC0-301F-11D3-BF4B-00C04F79EFBC}") = "Ict.Petra.Client.MFinance.Gui.Gift", "Petra\Client\lib\MFinance\gui\Gift\Ict.Petra.Client.MFinance.Gui.Gift.csproj", "{8392E7BD-7533-4C34-BFFC-30C310DEE447}"
EndProject
Project("{FAE04EC0-301F-11D3-BF4B-00C04F79EFBC}") = "Ict.Petra.Client.MFinance.Gui.GL", "Petra\Client\lib\MFinance\gui\GL\Ict.Petra.Client.MFinance.Gui.GL.csproj", "{F597DDD3-2705-40EE-9721-D082D3EFB7AE}"
EndProject
Project("{FAE04EC0-301F-11D3-BF4B-00C04F79EFBC}") = "Ict.Petra.Client.MFinance.Gui.AP", "Petra\Client\lib\MFinance\gui\AP\Ict.Petra.Client.MFinance.Gui.AP.csproj", "{CF799F57-0C78-4FAB-B9FE-985D6EB184D3}"
EndProject
Project("{FAE04EC0-301F-11D3-BF4B-00C04F79EFBC}") = "Ict.Petra.Client.MFinance.Gui.Common", "Petra\Client\lib\MFinance\gui\Common\Ict.Petra.Client.MFinance.Gui.Common.csproj", "{99EB38F7-5CF9-48DE-B944-D2A9B60DACF5}"
EndProject
Project("{FAE04EC0-301F-11D3-BF4B-00C04F79EFBC}") = "Ict.Petra.Client.CommonForms.Logic", "Petra\Client\CommonForms\logic\Ict.Petra.Client.CommonForms.Logic.csproj", "{BAA2B5EE-C149-483D-89E2-95ACBEFB20DE}"
EndProject
Global
	GlobalSection(SolutionConfigurationPlatforms) = preSolution
		Debug|x86 = Debug|x86
		Release|x86 = Release|x86
	EndGlobalSection
	GlobalSection(ProjectConfigurationPlatforms) = postSolution
		{69E21FFC-F815-451A-96BB-66499CDDEB6E}.Debug|x86.ActiveCfg = Debug|x86
		{69E21FFC-F815-451A-96BB-66499CDDEB6E}.Debug|x86.Build.0 = Debug|x86
		{69E21FFC-F815-451A-96BB-66499CDDEB6E}.Release|x86.ActiveCfg = Release|x86
		{69E21FFC-F815-451A-96BB-66499CDDEB6E}.Release|x86.Build.0 = Release|x86
		{A3E8D62A-D07D-44D9-A286-68220B3AA94F}.Debug|x86.ActiveCfg = Debug|x86
		{A3E8D62A-D07D-44D9-A286-68220B3AA94F}.Debug|x86.Build.0 = Debug|x86
		{A3E8D62A-D07D-44D9-A286-68220B3AA94F}.Release|x86.ActiveCfg = Release|x86
		{A3E8D62A-D07D-44D9-A286-68220B3AA94F}.Release|x86.Build.0 = Release|x86
		{8B8EEEE1-C72B-48AD-9BD6-D79DC83D68D8}.Debug|x86.ActiveCfg = Debug|x86
		{8B8EEEE1-C72B-48AD-9BD6-D79DC83D68D8}.Debug|x86.Build.0 = Debug|x86
		{8B8EEEE1-C72B-48AD-9BD6-D79DC83D68D8}.Release|x86.ActiveCfg = Release|x86
		{8B8EEEE1-C72B-48AD-9BD6-D79DC83D68D8}.Release|x86.Build.0 = Release|x86
		{BE0FD127-A9A9-4291-A5E0-71A45AC2FDBD}.Debug|x86.ActiveCfg = Debug|x86
		{BE0FD127-A9A9-4291-A5E0-71A45AC2FDBD}.Debug|x86.Build.0 = Debug|x86
		{BE0FD127-A9A9-4291-A5E0-71A45AC2FDBD}.Release|x86.ActiveCfg = Release|x86
		{BE0FD127-A9A9-4291-A5E0-71A45AC2FDBD}.Release|x86.Build.0 = Release|x86
		{115F2398-E0E0-4F79-854C-BBFC5DEB076F}.Debug|x86.ActiveCfg = Debug|x86
		{115F2398-E0E0-4F79-854C-BBFC5DEB076F}.Debug|x86.Build.0 = Debug|x86
		{115F2398-E0E0-4F79-854C-BBFC5DEB076F}.Release|x86.ActiveCfg = Release|x86
		{115F2398-E0E0-4F79-854C-BBFC5DEB076F}.Release|x86.Build.0 = Release|x86
		{7C72F5ED-C494-4B58-AA90-2B948D4CF1D7}.Debug|x86.ActiveCfg = Debug|x86
		{7C72F5ED-C494-4B58-AA90-2B948D4CF1D7}.Debug|x86.Build.0 = Debug|x86
		{7C72F5ED-C494-4B58-AA90-2B948D4CF1D7}.Release|x86.ActiveCfg = Release|x86
		{7C72F5ED-C494-4B58-AA90-2B948D4CF1D7}.Release|x86.Build.0 = Release|x86
		{2B06F76C-A8FE-4F0A-A312-B53055F9E77A}.Debug|x86.ActiveCfg = Debug|x86
		{2B06F76C-A8FE-4F0A-A312-B53055F9E77A}.Debug|x86.Build.0 = Debug|x86
		{2B06F76C-A8FE-4F0A-A312-B53055F9E77A}.Release|x86.ActiveCfg = Release|x86
		{2B06F76C-A8FE-4F0A-A312-B53055F9E77A}.Release|x86.Build.0 = Release|x86
		{FD174C01-3423-4604-A7FF-4348969D57CF}.Debug|x86.ActiveCfg = Debug|x86
		{FD174C01-3423-4604-A7FF-4348969D57CF}.Debug|x86.Build.0 = Debug|x86
		{FD174C01-3423-4604-A7FF-4348969D57CF}.Release|x86.ActiveCfg = Release|x86
		{FD174C01-3423-4604-A7FF-4348969D57CF}.Release|x86.Build.0 = Release|x86
		{7B102B6E-0873-45EE-85D7-BD37126EAE21}.Debug|x86.ActiveCfg = Debug|x86
		{7B102B6E-0873-45EE-85D7-BD37126EAE21}.Debug|x86.Build.0 = Debug|x86
		{7B102B6E-0873-45EE-85D7-BD37126EAE21}.Release|x86.ActiveCfg = Release|x86
		{7B102B6E-0873-45EE-85D7-BD37126EAE21}.Release|x86.Build.0 = Release|x86
		{03ED55AE-5526-4F37-B4D7-1498877CFB7F}.Debug|x86.ActiveCfg = Debug|x86
		{03ED55AE-5526-4F37-B4D7-1498877CFB7F}.Debug|x86.Build.0 = Debug|x86
		{03ED55AE-5526-4F37-B4D7-1498877CFB7F}.Release|x86.ActiveCfg = Release|x86
		{03ED55AE-5526-4F37-B4D7-1498877CFB7F}.Release|x86.Build.0 = Release|x86
		{F1D473DD-F831-4662-A3F9-EE5016D4C625}.Debug|x86.ActiveCfg = Debug|x86
		{F1D473DD-F831-4662-A3F9-EE5016D4C625}.Debug|x86.Build.0 = Debug|x86
		{F1D473DD-F831-4662-A3F9-EE5016D4C625}.Release|x86.ActiveCfg = Release|x86
		{F1D473DD-F831-4662-A3F9-EE5016D4C625}.Release|x86.Build.0 = Release|x86
		{0BC4E544-F1E7-48AC-869C-71312E31AC2D}.Debug|x86.ActiveCfg = Debug|x86
		{0BC4E544-F1E7-48AC-869C-71312E31AC2D}.Debug|x86.Build.0 = Debug|x86
		{0BC4E544-F1E7-48AC-869C-71312E31AC2D}.Release|x86.ActiveCfg = Release|x86
		{0BC4E544-F1E7-48AC-869C-71312E31AC2D}.Release|x86.Build.0 = Release|x86
		{5D1329ED-6B72-4B84-AF03-D59031DA2543}.Debug|x86.ActiveCfg = Debug|x86
		{5D1329ED-6B72-4B84-AF03-D59031DA2543}.Debug|x86.Build.0 = Debug|x86
		{5D1329ED-6B72-4B84-AF03-D59031DA2543}.Release|x86.ActiveCfg = Release|x86
		{5D1329ED-6B72-4B84-AF03-D59031DA2543}.Release|x86.Build.0 = Release|x86
		{1FF19F37-4C0C-440F-8E1F-3810611E7ACD}.Debug|x86.ActiveCfg = Debug|x86
		{1FF19F37-4C0C-440F-8E1F-3810611E7ACD}.Debug|x86.Build.0 = Debug|x86
		{1FF19F37-4C0C-440F-8E1F-3810611E7ACD}.Release|x86.ActiveCfg = Release|x86
		{1FF19F37-4C0C-440F-8E1F-3810611E7ACD}.Release|x86.Build.0 = Release|x86
		{A6A4782D-DD84-4C0C-9F6E-552EAEDDB797}.Debug|x86.ActiveCfg = Debug|x86
		{A6A4782D-DD84-4C0C-9F6E-552EAEDDB797}.Debug|x86.Build.0 = Debug|x86
		{A6A4782D-DD84-4C0C-9F6E-552EAEDDB797}.Release|x86.ActiveCfg = Release|x86
		{A6A4782D-DD84-4C0C-9F6E-552EAEDDB797}.Release|x86.Build.0 = Release|x86
		{E5D87C50-783C-4516-84A9-CF1D37894C9C}.Debug|x86.ActiveCfg = Debug|x86
		{E5D87C50-783C-4516-84A9-CF1D37894C9C}.Debug|x86.Build.0 = Debug|x86
		{E5D87C50-783C-4516-84A9-CF1D37894C9C}.Release|x86.ActiveCfg = Release|x86
		{E5D87C50-783C-4516-84A9-CF1D37894C9C}.Release|x86.Build.0 = Release|x86
		{4DCB81E4-7B19-43D5-BEFC-351706003550}.Debug|x86.ActiveCfg = Debug|x86
		{4DCB81E4-7B19-43D5-BEFC-351706003550}.Debug|x86.Build.0 = Debug|x86
		{4DCB81E4-7B19-43D5-BEFC-351706003550}.Release|x86.ActiveCfg = Release|x86
		{4DCB81E4-7B19-43D5-BEFC-351706003550}.Release|x86.Build.0 = Release|x86
		{67EAEC89-7919-4CE5-819C-97AF6B618232}.Debug|x86.ActiveCfg = Debug|x86
		{67EAEC89-7919-4CE5-819C-97AF6B618232}.Debug|x86.Build.0 = Debug|x86
		{67EAEC89-7919-4CE5-819C-97AF6B618232}.Release|x86.ActiveCfg = Release|x86
		{67EAEC89-7919-4CE5-819C-97AF6B618232}.Release|x86.Build.0 = Release|x86
		{B8226A6F-E8BE-41B3-8509-0FD128B16574}.Debug|x86.ActiveCfg = Debug|x86
		{B8226A6F-E8BE-41B3-8509-0FD128B16574}.Debug|x86.Build.0 = Debug|x86
		{B8226A6F-E8BE-41B3-8509-0FD128B16574}.Release|x86.ActiveCfg = Release|x86
		{B8226A6F-E8BE-41B3-8509-0FD128B16574}.Release|x86.Build.0 = Release|x86
		{45767519-3EC2-4143-B0CC-252033363D35}.Debug|x86.ActiveCfg = Debug|x86
		{45767519-3EC2-4143-B0CC-252033363D35}.Debug|x86.Build.0 = Debug|x86
		{45767519-3EC2-4143-B0CC-252033363D35}.Release|x86.ActiveCfg = Release|x86
		{45767519-3EC2-4143-B0CC-252033363D35}.Release|x86.Build.0 = Release|x86
		{5669E7C8-72A2-47D5-BEBE-C4DCD8099F59}.Debug|x86.ActiveCfg = Debug|x86
		{5669E7C8-72A2-47D5-BEBE-C4DCD8099F59}.Debug|x86.Build.0 = Debug|x86
		{5669E7C8-72A2-47D5-BEBE-C4DCD8099F59}.Release|x86.ActiveCfg = Release|x86
		{5669E7C8-72A2-47D5-BEBE-C4DCD8099F59}.Release|x86.Build.0 = Release|x86
		{84F5D8D3-FC70-40C0-9116-5621035F77B5}.Debug|x86.ActiveCfg = Debug|x86
		{84F5D8D3-FC70-40C0-9116-5621035F77B5}.Debug|x86.Build.0 = Debug|x86
		{84F5D8D3-FC70-40C0-9116-5621035F77B5}.Release|x86.ActiveCfg = Release|x86
		{84F5D8D3-FC70-40C0-9116-5621035F77B5}.Release|x86.Build.0 = Release|x86
		{67EAEC89-7919-4CE5-819C-97AF6B617823}.Debug|x86.ActiveCfg = Debug|x86
		{67EAEC89-7919-4CE5-819C-97AF6B617823}.Debug|x86.Build.0 = Debug|x86
		{67EAEC89-7919-4CE5-819C-97AF6B617823}.Release|x86.ActiveCfg = Release|x86
		{67EAEC89-7919-4CE5-819C-97AF6B617823}.Release|x86.Build.0 = Release|x86
		{97DF12C5-27C0-446C-AF5F-7C592977F1AE}.Debug|x86.ActiveCfg = Debug|x86
		{97DF12C5-27C0-446C-AF5F-7C592977F1AE}.Debug|x86.Build.0 = Debug|x86
		{97DF12C5-27C0-446C-AF5F-7C592977F1AE}.Release|x86.ActiveCfg = Release|x86
		{97DF12C5-27C0-446C-AF5F-7C592977F1AE}.Release|x86.Build.0 = Release|x86
		{5EB278CF-DB6B-49BB-8200-4665043831A3}.Debug|x86.Build.0 = Debug|x86
		{5EB278CF-DB6B-49BB-8200-4665043831A3}.Debug|x86.ActiveCfg = Debug|x86
		{5EB278CF-DB6B-49BB-8200-4665043831A3}.Release|x86.Build.0 = Release|x86
		{5EB278CF-DB6B-49BB-8200-4665043831A3}.Release|x86.ActiveCfg = Release|x86
		{AFEFBB50-D2A7-4CA2-A513-1FDA1F3156C6}.Debug|x86.Build.0 = Debug|x86
		{AFEFBB50-D2A7-4CA2-A513-1FDA1F3156C6}.Debug|x86.ActiveCfg = Debug|x86
		{AFEFBB50-D2A7-4CA2-A513-1FDA1F3156C6}.Release|x86.Build.0 = Release|x86
		{AFEFBB50-D2A7-4CA2-A513-1FDA1F3156C6}.Release|x86.ActiveCfg = Release|x86
		{11E82D0E-6AC3-4D48-A584-A36B5208B496}.Debug|x86.Build.0 = Debug|x86
		{11E82D0E-6AC3-4D48-A584-A36B5208B496}.Debug|x86.ActiveCfg = Debug|x86
		{11E82D0E-6AC3-4D48-A584-A36B5208B496}.Release|x86.Build.0 = Release|x86
		{11E82D0E-6AC3-4D48-A584-A36B5208B496}.Release|x86.ActiveCfg = Release|x86
		{43974592-6DD9-4DB8-BFCD-794BB16474D5}.Debug|x86.Build.0 = Debug|x86
		{43974592-6DD9-4DB8-BFCD-794BB16474D5}.Debug|x86.ActiveCfg = Debug|x86
		{43974592-6DD9-4DB8-BFCD-794BB16474D5}.Release|x86.Build.0 = Release|x86
		{43974592-6DD9-4DB8-BFCD-794BB16474D5}.Release|x86.ActiveCfg = Release|x86
		{6870213C-A7D8-4B1A-A398-C18C0363A391}.Debug|x86.Build.0 = Debug|x86
		{6870213C-A7D8-4B1A-A398-C18C0363A391}.Debug|x86.ActiveCfg = Debug|x86
		{6870213C-A7D8-4B1A-A398-C18C0363A391}.Release|x86.Build.0 = Release|x86
		{6870213C-A7D8-4B1A-A398-C18C0363A391}.Release|x86.ActiveCfg = Release|x86
		{0CEEC712-549F-4EF5-8C41-20B1A0C386DA}.Debug|x86.Build.0 = Debug|x86
		{0CEEC712-549F-4EF5-8C41-20B1A0C386DA}.Debug|x86.ActiveCfg = Debug|x86
		{0CEEC712-549F-4EF5-8C41-20B1A0C386DA}.Release|x86.Build.0 = Release|x86
		{0CEEC712-549F-4EF5-8C41-20B1A0C386DA}.Release|x86.ActiveCfg = Release|x86
		{915250E9-F8AE-4694-8989-3F14165C27DC}.Debug|x86.Build.0 = Debug|x86
		{915250E9-F8AE-4694-8989-3F14165C27DC}.Debug|x86.ActiveCfg = Debug|x86
		{915250E9-F8AE-4694-8989-3F14165C27DC}.Release|x86.Build.0 = Release|x86
		{915250E9-F8AE-4694-8989-3F14165C27DC}.Release|x86.ActiveCfg = Release|x86
		{B2C1226E-B8B1-44E5-9BBB-D8C4CB620B00}.Debug|x86.Build.0 = Debug|x86
		{B2C1226E-B8B1-44E5-9BBB-D8C4CB620B00}.Debug|x86.ActiveCfg = Debug|x86
		{B2C1226E-B8B1-44E5-9BBB-D8C4CB620B00}.Release|x86.Build.0 = Release|x86
		{B2C1226E-B8B1-44E5-9BBB-D8C4CB620B00}.Release|x86.ActiveCfg = Release|x86
		{E75DB8DE-251F-406E-8026-0737C57E4F5C}.Debug|x86.Build.0 = Debug|x86
		{E75DB8DE-251F-406E-8026-0737C57E4F5C}.Debug|x86.ActiveCfg = Debug|x86
		{E75DB8DE-251F-406E-8026-0737C57E4F5C}.Release|x86.Build.0 = Release|x86
		{E75DB8DE-251F-406E-8026-0737C57E4F5C}.Release|x86.ActiveCfg = Release|x86
		{34FF59D0-55BE-408F-9849-7177F88C08E5}.Debug|x86.Build.0 = Debug|x86
		{34FF59D0-55BE-408F-9849-7177F88C08E5}.Debug|x86.ActiveCfg = Debug|x86
		{34FF59D0-55BE-408F-9849-7177F88C08E5}.Release|x86.Build.0 = Release|x86
		{34FF59D0-55BE-408F-9849-7177F88C08E5}.Release|x86.ActiveCfg = Release|x86
		{99EB38F7-5CF9-48DE-B944-D2A9B60DACF5}.Debug|x86.Build.0 = Debug|x86
		{99EB38F7-5CF9-48DE-B944-D2A9B60DACF5}.Debug|x86.ActiveCfg = Debug|x86
		{99EB38F7-5CF9-48DE-B944-D2A9B60DACF5}.Release|x86.Build.0 = Release|x86
		{99EB38F7-5CF9-48DE-B944-D2A9B60DACF5}.Release|x86.ActiveCfg = Release|x86
		{CF799F57-0C78-4FAB-B9FE-985D6EB184D3}.Debug|x86.Build.0 = Debug|x86
		{CF799F57-0C78-4FAB-B9FE-985D6EB184D3}.Debug|x86.ActiveCfg = Debug|x86
		{CF799F57-0C78-4FAB-B9FE-985D6EB184D3}.Release|x86.Build.0 = Release|x86
		{CF799F57-0C78-4FAB-B9FE-985D6EB184D3}.Release|x86.ActiveCfg = Release|x86
		{F597DDD3-2705-40EE-9721-D082D3EFB7AE}.Debug|x86.Build.0 = Debug|x86
		{F597DDD3-2705-40EE-9721-D082D3EFB7AE}.Debug|x86.ActiveCfg = Debug|x86
		{F597DDD3-2705-40EE-9721-D082D3EFB7AE}.Release|x86.Build.0 = Release|x86
		{F597DDD3-2705-40EE-9721-D082D3EFB7AE}.Release|x86.ActiveCfg = Release|x86
		{8392E7BD-7533-4C34-BFFC-30C310DEE447}.Debug|x86.Build.0 = Debug|x86
		{8392E7BD-7533-4C34-BFFC-30C310DEE447}.Debug|x86.ActiveCfg = Debug|x86
		{8392E7BD-7533-4C34-BFFC-30C310DEE447}.Release|x86.Build.0 = Release|x86
		{8392E7BD-7533-4C34-BFFC-30C310DEE447}.Release|x86.ActiveCfg = Release|x86
		{BAA2B5EE-C149-483D-89E2-95ACBEFB20DE}.Debug|x86.Build.0 = Debug|x86
		{BAA2B5EE-C149-483D-89E2-95ACBEFB20DE}.Debug|x86.ActiveCfg = Debug|x86
		{BAA2B5EE-C149-483D-89E2-95ACBEFB20DE}.Release|x86.Build.0 = Release|x86
		{BAA2B5EE-C149-483D-89E2-95ACBEFB20DE}.Release|x86.ActiveCfg = Release|x86
	EndGlobalSection
EndGlobal
