
Microsoft Visual Studio Solution File, Format Version 9.00
# Visual Studio 2005
# SharpDevelop 3.2.0.5505
Project("{FAE04EC0-301F-11D3-BF4B-00C04F79EFBC}") = "Plugin.BankImportFromCSV", "Petra\ClientPlugins\BankStatementImport\BankImportFromCSV\Plugin.BankImportFromCSV.csproj", "{03E9A468-DC24-4CC4-8108-751F0530299A}"
EndProject
Project("{FAE04EC0-301F-11D3-BF4B-00C04F79EFBC}") = "Plugin.BankImportFromMT940", "Petra\ClientPlugins\BankStatementImport\BankImportFromMT940\Plugin.BankImportFromMT940.csproj", "{03E9A468-DC24-4CC4-8108-751F05306798}"
EndProject
Global
	GlobalSection(SolutionConfigurationPlatforms) = preSolution
		Debug|Any CPU = Debug|Any CPU
		Release|Any CPU = Release|Any CPU
	EndGlobalSection
	GlobalSection(ProjectConfigurationPlatforms) = postSolution
		{03E9A468-DC24-4CC4-8108-751F0530299A}.Debug|Any CPU.ActiveCfg = Debug|Any CPU
		{03E9A468-DC24-4CC4-8108-751F0530299A}.Debug|Any CPU.Build.0 = Debug|Any CPU
		{03E9A468-DC24-4CC4-8108-751F0530299A}.Release|Any CPU.ActiveCfg = Release|Any CPU
		{03E9A468-DC24-4CC4-8108-751F0530299A}.Release|Any CPU.Build.0 = Release|Any CPU
		{03E9A468-DC24-4CC4-8108-751F05306798}.Debug|Any CPU.ActiveCfg = Debug|Any CPU
		{03E9A468-DC24-4CC4-8108-751F05306798}.Debug|Any CPU.Build.0 = Debug|Any CPU
		{03E9A468-DC24-4CC4-8108-751F05306798}.Release|Any CPU.ActiveCfg = Release|Any CPU
		{03E9A468-DC24-4CC4-8108-751F05306798}.Release|Any CPU.Build.0 = Release|Any CPU
	EndGlobalSection
EndGlobal
