
Microsoft Visual Studio Solution File, Format Version 9.00
# Visual Studio 2005
# SharpDevelop 2.2.1.2648
Project("{FAE04EC0-301F-11D3-BF4B-00C04F79EFBC}") = "Ict.Petra.Client.App.Core", "Petra/Client/app/Core/Ict.Petra.Client.App.Core.csproj", "{69E21FFC-F815-451A-96BB-66499CDDEB6E}"
EndProject
Project("{FAE04EC0-301F-11D3-BF4B-00C04F79EFBC}") = "Ict.Petra.Client.App.Core.RemoteObjects", "Petra/Client/app/Core/Ict.Petra.Client.App.Core.RemoteObjects.csproj", "{A3E8D62A-D07D-44D9-A286-68220B3AA94F}"
EndProject
Project("{FAE04EC0-301F-11D3-BF4B-00C04F79EFBC}") = "Ict.Petra.Client.MSysMan.Gtk", "Petra/Client/lib/MSysMan/gtk/Ict.Petra.Client.MSysMan.Gtk.csproj", "{E021B0E8-C7D2-4432-B0DE-2DF7A9C11686}"
EndProject
Project("{FAE04EC0-301F-11D3-BF4B-00C04F79EFBC}") = "Ict.Petra.Client.CommonDialogs.Gtk", "Petra/Client/CommonDialogs/gtk/Ict.Petra.Client.CommonDialogs.Gtk.csproj", "{B6AE069B-4A75-43F3-A33D-73980B1FB9F2}"
EndProject
Project("{FAE04EC0-301F-11D3-BF4B-00C04F79EFBC}") = "PetraClientGtk", "Petra/Client/app/PetraClientGtk/PetraClientGtk.csproj", "{8B8EEEE1-C72B-48AD-9BD6-D79DC83D68D8}"
EndProject
Global
	GlobalSection(SolutionConfigurationPlatforms) = preSolution
		Debug|x86 = Debug|x86
		Release|x86 = Release|x86
	EndGlobalSection
	GlobalSection(ProjectConfigurationPlatforms) = postSolution
		{69E21FFC-F815-451A-96BB-66499CDDEB6E}.Debug|x86.Build.0 = Debug|x86
		{69E21FFC-F815-451A-96BB-66499CDDEB6E}.Debug|x86.ActiveCfg = Debug|x86
		{69E21FFC-F815-451A-96BB-66499CDDEB6E}.Release|x86.Build.0 = Release|x86
		{69E21FFC-F815-451A-96BB-66499CDDEB6E}.Release|x86.ActiveCfg = Release|x86
		{A3E8D62A-D07D-44D9-A286-68220B3AA94F}.Debug|x86.Build.0 = Debug|x86
		{A3E8D62A-D07D-44D9-A286-68220B3AA94F}.Debug|x86.ActiveCfg = Debug|x86
		{A3E8D62A-D07D-44D9-A286-68220B3AA94F}.Release|x86.Build.0 = Release|x86
		{A3E8D62A-D07D-44D9-A286-68220B3AA94F}.Release|x86.ActiveCfg = Release|x86
		{1CAAD682-411C-4BF2-9BCF-5DEFDB58F17E}.Debug|x86.Build.0 = Debug|x86
		{1CAAD682-411C-4BF2-9BCF-5DEFDB58F17E}.Debug|x86.ActiveCfg = Debug|x86
		{1CAAD682-411C-4BF2-9BCF-5DEFDB58F17E}.Release|x86.Build.0 = Release|x86
		{1CAAD682-411C-4BF2-9BCF-5DEFDB58F17E}.Release|x86.ActiveCfg = Release|x86
		{0A7B79E4-EF3D-429B-88BE-D509C481B4CA}.Debug|x86.Build.0 = Debug|x86
		{0A7B79E4-EF3D-429B-88BE-D509C481B4CA}.Debug|x86.ActiveCfg = Debug|x86
		{0A7B79E4-EF3D-429B-88BE-D509C481B4CA}.Release|x86.Build.0 = Release|x86
		{0A7B79E4-EF3D-429B-88BE-D509C481B4CA}.Release|x86.ActiveCfg = Release|x86
		{E02B53EA-581D-4BB0-ABEC-1CEA958FADBD}.Debug|x86.Build.0 = Debug|x86
		{E02B53EA-581D-4BB0-ABEC-1CEA958FADBD}.Debug|x86.ActiveCfg = Debug|x86
		{E02B53EA-581D-4BB0-ABEC-1CEA958FADBD}.Release|x86.Build.0 = Release|x86
		{E02B53EA-581D-4BB0-ABEC-1CEA958FADBD}.Release|x86.ActiveCfg = Release|x86
		{5FDB5391-1A87-4ECC-8BA3-67F9E23B5B05}.Debug|x86.Build.0 = Debug|x86
		{5FDB5391-1A87-4ECC-8BA3-67F9E23B5B05}.Debug|x86.ActiveCfg = Debug|x86
		{5FDB5391-1A87-4ECC-8BA3-67F9E23B5B05}.Release|x86.Build.0 = Release|x86
		{5FDB5391-1A87-4ECC-8BA3-67F9E23B5B05}.Release|x86.ActiveCfg = Release|x86
		{66AFF292-B0FB-4AC0-B227-C078166A276F}.Debug|x86.Build.0 = Debug|x86
		{66AFF292-B0FB-4AC0-B227-C078166A276F}.Debug|x86.ActiveCfg = Debug|x86
		{66AFF292-B0FB-4AC0-B227-C078166A276F}.Release|x86.Build.0 = Release|x86
		{66AFF292-B0FB-4AC0-B227-C078166A276F}.Release|x86.ActiveCfg = Release|x86
		{C7A6ED33-7667-4025-8967-405F2AF709E2}.Debug|x86.Build.0 = Debug|x86
		{C7A6ED33-7667-4025-8967-405F2AF709E2}.Debug|x86.ActiveCfg = Debug|x86
		{C7A6ED33-7667-4025-8967-405F2AF709E2}.Release|x86.Build.0 = Release|x86
		{C7A6ED33-7667-4025-8967-405F2AF709E2}.Release|x86.ActiveCfg = Release|x86
		{7B60080C-8AAB-40DF-BEA0-9E0FFDA1682A}.Debug|x86.Build.0 = Debug|x86
		{7B60080C-8AAB-40DF-BEA0-9E0FFDA1682A}.Debug|x86.ActiveCfg = Debug|x86
		{7B60080C-8AAB-40DF-BEA0-9E0FFDA1682A}.Release|x86.Build.0 = Release|x86
		{7B60080C-8AAB-40DF-BEA0-9E0FFDA1682A}.Release|x86.ActiveCfg = Release|x86
		{9C390E8C-96A7-41EF-8EF9-4B7253325CBD}.Debug|x86.Build.0 = Debug|x86
		{9C390E8C-96A7-41EF-8EF9-4B7253325CBD}.Debug|x86.ActiveCfg = Debug|x86
		{9C390E8C-96A7-41EF-8EF9-4B7253325CBD}.Release|x86.Build.0 = Release|x86
		{9C390E8C-96A7-41EF-8EF9-4B7253325CBD}.Release|x86.ActiveCfg = Release|x86
		{91C9A2AC-2637-4427-9918-10963B859347}.Debug|x86.Build.0 = Debug|x86
		{91C9A2AC-2637-4427-9918-10963B859347}.Debug|x86.ActiveCfg = Debug|x86
		{91C9A2AC-2637-4427-9918-10963B859347}.Release|x86.Build.0 = Release|x86
		{91C9A2AC-2637-4427-9918-10963B859347}.Release|x86.ActiveCfg = Release|x86
		{6E9F60AB-49F3-45E3-9080-705B4E42B62B}.Debug|x86.Build.0 = Debug|x86
		{6E9F60AB-49F3-45E3-9080-705B4E42B62B}.Debug|x86.ActiveCfg = Debug|x86
		{6E9F60AB-49F3-45E3-9080-705B4E42B62B}.Release|x86.Build.0 = Release|x86
		{6E9F60AB-49F3-45E3-9080-705B4E42B62B}.Release|x86.ActiveCfg = Release|x86
		{C87922D0-2EFE-472A-8349-8B6E71AA28C4}.Debug|x86.Build.0 = Debug|x86
		{C87922D0-2EFE-472A-8349-8B6E71AA28C4}.Debug|x86.ActiveCfg = Debug|x86
		{C87922D0-2EFE-472A-8349-8B6E71AA28C4}.Release|x86.Build.0 = Release|x86
		{C87922D0-2EFE-472A-8349-8B6E71AA28C4}.Release|x86.ActiveCfg = Release|x86
		{5367C24E-CF9E-4352-B143-023F61B8D164}.Debug|x86.Build.0 = Debug|x86
		{5367C24E-CF9E-4352-B143-023F61B8D164}.Debug|x86.ActiveCfg = Debug|x86
		{5367C24E-CF9E-4352-B143-023F61B8D164}.Release|x86.Build.0 = Release|x86
		{5367C24E-CF9E-4352-B143-023F61B8D164}.Release|x86.ActiveCfg = Release|x86
		{0FCB795F-3615-45BF-B544-89A1CEE79CED}.Debug|x86.Build.0 = Debug|x86
		{0FCB795F-3615-45BF-B544-89A1CEE79CED}.Debug|x86.ActiveCfg = Debug|x86
		{0FCB795F-3615-45BF-B544-89A1CEE79CED}.Release|x86.Build.0 = Release|x86
		{0FCB795F-3615-45BF-B544-89A1CEE79CED}.Release|x86.ActiveCfg = Release|x86
		{F368ADFE-86EB-423B-BDE5-B55DB0E4163D}.Debug|x86.Build.0 = Debug|x86
		{F368ADFE-86EB-423B-BDE5-B55DB0E4163D}.Debug|x86.ActiveCfg = Debug|x86
		{F368ADFE-86EB-423B-BDE5-B55DB0E4163D}.Release|x86.Build.0 = Release|x86
		{F368ADFE-86EB-423B-BDE5-B55DB0E4163D}.Release|x86.ActiveCfg = Release|x86
		{8F292DAA-ABA1-46FF-8065-97893537AD65}.Debug|x86.Build.0 = Debug|x86
		{8F292DAA-ABA1-46FF-8065-97893537AD65}.Debug|x86.ActiveCfg = Debug|x86
		{8F292DAA-ABA1-46FF-8065-97893537AD65}.Release|x86.Build.0 = Release|x86
		{8F292DAA-ABA1-46FF-8065-97893537AD65}.Release|x86.ActiveCfg = Release|x86
		{E143E94A-1EDA-46E9-9767-F593014F5FCE}.Debug|x86.Build.0 = Debug|x86
		{E143E94A-1EDA-46E9-9767-F593014F5FCE}.Debug|x86.ActiveCfg = Debug|x86
		{E143E94A-1EDA-46E9-9767-F593014F5FCE}.Release|x86.Build.0 = Release|x86
		{E143E94A-1EDA-46E9-9767-F593014F5FCE}.Release|x86.ActiveCfg = Release|x86
		{6950BCD2-8753-44D8-A2EA-EB58AD3316BE}.Debug|x86.Build.0 = Debug|x86
		{6950BCD2-8753-44D8-A2EA-EB58AD3316BE}.Debug|x86.ActiveCfg = Debug|x86
		{6950BCD2-8753-44D8-A2EA-EB58AD3316BE}.Release|x86.Build.0 = Release|x86
		{6950BCD2-8753-44D8-A2EA-EB58AD3316BE}.Release|x86.ActiveCfg = Release|x86
		{7988375C-A287-4C12-8D14-662FDEAAB01B}.Debug|x86.Build.0 = Debug|x86
		{7988375C-A287-4C12-8D14-662FDEAAB01B}.Debug|x86.ActiveCfg = Debug|x86
		{7988375C-A287-4C12-8D14-662FDEAAB01B}.Release|x86.Build.0 = Release|x86
		{7988375C-A287-4C12-8D14-662FDEAAB01B}.Release|x86.ActiveCfg = Release|x86
		{290BAEB9-98D2-4CFE-A7A9-299A24E0D488}.Debug|x86.Build.0 = Debug|x86
		{290BAEB9-98D2-4CFE-A7A9-299A24E0D488}.Debug|x86.ActiveCfg = Debug|x86
		{290BAEB9-98D2-4CFE-A7A9-299A24E0D488}.Release|x86.Build.0 = Release|x86
		{290BAEB9-98D2-4CFE-A7A9-299A24E0D488}.Release|x86.ActiveCfg = Release|x86
		{E3A79C38-6C9D-4F2F-B4C6-4A21D2148A72}.Debug|x86.Build.0 = Debug|x86
		{E3A79C38-6C9D-4F2F-B4C6-4A21D2148A72}.Debug|x86.ActiveCfg = Debug|x86
		{E3A79C38-6C9D-4F2F-B4C6-4A21D2148A72}.Release|x86.Build.0 = Release|x86
		{E3A79C38-6C9D-4F2F-B4C6-4A21D2148A72}.Release|x86.ActiveCfg = Release|x86
		{00790618-DD15-4366-8561-D74961116A74}.Debug|x86.Build.0 = Debug|x86
		{00790618-DD15-4366-8561-D74961116A74}.Debug|x86.ActiveCfg = Debug|x86
		{00790618-DD15-4366-8561-D74961116A74}.Release|x86.Build.0 = Release|x86
		{00790618-DD15-4366-8561-D74961116A74}.Release|x86.ActiveCfg = Release|x86
		{30E17ACF-D9A7-43D0-9B17-5DA246127E28}.Debug|x86.Build.0 = Debug|x86
		{30E17ACF-D9A7-43D0-9B17-5DA246127E28}.Debug|x86.ActiveCfg = Debug|x86
		{30E17ACF-D9A7-43D0-9B17-5DA246127E28}.Release|x86.Build.0 = Release|x86
		{30E17ACF-D9A7-43D0-9B17-5DA246127E28}.Release|x86.ActiveCfg = Release|x86
		{538090B6-3B1E-4894-AAB9-B9AF05703C36}.Debug|x86.Build.0 = Debug|x86
		{538090B6-3B1E-4894-AAB9-B9AF05703C36}.Debug|x86.ActiveCfg = Debug|x86
		{538090B6-3B1E-4894-AAB9-B9AF05703C36}.Release|x86.Build.0 = Release|x86
		{538090B6-3B1E-4894-AAB9-B9AF05703C36}.Release|x86.ActiveCfg = Release|x86
		{205B9D51-DFC7-4C62-8C2B-269E2882B300}.Debug|x86.Build.0 = Debug|x86
		{205B9D51-DFC7-4C62-8C2B-269E2882B300}.Debug|x86.ActiveCfg = Debug|x86
		{205B9D51-DFC7-4C62-8C2B-269E2882B300}.Release|x86.Build.0 = Release|x86
		{205B9D51-DFC7-4C62-8C2B-269E2882B300}.Release|x86.ActiveCfg = Release|x86
		{84426CB5-8DE9-4968-99C7-402D73E22699}.Debug|x86.Build.0 = Debug|x86
		{84426CB5-8DE9-4968-99C7-402D73E22699}.Debug|x86.ActiveCfg = Debug|x86
		{84426CB5-8DE9-4968-99C7-402D73E22699}.Release|x86.Build.0 = Release|x86
		{84426CB5-8DE9-4968-99C7-402D73E22699}.Release|x86.ActiveCfg = Release|x86
		{8D4B2944-38F1-4732-8329-6DF29CFC304D}.Debug|x86.Build.0 = Debug|x86
		{8D4B2944-38F1-4732-8329-6DF29CFC304D}.Debug|x86.ActiveCfg = Debug|x86
		{8D4B2944-38F1-4732-8329-6DF29CFC304D}.Release|x86.Build.0 = Release|x86
		{8D4B2944-38F1-4732-8329-6DF29CFC304D}.Release|x86.ActiveCfg = Release|x86
		{8B8EEEE1-C72B-48AD-9BD6-D79DC83D68D8}.Debug|x86.Build.0 = Debug|x86
		{8B8EEEE1-C72B-48AD-9BD6-D79DC83D68D8}.Debug|x86.ActiveCfg = Debug|x86
		{8B8EEEE1-C72B-48AD-9BD6-D79DC83D68D8}.Release|x86.Build.0 = Release|x86
		{8B8EEEE1-C72B-48AD-9BD6-D79DC83D68D8}.Release|x86.ActiveCfg = Release|x86
		{749C732E-1BAD-47EF-81FF-280B058F0FB4}.Debug|x86.Build.0 = Debug|x86
		{749C732E-1BAD-47EF-81FF-280B058F0FB4}.Debug|x86.ActiveCfg = Debug|x86
		{749C732E-1BAD-47EF-81FF-280B058F0FB4}.Release|x86.Build.0 = Release|x86
		{749C732E-1BAD-47EF-81FF-280B058F0FB4}.Release|x86.ActiveCfg = Release|x86
		{DD3CEDBF-35CC-4C8D-A3A6-EB0704B81864}.Debug|x86.Build.0 = Debug|x86
		{DD3CEDBF-35CC-4C8D-A3A6-EB0704B81864}.Debug|x86.ActiveCfg = Debug|x86
		{DD3CEDBF-35CC-4C8D-A3A6-EB0704B81864}.Release|x86.Build.0 = Release|x86
		{DD3CEDBF-35CC-4C8D-A3A6-EB0704B81864}.Release|x86.ActiveCfg = Release|x86
		{FA25584B-875E-4AF8-8D68-2795E297F555}.Debug|x86.Build.0 = Debug|x86
		{FA25584B-875E-4AF8-8D68-2795E297F555}.Debug|x86.ActiveCfg = Debug|x86
		{FA25584B-875E-4AF8-8D68-2795E297F555}.Release|x86.Build.0 = Release|x86
		{FA25584B-875E-4AF8-8D68-2795E297F555}.Release|x86.ActiveCfg = Release|x86
		{7D0C065B-C154-48C1-8456-EDE8C34B5DEE}.Debug|x86.Build.0 = Debug|x86
		{7D0C065B-C154-48C1-8456-EDE8C34B5DEE}.Debug|x86.ActiveCfg = Debug|x86
		{7D0C065B-C154-48C1-8456-EDE8C34B5DEE}.Release|x86.Build.0 = Release|x86
		{7D0C065B-C154-48C1-8456-EDE8C34B5DEE}.Release|x86.ActiveCfg = Release|x86
		{72995370-C4DF-402F-B836-4D28E74774A1}.Debug|x86.Build.0 = Debug|x86
		{72995370-C4DF-402F-B836-4D28E74774A1}.Debug|x86.ActiveCfg = Debug|x86
		{72995370-C4DF-402F-B836-4D28E74774A1}.Release|x86.Build.0 = Release|x86
		{72995370-C4DF-402F-B836-4D28E74774A1}.Release|x86.ActiveCfg = Release|x86
		{0D57BFE0-6853-4431-B518-ACBF38A43EC9}.Debug|x86.Build.0 = Debug|x86
		{0D57BFE0-6853-4431-B518-ACBF38A43EC9}.Debug|x86.ActiveCfg = Debug|x86
		{0D57BFE0-6853-4431-B518-ACBF38A43EC9}.Release|x86.Build.0 = Release|x86
		{0D57BFE0-6853-4431-B518-ACBF38A43EC9}.Release|x86.ActiveCfg = Release|x86
		{FD01D89F-43A0-4EE1-808C-19911EA37871}.Debug|x86.Build.0 = Debug|x86
		{FD01D89F-43A0-4EE1-808C-19911EA37871}.Debug|x86.ActiveCfg = Debug|x86
		{FD01D89F-43A0-4EE1-808C-19911EA37871}.Release|x86.Build.0 = Release|x86
		{FD01D89F-43A0-4EE1-808C-19911EA37871}.Release|x86.ActiveCfg = Release|x86
		{5A83AB93-5A43-4FF9-80EB-610D95DEE779}.Debug|x86.Build.0 = Debug|x86
		{5A83AB93-5A43-4FF9-80EB-610D95DEE779}.Debug|x86.ActiveCfg = Debug|x86
		{5A83AB93-5A43-4FF9-80EB-610D95DEE779}.Release|x86.Build.0 = Release|x86
		{5A83AB93-5A43-4FF9-80EB-610D95DEE779}.Release|x86.ActiveCfg = Release|x86
		{CDDA5478-D31A-476E-8E3C-1AE4A273A49A}.Debug|x86.Build.0 = Debug|x86
		{CDDA5478-D31A-476E-8E3C-1AE4A273A49A}.Debug|x86.ActiveCfg = Debug|x86
		{CDDA5478-D31A-476E-8E3C-1AE4A273A49A}.Release|x86.Build.0 = Release|x86
		{CDDA5478-D31A-476E-8E3C-1AE4A273A49A}.Release|x86.ActiveCfg = Release|x86
		{2D5B3119-E2F0-493B-A224-006E7773956A}.Debug|x86.Build.0 = Debug|x86
		{2D5B3119-E2F0-493B-A224-006E7773956A}.Debug|x86.ActiveCfg = Debug|x86
		{2D5B3119-E2F0-493B-A224-006E7773956A}.Release|x86.Build.0 = Release|x86
		{2D5B3119-E2F0-493B-A224-006E7773956A}.Release|x86.ActiveCfg = Release|x86
		{7A653A24-2A36-446C-889F-3F7F043FC67D}.Debug|x86.Build.0 = Debug|x86
		{7A653A24-2A36-446C-889F-3F7F043FC67D}.Debug|x86.ActiveCfg = Debug|x86
		{7A653A24-2A36-446C-889F-3F7F043FC67D}.Release|x86.Build.0 = Release|x86
		{7A653A24-2A36-446C-889F-3F7F043FC67D}.Release|x86.ActiveCfg = Release|x86
		{169594DC-4D07-4253-8D0B-B0068334E9AB}.Debug|x86.Build.0 = Debug|x86
		{169594DC-4D07-4253-8D0B-B0068334E9AB}.Debug|x86.ActiveCfg = Debug|x86
		{169594DC-4D07-4253-8D0B-B0068334E9AB}.Release|x86.Build.0 = Release|x86
		{169594DC-4D07-4253-8D0B-B0068334E9AB}.Release|x86.ActiveCfg = Release|x86
		{1A16687F-8370-4F9D-94D3-07DD49430746}.Debug|x86.Build.0 = Debug|x86
		{1A16687F-8370-4F9D-94D3-07DD49430746}.Debug|x86.ActiveCfg = Debug|x86
		{1A16687F-8370-4F9D-94D3-07DD49430746}.Release|x86.Build.0 = Release|x86
		{1A16687F-8370-4F9D-94D3-07DD49430746}.Release|x86.ActiveCfg = Release|x86
		{79AE2DDC-A372-42D3-AD2F-0C4D47F2C65F}.Debug|x86.Build.0 = Debug|x86
		{79AE2DDC-A372-42D3-AD2F-0C4D47F2C65F}.Debug|x86.ActiveCfg = Debug|x86
		{79AE2DDC-A372-42D3-AD2F-0C4D47F2C65F}.Release|x86.Build.0 = Release|x86
		{79AE2DDC-A372-42D3-AD2F-0C4D47F2C65F}.Release|x86.ActiveCfg = Release|x86
		{C1D56F43-5520-4B2A-824C-4876D6FAFBA5}.Debug|x86.Build.0 = Debug|x86
		{C1D56F43-5520-4B2A-824C-4876D6FAFBA5}.Debug|x86.ActiveCfg = Debug|x86
		{C1D56F43-5520-4B2A-824C-4876D6FAFBA5}.Release|x86.Build.0 = Release|x86
		{C1D56F43-5520-4B2A-824C-4876D6FAFBA5}.Release|x86.ActiveCfg = Release|x86
		{41F12797-99D8-470E-B4FD-990DD3333D2F}.Debug|x86.Build.0 = Debug|x86
		{41F12797-99D8-470E-B4FD-990DD3333D2F}.Debug|x86.ActiveCfg = Debug|x86
		{41F12797-99D8-470E-B4FD-990DD3333D2F}.Release|x86.Build.0 = Release|x86
		{41F12797-99D8-470E-B4FD-990DD3333D2F}.Release|x86.ActiveCfg = Release|x86
		{E021B0E8-C7D2-4432-B0DE-2DF7A9C11686}.Debug|x86.Build.0 = Debug|x86
		{E021B0E8-C7D2-4432-B0DE-2DF7A9C11686}.Debug|x86.ActiveCfg = Debug|x86
		{E021B0E8-C7D2-4432-B0DE-2DF7A9C11686}.Release|x86.Build.0 = Release|x86
		{E021B0E8-C7D2-4432-B0DE-2DF7A9C11686}.Release|x86.ActiveCfg = Release|x86
		{B6AE069B-4A75-43F3-A33D-73980B1FB9F2}.Debug|x86.Build.0 = Debug|x86
		{B6AE069B-4A75-43F3-A33D-73980B1FB9F2}.Debug|x86.ActiveCfg = Debug|x86
		{B6AE069B-4A75-43F3-A33D-73980B1FB9F2}.Release|x86.Build.0 = Release|x86
		{B6AE069B-4A75-43F3-A33D-73980B1FB9F2}.Release|x86.ActiveCfg = Release|x86
	EndGlobalSection
EndGlobal
