
Microsoft Visual Studio Solution File, Format Version 9.00
# Visual Studio 2005
# SharpDevelop 3.0.0.3800
Project("{FAE04EC0-301F-11D3-BF4B-00C04F79EFBC}") = "Ict.Petra.Client.App.Core", "Petra\Client\app\Core\Ict.Petra.Client.App.Core.csproj", "{69E21FFC-F815-451A-96BB-66499CDDEB6E}"
EndProject
Project("{FAE04EC0-301F-11D3-BF4B-00C04F79EFBC}") = "Ict.Petra.Client.App.Core.RemoteObjects", "Petra\Client\app\Core\Ict.Petra.Client.App.Core.RemoteObjects.csproj", "{A3E8D62A-D07D-44D9-A286-68220B3AA94F}"
EndProject
Project("{FAE04EC0-301F-11D3-BF4B-00C04F79EFBC}") = "Ict.Petra.Client.CommonDialogs", "Petra\Client\CommonDialogs\Ict.Petra.Client.CommonDialogs.csproj", "{BE0FD127-A9A9-4291-A5E0-71A45AC2FDBD}"
EndProject
Project("{FAE04EC0-301F-11D3-BF4B-00C04F79EFBC}") = "PetraClient", "Petra\Client\app\PetraClient\PetraClient.csproj", "{8B8EEEE1-C72B-48AD-9BD6-D79DC83D68D8}"
EndProject
Project("{FAE04EC0-301F-11D3-BF4B-00C04F79EFBC}") = "Ict.Petra.Client.CommonForms", "Petra\Client\CommonForms\Ict.Petra.Client.CommonForms.csproj", "{115F2398-E0E0-4F79-854C-BBFC5DEB076F}"
EndProject
Project("{FAE04EC0-301F-11D3-BF4B-00C04F79EFBC}") = "Ict.Petra.Client.App.Gui", "Petra\Client\app\Gui\Ict.Petra.Client.App.Gui.csproj", "{7C72F5ED-C494-4B58-AA90-2B948D4CF1D7}"
EndProject
Project("{FAE04EC0-301F-11D3-BF4B-00C04F79EFBC}") = "Ict.Petra.Client.MPartner.Gui", "Petra\Client\lib\MPartner\gui\Ict.Petra.Client.MPartner.Gui.csproj", "{2B06F76C-A8FE-4F0A-A312-B53055F9E77A}"
EndProject
Project("{FAE04EC0-301F-11D3-BF4B-00C04F79EFBC}") = "Ict.Petra.Client.CommonControls.Logic", "Petra\Client\CommonControls\logic\Ict.Petra.Client.CommonControls.Logic.csproj", "{FD174C01-3423-4604-A7FF-4348969D57CF}"
EndProject
Project("{FAE04EC0-301F-11D3-BF4B-00C04F79EFBC}") = "Ict.Petra.Client.CommonControls.Gui", "Petra\Client\CommonControls\gui\Ict.Petra.Client.CommonControls.Gui.csproj", "{7B102B6E-0873-45EE-85D7-BD37126EAE21}"
EndProject
Project("{FAE04EC0-301F-11D3-BF4B-00C04F79EFBC}") = "Ict.Petra.Client.App.Formatting", "Petra\Client\app\Formatting\Ict.Petra.Client.App.Formatting.csproj", "{03ED55AE-5526-4F37-B4D7-1498877CFB7F}"
EndProject
Project("{FAE04EC0-301F-11D3-BF4B-00C04F79EFBC}") = "Ict.Petra.Client.MCommon.Gui", "Petra\Client\lib\MCommon\gui\Ict.Petra.Client.MCommon.Gui.csproj", "{F1D473DD-F831-4662-A3F9-EE5016D4C625}"
EndProject
Project("{FAE04EC0-301F-11D3-BF4B-00C04F79EFBC}") = "Ict.Petra.Client.MCommon.Logic", "Petra\Client\lib\MCommon\logic\Ict.Petra.Client.MCommon.Logic.csproj", "{0BC4E544-F1E7-48AC-869C-71312E31AC2D}"
EndProject
Project("{FAE04EC0-301F-11D3-BF4B-00C04F79EFBC}") = "Ict.Petra.Client.MCommon.Verification", "Petra\Client\lib\MCommon\verification\Ict.Petra.Client.MCommon.Verification.csproj", "{5D1329ED-6B72-4B84-AF03-D59031DA2543}"
EndProject
Project("{FAE04EC0-301F-11D3-BF4B-00C04F79EFBC}") = "Ict.Petra.Client.MPartner.Verification", "Petra\Client\lib\MPartner\verification\Ict.Petra.Client.MPartner.Verification.csproj", "{1FF19F37-4C0C-440F-8E1F-3810611E7ACD}"
EndProject
Project("{FAE04EC0-301F-11D3-BF4B-00C04F79EFBC}") = "Ict.Petra.Client.MPartner.Logic", "Petra\Client\lib\MPartner\logic\Ict.Petra.Client.MPartner.Logic.csproj", "{A6A4782D-DD84-4C0C-9F6E-552EAEDDB797}"
EndProject
Project("{FAE04EC0-301F-11D3-BF4B-00C04F79EFBC}") = "Ict.Petra.Client.MReporting.Logic", "Petra\Client\lib\MReporting\logic\Ict.Petra.Client.MReporting.Logic.csproj", "{E5D87C50-783C-4516-84A9-CF1D37894C9C}"
EndProject
Project("{FAE04EC0-301F-11D3-BF4B-00C04F79EFBC}") = "Ict.Petra.Client.MReporting.Gui", "Petra\Client\lib\MReporting\gui\Ict.Petra.Client.MReporting.Gui.csproj", "{4DCB81E4-7B19-43D5-BEFC-351706003550}"
EndProject
Project("{FAE04EC0-301F-11D3-BF4B-00C04F79EFBC}") = "Ict.Petra.Client.MReporting.Gui.MPartner", "Petra\Client\lib\MReporting\gui\MPartner\Ict.Petra.Client.MReporting.Gui.MPartner.csproj", "{67EAEC89-7919-4CE5-819C-97AF6B618232}"
EndProject
Project("{FAE04EC0-301F-11D3-BF4B-00C04F79EFBC}") = "Ict.Petra.Client.MFinance.Gui", "Petra\Client\lib\MFinance\gui\Ict.Petra.Client.MFinance.Gui.csproj", "{B8226A6F-E8BE-41B3-8509-0FD128B16574}"
EndProject
Global
	GlobalSection(SolutionConfigurationPlatforms) = preSolution
		Debug|Any CPU = Debug|Any CPU
		Release|Any CPU = Release|Any CPU
	EndGlobalSection
	GlobalSection(ProjectConfigurationPlatforms) = postSolution
		{69E21FFC-F815-451A-96BB-66499CDDEB6E}.Debug|Any CPU.Build.0 = Debug|Any CPU
		{69E21FFC-F815-451A-96BB-66499CDDEB6E}.Debug|Any CPU.ActiveCfg = Debug|Any CPU
		{69E21FFC-F815-451A-96BB-66499CDDEB6E}.Release|Any CPU.Build.0 = Release|Any CPU
		{69E21FFC-F815-451A-96BB-66499CDDEB6E}.Release|Any CPU.ActiveCfg = Release|Any CPU
		{A3E8D62A-D07D-44D9-A286-68220B3AA94F}.Debug|Any CPU.Build.0 = Debug|Any CPU
		{A3E8D62A-D07D-44D9-A286-68220B3AA94F}.Debug|Any CPU.ActiveCfg = Debug|Any CPU
		{A3E8D62A-D07D-44D9-A286-68220B3AA94F}.Release|Any CPU.Build.0 = Release|Any CPU
		{A3E8D62A-D07D-44D9-A286-68220B3AA94F}.Release|Any CPU.ActiveCfg = Release|Any CPU
		{8B8EEEE1-C72B-48AD-9BD6-D79DC83D68D8}.Debug|Any CPU.Build.0 = Debug|Any CPU
		{8B8EEEE1-C72B-48AD-9BD6-D79DC83D68D8}.Debug|Any CPU.ActiveCfg = Debug|Any CPU
		{8B8EEEE1-C72B-48AD-9BD6-D79DC83D68D8}.Release|Any CPU.Build.0 = Release|Any CPU
		{8B8EEEE1-C72B-48AD-9BD6-D79DC83D68D8}.Release|Any CPU.ActiveCfg = Release|Any CPU
		{BE0FD127-A9A9-4291-A5E0-71A45AC2FDBD}.Debug|Any CPU.Build.0 = Debug|Any CPU
		{BE0FD127-A9A9-4291-A5E0-71A45AC2FDBD}.Debug|Any CPU.ActiveCfg = Debug|Any CPU
		{BE0FD127-A9A9-4291-A5E0-71A45AC2FDBD}.Release|Any CPU.Build.0 = Release|Any CPU
		{BE0FD127-A9A9-4291-A5E0-71A45AC2FDBD}.Release|Any CPU.ActiveCfg = Release|Any CPU
		{115F2398-E0E0-4F79-854C-BBFC5DEB076F}.Debug|Any CPU.Build.0 = Debug|Any CPU
		{115F2398-E0E0-4F79-854C-BBFC5DEB076F}.Debug|Any CPU.ActiveCfg = Debug|Any CPU
		{115F2398-E0E0-4F79-854C-BBFC5DEB076F}.Release|Any CPU.Build.0 = Release|Any CPU
		{115F2398-E0E0-4F79-854C-BBFC5DEB076F}.Release|Any CPU.ActiveCfg = Release|Any CPU
		{7C72F5ED-C494-4B58-AA90-2B948D4CF1D7}.Debug|Any CPU.Build.0 = Debug|Any CPU
		{7C72F5ED-C494-4B58-AA90-2B948D4CF1D7}.Debug|Any CPU.ActiveCfg = Debug|Any CPU
		{7C72F5ED-C494-4B58-AA90-2B948D4CF1D7}.Release|Any CPU.Build.0 = Release|Any CPU
		{7C72F5ED-C494-4B58-AA90-2B948D4CF1D7}.Release|Any CPU.ActiveCfg = Release|Any CPU
		{2B06F76C-A8FE-4F0A-A312-B53055F9E77A}.Debug|Any CPU.Build.0 = Debug|Any CPU
		{2B06F76C-A8FE-4F0A-A312-B53055F9E77A}.Debug|Any CPU.ActiveCfg = Debug|Any CPU
		{2B06F76C-A8FE-4F0A-A312-B53055F9E77A}.Release|Any CPU.Build.0 = Release|Any CPU
		{2B06F76C-A8FE-4F0A-A312-B53055F9E77A}.Release|Any CPU.ActiveCfg = Release|Any CPU
		{FD174C01-3423-4604-A7FF-4348969D57CF}.Debug|Any CPU.Build.0 = Debug|Any CPU
		{FD174C01-3423-4604-A7FF-4348969D57CF}.Debug|Any CPU.ActiveCfg = Debug|Any CPU
		{FD174C01-3423-4604-A7FF-4348969D57CF}.Release|Any CPU.Build.0 = Release|Any CPU
		{FD174C01-3423-4604-A7FF-4348969D57CF}.Release|Any CPU.ActiveCfg = Release|Any CPU
		{7B102B6E-0873-45EE-85D7-BD37126EAE21}.Debug|Any CPU.Build.0 = Debug|Any CPU
		{7B102B6E-0873-45EE-85D7-BD37126EAE21}.Debug|Any CPU.ActiveCfg = Debug|Any CPU
		{7B102B6E-0873-45EE-85D7-BD37126EAE21}.Release|Any CPU.Build.0 = Release|Any CPU
		{7B102B6E-0873-45EE-85D7-BD37126EAE21}.Release|Any CPU.ActiveCfg = Release|Any CPU
		{03ED55AE-5526-4F37-B4D7-1498877CFB7F}.Debug|Any CPU.Build.0 = Debug|Any CPU
		{03ED55AE-5526-4F37-B4D7-1498877CFB7F}.Debug|Any CPU.ActiveCfg = Debug|Any CPU
		{03ED55AE-5526-4F37-B4D7-1498877CFB7F}.Release|Any CPU.Build.0 = Release|Any CPU
		{03ED55AE-5526-4F37-B4D7-1498877CFB7F}.Release|Any CPU.ActiveCfg = Release|Any CPU
		{F1D473DD-F831-4662-A3F9-EE5016D4C625}.Debug|Any CPU.Build.0 = Debug|Any CPU
		{F1D473DD-F831-4662-A3F9-EE5016D4C625}.Debug|Any CPU.ActiveCfg = Debug|Any CPU
		{F1D473DD-F831-4662-A3F9-EE5016D4C625}.Release|Any CPU.Build.0 = Release|Any CPU
		{F1D473DD-F831-4662-A3F9-EE5016D4C625}.Release|Any CPU.ActiveCfg = Release|Any CPU
		{0BC4E544-F1E7-48AC-869C-71312E31AC2D}.Debug|Any CPU.Build.0 = Debug|Any CPU
		{0BC4E544-F1E7-48AC-869C-71312E31AC2D}.Debug|Any CPU.ActiveCfg = Debug|Any CPU
		{0BC4E544-F1E7-48AC-869C-71312E31AC2D}.Release|Any CPU.Build.0 = Release|Any CPU
		{0BC4E544-F1E7-48AC-869C-71312E31AC2D}.Release|Any CPU.ActiveCfg = Release|Any CPU
		{5D1329ED-6B72-4B84-AF03-D59031DA2543}.Debug|Any CPU.Build.0 = Debug|Any CPU
		{5D1329ED-6B72-4B84-AF03-D59031DA2543}.Debug|Any CPU.ActiveCfg = Debug|Any CPU
		{5D1329ED-6B72-4B84-AF03-D59031DA2543}.Release|Any CPU.Build.0 = Release|Any CPU
		{5D1329ED-6B72-4B84-AF03-D59031DA2543}.Release|Any CPU.ActiveCfg = Release|Any CPU
		{1FF19F37-4C0C-440F-8E1F-3810611E7ACD}.Debug|Any CPU.Build.0 = Debug|Any CPU
		{1FF19F37-4C0C-440F-8E1F-3810611E7ACD}.Debug|Any CPU.ActiveCfg = Debug|Any CPU
		{1FF19F37-4C0C-440F-8E1F-3810611E7ACD}.Release|Any CPU.Build.0 = Release|Any CPU
		{1FF19F37-4C0C-440F-8E1F-3810611E7ACD}.Release|Any CPU.ActiveCfg = Release|Any CPU
		{A6A4782D-DD84-4C0C-9F6E-552EAEDDB797}.Debug|Any CPU.Build.0 = Debug|Any CPU
		{A6A4782D-DD84-4C0C-9F6E-552EAEDDB797}.Debug|Any CPU.ActiveCfg = Debug|Any CPU
		{A6A4782D-DD84-4C0C-9F6E-552EAEDDB797}.Release|Any CPU.Build.0 = Release|Any CPU
		{A6A4782D-DD84-4C0C-9F6E-552EAEDDB797}.Release|Any CPU.ActiveCfg = Release|Any CPU
		{E5D87C50-783C-4516-84A9-CF1D37894C9C}.Debug|Any CPU.Build.0 = Debug|Any CPU
		{E5D87C50-783C-4516-84A9-CF1D37894C9C}.Debug|Any CPU.ActiveCfg = Debug|Any CPU
		{E5D87C50-783C-4516-84A9-CF1D37894C9C}.Release|Any CPU.Build.0 = Release|Any CPU
		{E5D87C50-783C-4516-84A9-CF1D37894C9C}.Release|Any CPU.ActiveCfg = Release|Any CPU
		{4DCB81E4-7B19-43D5-BEFC-351706003550}.Debug|Any CPU.Build.0 = Debug|Any CPU
		{4DCB81E4-7B19-43D5-BEFC-351706003550}.Debug|Any CPU.ActiveCfg = Debug|Any CPU
		{4DCB81E4-7B19-43D5-BEFC-351706003550}.Release|Any CPU.Build.0 = Release|Any CPU
		{4DCB81E4-7B19-43D5-BEFC-351706003550}.Release|Any CPU.ActiveCfg = Release|Any CPU
		{67EAEC89-7919-4CE5-819C-97AF6B618232}.Debug|Any CPU.Build.0 = Debug|Any CPU
		{67EAEC89-7919-4CE5-819C-97AF6B618232}.Debug|Any CPU.ActiveCfg = Debug|Any CPU
		{67EAEC89-7919-4CE5-819C-97AF6B618232}.Release|Any CPU.Build.0 = Release|Any CPU
		{67EAEC89-7919-4CE5-819C-97AF6B618232}.Release|Any CPU.ActiveCfg = Release|Any CPU
		{B8226A6F-E8BE-41B3-8509-0FD128B16574}.Debug|Any CPU.Build.0 = Debug|Any CPU
		{B8226A6F-E8BE-41B3-8509-0FD128B16574}.Debug|Any CPU.ActiveCfg = Debug|Any CPU
		{B8226A6F-E8BE-41B3-8509-0FD128B16574}.Release|Any CPU.Build.0 = Release|Any CPU
		{B8226A6F-E8BE-41B3-8509-0FD128B16574}.Release|Any CPU.ActiveCfg = Release|Any CPU
	EndGlobalSection
EndGlobal
