
Microsoft Visual Studio Solution File, Format Version 9.00
# Visual Studio 2005
# SharpDevelop 3.2.0.5777
Project("{FAE04EC0-301F-11D3-BF4B-00C04F79EFBC}") = "Ict.Common", "Common\Ict.Common.csproj", "{ED73B0A3-AC08-4FB0-A18C-2816C9AC5588}"
EndProject
Project("{FAE04EC0-301F-11D3-BF4B-00C04F79EFBC}") = "Ict.Common.IO", "Common\IO\Ict.Common.IO.csproj", "{31A5F128-F78F-4957-AA0E-B0F6005A2614}"
EndProject
Project("{FAE04EC0-301F-11D3-BF4B-00C04F79EFBC}") = "Ict.Common.Data", "Common\Data\Ict.Common.Data.csproj", "{3CCC0D2C-4367-4A9D-A4F8-3BE6F81D87B3}"
EndProject
Project("{FAE04EC0-301F-11D3-BF4B-00C04F79EFBC}") = "Ict.Common.DB", "Common\DB\Ict.Common.DB.csproj", "{20ADC145-9621-4EDB-B5F6-6FFF07AD6EFB}"
EndProject
Project("{FAE04EC0-301F-11D3-BF4B-00C04F79EFBC}") = "Ict.Common.Controls", "Common\Controls\Ict.Common.Controls.csproj", "{69E21FFC-F815-451A-96BB-66499CDDEB6E}"
EndProject
Project("{FAE04EC0-301F-11D3-BF4B-00C04F79EFBC}") = "Ict.Common.Verification", "Common\Verification\Ict.Common.Verification.csproj", "{6DC5901F-3F0A-4B87-A258-80FD0794A4DB}"
EndProject
Project("{FAE04EC0-301F-11D3-BF4B-00C04F79EFBC}") = "Ict.Common.Printing", "Common\Printing\Ict.Common.Printing.csproj", "{954F91D9-263A-49F3-942D-6D85A2C13DB8}"
EndProject
Project("{FAE04EC0-301F-11D3-BF4B-00C04F79EFBC}") = "Ict.Common.Conversion", "Common\Conversion\Ict.Common.Conversion.csproj", "{2CCE2158-4FBB-4A32-BC01-5B6A75526802}"
EndProject
Project("{FAE04EC0-301F-11D3-BF4B-00C04F79EFBC}") = "Ict.Common.EMailing", "Common\EMailing\Ict.Common.EMailing.csproj", "{6C2A20DF-9657-4DEE-BF31-119B10EFA4FA}"
EndProject
Global
	GlobalSection(SolutionConfigurationPlatforms) = preSolution
		Debug|x86 = Debug|x86
		Release|x86 = Release|x86
	EndGlobalSection
	GlobalSection(ProjectConfigurationPlatforms) = postSolution
		{ED73B0A3-AC08-4FB0-A18C-2816C9AC5588}.Debug|x86.ActiveCfg = Debug|x86
		{ED73B0A3-AC08-4FB0-A18C-2816C9AC5588}.Debug|x86.Build.0 = Debug|x86
		{ED73B0A3-AC08-4FB0-A18C-2816C9AC5588}.Release|x86.ActiveCfg = Release|x86
		{ED73B0A3-AC08-4FB0-A18C-2816C9AC5588}.Release|x86.Build.0 = Release|x86
		{31A5F128-F78F-4957-AA0E-B0F6005A2614}.Debug|x86.ActiveCfg = Debug|x86
		{31A5F128-F78F-4957-AA0E-B0F6005A2614}.Debug|x86.Build.0 = Debug|x86
		{31A5F128-F78F-4957-AA0E-B0F6005A2614}.Release|x86.ActiveCfg = Release|x86
		{31A5F128-F78F-4957-AA0E-B0F6005A2614}.Release|x86.Build.0 = Release|x86
		{6DC5901F-3F0A-4B87-A258-80FD0794A4DB}.Debug|x86.ActiveCfg = Debug|x86
		{6DC5901F-3F0A-4B87-A258-80FD0794A4DB}.Debug|x86.Build.0 = Debug|x86
		{6DC5901F-3F0A-4B87-A258-80FD0794A4DB}.Release|x86.ActiveCfg = Release|x86
		{6DC5901F-3F0A-4B87-A258-80FD0794A4DB}.Release|x86.Build.0 = Release|x86
		{3CCC0D2C-4367-4A9D-A4F8-3BE6F81D87B3}.Debug|x86.ActiveCfg = Debug|x86
		{3CCC0D2C-4367-4A9D-A4F8-3BE6F81D87B3}.Debug|x86.Build.0 = Debug|x86
		{3CCC0D2C-4367-4A9D-A4F8-3BE6F81D87B3}.Release|x86.ActiveCfg = Release|x86
		{3CCC0D2C-4367-4A9D-A4F8-3BE6F81D87B3}.Release|x86.Build.0 = Release|x86
		{20ADC145-9621-4EDB-B5F6-6FFF07AD6EFB}.Debug|x86.ActiveCfg = Debug|x86
		{20ADC145-9621-4EDB-B5F6-6FFF07AD6EFB}.Debug|x86.Build.0 = Debug|x86
		{20ADC145-9621-4EDB-B5F6-6FFF07AD6EFB}.Release|x86.ActiveCfg = Release|x86
		{20ADC145-9621-4EDB-B5F6-6FFF07AD6EFB}.Release|x86.Build.0 = Release|x86
		{69E21FFC-F815-451A-96BB-66499CDDEB6E}.Debug|x86.ActiveCfg = Debug|x86
		{69E21FFC-F815-451A-96BB-66499CDDEB6E}.Debug|x86.Build.0 = Debug|x86
		{69E21FFC-F815-451A-96BB-66499CDDEB6E}.Release|x86.ActiveCfg = Release|x86
		{69E21FFC-F815-451A-96BB-66499CDDEB6E}.Release|x86.Build.0 = Release|x86
		{954F91D9-263A-49F3-942D-6D85A2C13DB8}.Debug|x86.ActiveCfg = Debug|x86
		{954F91D9-263A-49F3-942D-6D85A2C13DB8}.Debug|x86.Build.0 = Debug|x86
		{954F91D9-263A-49F3-942D-6D85A2C13DB8}.Release|x86.ActiveCfg = Release|x86
		{954F91D9-263A-49F3-942D-6D85A2C13DB8}.Release|x86.Build.0 = Release|x86
		{2CCE2158-4FBB-4A32-BC01-5B6A75526802}.Debug|x86.ActiveCfg = Debug|x86
		{2CCE2158-4FBB-4A32-BC01-5B6A75526802}.Debug|x86.Build.0 = Debug|x86
		{2CCE2158-4FBB-4A32-BC01-5B6A75526802}.Release|x86.ActiveCfg = Release|x86
		{2CCE2158-4FBB-4A32-BC01-5B6A75526802}.Release|x86.Build.0 = Release|x86
		{6C2A20DF-9657-4DEE-BF31-119B10EFA4FA}.Debug|x86.ActiveCfg = Debug|x86
		{6C2A20DF-9657-4DEE-BF31-119B10EFA4FA}.Debug|x86.Build.0 = Debug|x86
		{6C2A20DF-9657-4DEE-BF31-119B10EFA4FA}.Release|x86.ActiveCfg = Release|x86
		{6C2A20DF-9657-4DEE-BF31-119B10EFA4FA}.Release|x86.Build.0 = Release|x86
	EndGlobalSection
EndGlobal
