
Microsoft Visual Studio Solution File, Format Version 9.00
# Visual Studio 2005
# SharpDevelop 3.0.0.3800
Project("{FAE04EC0-301F-11D3-BF4B-00C04F79EFBC}") = "GenerateSQL", "PetraTools\GenerateSQL\GenerateSQL.csproj", "{EBD199AC-DAAA-41B6-A1DB-FEA311B84576}"
EndProject
Project("{FAE04EC0-301F-11D3-BF4B-00C04F79EFBC}") = "Ict.Common", "Common\Ict.Common.csproj", "{ED73B0A3-AC08-4FB0-A18C-2816C9AC5588}"
EndProject
Project("{FAE04EC0-301F-11D3-BF4B-00C04F79EFBC}") = "Ict.Common.IO", "Common\IO\Ict.Common.IO.csproj", "{31A5F128-F78F-4957-AA0E-B0F6005A2614}"
EndProject
Project("{FAE04EC0-301F-11D3-BF4B-00C04F79EFBC}") = "GenerateORM", "PetraTools\GenerateORM\GenerateORM.csproj", "{495C3C4B-264E-4A20-9F0D-BF6D797C05EE}"
EndProject
Project("{FAE04EC0-301F-11D3-BF4B-00C04F79EFBC}") = "Ict.Tools.CodeGeneration", "PetraTools\CodeGeneration\Ict.Tools.CodeGeneration.csproj", "{B153089B-B8BF-421C-A6F4-BA672885720A}"
EndProject
Project("{FAE04EC0-301F-11D3-BF4B-00C04F79EFBC}") = "Ict.Tools.DBXML", "PetraTools\PetraXMLProcessor\Ict.Tools.DBXML.csproj", "{69E21FFC-F815-451A-96BB-66499CDDEB6E}"
EndProject
Project("{FAE04EC0-301F-11D3-BF4B-00C04F79EFBC}") = "GenerateSharedCode", "PetraTools\GenerateSharedCode\GenerateSharedCode.csproj", "{C6BB9648-D9E5-4C1E-9A35-EE3B3A111DD6}"
EndProject
Project("{FAE04EC0-301F-11D3-BF4B-00C04F79EFBC}") = "GenerateGTK", "PetraTools\GenerateGTK\GenerateGTK.csproj", "{9F6B1C5D-7747-474E-B699-DCD942808F42}"
EndProject
Project("{FAE04EC0-301F-11D3-BF4B-00C04F79EFBC}") = "GenerateWinForms", "PetraTools\GenerateWinForms\GenerateWinForms.csproj", "{7E7116B0-32F1-4EF3-AFC9-80707F88EB62}"
EndProject
Project("{FAE04EC0-301F-11D3-BF4B-00C04F79EFBC}") = "Ict.Tools.CodeGeneration.Winforms", "PetraTools\CodeGeneration\Winforms\Ict.Tools.CodeGeneration.Winforms.csproj", "{4034693D-4D16-4123-9FCC-C990448E63F3}"
EndProject
Project("{FAE04EC0-301F-11D3-BF4B-00C04F79EFBC}") = "FixProjectFiles", "PetraTools\FixProjectFiles\FixProjectFiles.csproj", "{252FBC9E-4B7E-4EB0-84EB-D60B922A6111}"
EndProject
Project("{FAE04EC0-301F-11D3-BF4B-00C04F79EFBC}") = "GenerateI18N", "PetraTools\GenerateI18N\GenerateI18N.csproj", "{9DED19CA-06E0-4271-991B-A4A6F3C9B6D1}"
EndProject
Project("{FAE04EC0-301F-11D3-BF4B-00C04F79EFBC}") = "Ict.Tools.NAntTasks", "PetraTools\NAntTasks\Ict.Tools.NAntTasks.csproj", "{A5090592-78DD-4F41-9B96-8F02F61A6CDE}"
EndProject
Project("{FAE04EC0-301F-11D3-BF4B-00C04F79EFBC}") = "SQLiteConsole", "PetraTools\SQLiteConsole\SQLiteConsole.csproj", "{5B5E5F94-433F-4515-9266-1284817C4229}"
EndProject
Project("{FAE04EC0-301F-11D3-BF4B-00C04F79EFBC}") = "ExportDataProgress", "PetraTools\ExportDataProgress\ExportDataProgress.csproj", "{0F8388BB-C776-43B9-B43E-58C7E5EE3BF0}"
EndProject
Project("{FAE04EC0-301F-11D3-BF4B-00C04F79EFBC}") = "GenerateEncryptionKey", "PetraTools\GenerateEncryptionKey\GenerateEncryptionKey.csproj", "{DA8F3163-99D2-4FC9-910F-4D12461DEA8D}"
EndProject
Project("{FAE04EC0-301F-11D3-BF4B-00C04F79EFBC}") = "PatchTool", "PetraTools\PatchTool\PatchTool.csproj", "{B3976248-2013-44E4-8937-EB17E2EC1DB8}"
EndProject
Project("{FAE04EC0-301F-11D3-BF4B-00C04F79EFBC}") = "PatchToolConsole", "PetraTools\PatchTool\PatchToolConsole.csproj", "{B3976248-2013-44E4-8937-EB17E2EC1DA9}"
EndProject
Project("{FAE04EC0-301F-11D3-BF4B-00C04F79EFBC}") = "ConvertExtToCSV", "PetraTools\ConvertExtToCSV\ConvertExtToCSV.csproj", "{252FBC9E-4B7E-4EB0-84EB-D60B922A1231}"
EndProject
Global
	GlobalSection(SolutionConfigurationPlatforms) = preSolution
		Debug|x86 = Debug|x86
		Release|x86 = Release|x86
	EndGlobalSection
	GlobalSection(ProjectConfigurationPlatforms) = postSolution
		{69E21FFC-F815-451A-96BB-66499CDDEB6E}.Debug|x86.ActiveCfg = Debug|x86
		{69E21FFC-F815-451A-96BB-66499CDDEB6E}.Debug|x86.Build.0 = Debug|x86
		{69E21FFC-F815-451A-96BB-66499CDDEB6E}.Release|x86.ActiveCfg = Release|x86
		{69E21FFC-F815-451A-96BB-66499CDDEB6E}.Release|x86.Build.0 = Release|x86
		{EBD199AC-DAAA-41B6-A1DB-FEA311B84576}.Debug|x86.ActiveCfg = Debug|x86
		{EBD199AC-DAAA-41B6-A1DB-FEA311B84576}.Debug|x86.Build.0 = Debug|x86
		{EBD199AC-DAAA-41B6-A1DB-FEA311B84576}.Release|x86.ActiveCfg = Release|x86
		{EBD199AC-DAAA-41B6-A1DB-FEA311B84576}.Release|x86.Build.0 = Release|x86
		{ED73B0A3-AC08-4FB0-A18C-2816C9AC5588}.Debug|x86.ActiveCfg = Debug|x86
		{ED73B0A3-AC08-4FB0-A18C-2816C9AC5588}.Debug|x86.Build.0 = Debug|x86
		{ED73B0A3-AC08-4FB0-A18C-2816C9AC5588}.Release|x86.ActiveCfg = Release|x86
		{ED73B0A3-AC08-4FB0-A18C-2816C9AC5588}.Release|x86.Build.0 = Release|x86
		{31A5F128-F78F-4957-AA0E-B0F6005A2614}.Debug|x86.ActiveCfg = Debug|x86
		{31A5F128-F78F-4957-AA0E-B0F6005A2614}.Debug|x86.Build.0 = Debug|x86
		{31A5F128-F78F-4957-AA0E-B0F6005A2614}.Release|x86.ActiveCfg = Release|x86
		{31A5F128-F78F-4957-AA0E-B0F6005A2614}.Release|x86.Build.0 = Release|x86
		{495C3C4B-264E-4A20-9F0D-BF6D797C05EE}.Debug|x86.ActiveCfg = Debug|x86
		{495C3C4B-264E-4A20-9F0D-BF6D797C05EE}.Debug|x86.Build.0 = Debug|x86
		{495C3C4B-264E-4A20-9F0D-BF6D797C05EE}.Release|x86.ActiveCfg = Release|x86
		{495C3C4B-264E-4A20-9F0D-BF6D797C05EE}.Release|x86.Build.0 = Release|x86
		{B153089B-B8BF-421C-A6F4-BA672885720A}.Debug|x86.ActiveCfg = Debug|x86
		{B153089B-B8BF-421C-A6F4-BA672885720A}.Debug|x86.Build.0 = Debug|x86
		{B153089B-B8BF-421C-A6F4-BA672885720A}.Release|x86.ActiveCfg = Release|x86
		{B153089B-B8BF-421C-A6F4-BA672885720A}.Release|x86.Build.0 = Release|x86
		{C6BB9648-D9E5-4C1E-9A35-EE3B3A111DD6}.Debug|x86.ActiveCfg = Debug|x86
		{C6BB9648-D9E5-4C1E-9A35-EE3B3A111DD6}.Debug|x86.Build.0 = Debug|x86
		{C6BB9648-D9E5-4C1E-9A35-EE3B3A111DD6}.Release|x86.ActiveCfg = Release|x86
		{C6BB9648-D9E5-4C1E-9A35-EE3B3A111DD6}.Release|x86.Build.0 = Release|x86
		{9F6B1C5D-7747-474E-B699-DCD942808F42}.Debug|x86.ActiveCfg = Debug|x86
		{9F6B1C5D-7747-474E-B699-DCD942808F42}.Debug|x86.Build.0 = Debug|x86
		{9F6B1C5D-7747-474E-B699-DCD942808F42}.Release|x86.ActiveCfg = Release|x86
		{9F6B1C5D-7747-474E-B699-DCD942808F42}.Release|x86.Build.0 = Release|x86
		{7E7116B0-32F1-4EF3-AFC9-80707F88EB62}.Debug|x86.ActiveCfg = Debug|x86
		{7E7116B0-32F1-4EF3-AFC9-80707F88EB62}.Debug|x86.Build.0 = Debug|x86
		{7E7116B0-32F1-4EF3-AFC9-80707F88EB62}.Release|x86.ActiveCfg = Release|x86
		{7E7116B0-32F1-4EF3-AFC9-80707F88EB62}.Release|x86.Build.0 = Release|x86
		{4034693D-4D16-4123-9FCC-C990448E63F3}.Debug|x86.ActiveCfg = Debug|x86
		{4034693D-4D16-4123-9FCC-C990448E63F3}.Debug|x86.Build.0 = Debug|x86
		{4034693D-4D16-4123-9FCC-C990448E63F3}.Release|x86.ActiveCfg = Release|x86
		{4034693D-4D16-4123-9FCC-C990448E63F3}.Release|x86.Build.0 = Release|x86
		{252FBC9E-4B7E-4EB0-84EB-D60B922A6111}.Debug|x86.ActiveCfg = Debug|x86
		{252FBC9E-4B7E-4EB0-84EB-D60B922A6111}.Debug|x86.Build.0 = Debug|x86
		{252FBC9E-4B7E-4EB0-84EB-D60B922A6111}.Release|x86.ActiveCfg = Release|x86
		{252FBC9E-4B7E-4EB0-84EB-D60B922A6111}.Release|x86.Build.0 = Release|x86
		{9DED19CA-06E0-4271-991B-A4A6F3C9B6D1}.Debug|x86.ActiveCfg = Debug|x86
		{9DED19CA-06E0-4271-991B-A4A6F3C9B6D1}.Debug|x86.Build.0 = Debug|x86
		{9DED19CA-06E0-4271-991B-A4A6F3C9B6D1}.Release|x86.ActiveCfg = Release|x86
		{9DED19CA-06E0-4271-991B-A4A6F3C9B6D1}.Release|x86.Build.0 = Release|x86
		{A5090592-78DD-4F41-9B96-8F02F61A6CDE}.Debug|x86.ActiveCfg = Debug|x86
		{A5090592-78DD-4F41-9B96-8F02F61A6CDE}.Debug|x86.Build.0 = Debug|x86
		{A5090592-78DD-4F41-9B96-8F02F61A6CDE}.Release|x86.ActiveCfg = Release|x86
		{A5090592-78DD-4F41-9B96-8F02F61A6CDE}.Release|x86.Build.0 = Release|x86
		{5B5E5F94-433F-4515-9266-1284817C4229}.Debug|x86.ActiveCfg = Debug|x86
		{5B5E5F94-433F-4515-9266-1284817C4229}.Debug|x86.Build.0 = Debug|x86
		{5B5E5F94-433F-4515-9266-1284817C4229}.Release|x86.ActiveCfg = Release|x86
		{5B5E5F94-433F-4515-9266-1284817C4229}.Release|x86.Build.0 = Release|x86
		{0F8388BB-C776-43B9-B43E-58C7E5EE3BF0}.Debug|x86.ActiveCfg = Debug|x86
		{0F8388BB-C776-43B9-B43E-58C7E5EE3BF0}.Debug|x86.Build.0 = Debug|x86
		{0F8388BB-C776-43B9-B43E-58C7E5EE3BF0}.Release|x86.ActiveCfg = Release|x86
		{0F8388BB-C776-43B9-B43E-58C7E5EE3BF0}.Release|x86.Build.0 = Release|x86
		{DA8F3163-99D2-4FC9-910F-4D12461DEA8D}.Debug|x86.ActiveCfg = Debug|x86
		{DA8F3163-99D2-4FC9-910F-4D12461DEA8D}.Debug|x86.Build.0 = Debug|x86
		{DA8F3163-99D2-4FC9-910F-4D12461DEA8D}.Release|x86.ActiveCfg = Release|x86
		{DA8F3163-99D2-4FC9-910F-4D12461DEA8D}.Release|x86.Build.0 = Release|x86
		{B3976248-2013-44E4-8937-EB17E2EC1DB8}.Debug|x86.ActiveCfg = Debug|x86
		{B3976248-2013-44E4-8937-EB17E2EC1DB8}.Debug|x86.Build.0 = Debug|x86
		{B3976248-2013-44E4-8937-EB17E2EC1DB8}.Release|x86.ActiveCfg = Release|x86
		{B3976248-2013-44E4-8937-EB17E2EC1DB8}.Release|x86.Build.0 = Release|x86
		{B3976248-2013-44E4-8937-EB17E2EC1DA9}.Debug|x86.ActiveCfg = Debug|x86
		{B3976248-2013-44E4-8937-EB17E2EC1DA9}.Debug|x86.Build.0 = Debug|x86
		{B3976248-2013-44E4-8937-EB17E2EC1DA9}.Release|x86.ActiveCfg = Release|x86
		{B3976248-2013-44E4-8937-EB17E2EC1DA9}.Release|x86.Build.0 = Release|x86
		{252FBC9E-4B7E-4EB0-84EB-D60B922A1231}.Debug|x86.Build.0 = Debug|x86
		{252FBC9E-4B7E-4EB0-84EB-D60B922A1231}.Debug|x86.ActiveCfg = Debug|x86
		{252FBC9E-4B7E-4EB0-84EB-D60B922A1231}.Release|x86.Build.0 = Release|x86
		{252FBC9E-4B7E-4EB0-84EB-D60B922A1231}.Release|x86.ActiveCfg = Release|x86
	EndGlobalSection
EndGlobal
