
Microsoft Visual Studio Solution File, Format Version 9.00
# Visual Studio 2005
# SharpDevelop 3.0.0.3800
Project("{FAE04EC0-301F-11D3-BF4B-00C04F79EFBC}") = "Ict.Petra.ServerAdmin.App.Core", "Petra\ServerAdmin\app\Core\Ict.Petra.ServerAdmin.App.Core.csproj", "{BC8061E2-9434-4912-8E29-83F7E5052092}"
EndProject
Project("{FAE04EC0-301F-11D3-BF4B-00C04F79EFBC}") = "PetraServerAdminConsole", "Petra\ServerAdmin\app\PetraServerAdminConsole\PetraServerAdminConsole.csproj", "{EED131C6-3FF9-4BEC-9BFE-27570FAC47CB}"
EndProject
Global
	GlobalSection(SolutionConfigurationPlatforms) = preSolution
		Debug|x86 = Debug|x86
		Release|x86 = Release|x86
	EndGlobalSection
	GlobalSection(ProjectConfigurationPlatforms) = postSolution
		{BC8061E2-9434-4912-8E29-83F7E5052092}.Debug|x86.ActiveCfg = Debug|x86
		{BC8061E2-9434-4912-8E29-83F7E5052092}.Debug|x86.Build.0 = Debug|x86
		{BC8061E2-9434-4912-8E29-83F7E5052092}.Release|x86.ActiveCfg = Release|x86
		{BC8061E2-9434-4912-8E29-83F7E5052092}.Release|x86.Build.0 = Release|x86
		{EED131C6-3FF9-4BEC-9BFE-27570FAC47CB}.Debug|x86.ActiveCfg = Debug|x86
		{EED131C6-3FF9-4BEC-9BFE-27570FAC47CB}.Debug|x86.Build.0 = Debug|x86
		{EED131C6-3FF9-4BEC-9BFE-27570FAC47CB}.Release|x86.ActiveCfg = Release|x86
		{EED131C6-3FF9-4BEC-9BFE-27570FAC47CB}.Release|x86.Build.0 = Release|x86
	EndGlobalSection
EndGlobal
