
Microsoft Visual Studio Solution File, Format Version 9.00
# Visual Studio 2005
# SharpDevelop 3.2.0.5777
Project("{FAE04EC0-301F-11D3-BF4B-00C04F79EFBC}") = "Ict.Petra.Server.App.Core", "Petra\Server\app\Core\Ict.Petra.Server.App.Core.csproj", "{F053BB7D-E40D-4434-B99C-FC803F65E10A}"
EndProject
Project("{FAE04EC0-301F-11D3-BF4B-00C04F79EFBC}") = "Ict.Petra.Server.MCommon", "Petra\Server\lib\MCommon\Ict.Petra.Server.MCommon.csproj", "{1F2FFC91-5C00-44ED-8EFD-3940426793CF}"
EndProject
Project("{FAE04EC0-301F-11D3-BF4B-00C04F79EFBC}") = "Ict.Petra.Server.MPartner.Instantiator", "Petra\Server\lib\MPartner\Ict.Petra.Server.MPartner.Instantiator.csproj", "{69E21FFC-F815-451A-96BB-66499CDDEB6E}"
EndProject
Project("{FAE04EC0-301F-11D3-BF4B-00C04F79EFBC}") = "Ict.Petra.Server.MPersonnel.Instantiator", "Petra\Server\lib\MPersonnel\Ict.Petra.Server.MPersonnel.Instantiator.csproj", "{F37641A0-702F-48F8-A810-6075C3B29F6B}"
EndProject
Project("{FAE04EC0-301F-11D3-BF4B-00C04F79EFBC}") = "Ict.Petra.Server.App.ClientDomain.CallForwarder", "Petra\Server\app\ClientDomain\Ict.Petra.Server.App.ClientDomain.CallForwarder.csproj", "{4F3F60C9-AC5E-4023-922A-FB616B53A2C0}"
EndProject
Project("{FAE04EC0-301F-11D3-BF4B-00C04F79EFBC}") = "Ict.Petra.Server.App.ClientDomain", "Petra\Server\app\ClientDomain\Ict.Petra.Server.App.ClientDomain.csproj", "{DC487150-0555-4C05-A13F-91588D9D750D}"
EndProject
Project("{FAE04EC0-301F-11D3-BF4B-00C04F79EFBC}") = "Ict.Petra.Server.MSysMan", "Petra\Server\lib\MSysMan\Ict.Petra.Server.MSysMan.csproj", "{5DF56B61-41A0-4E7E-A918-5AF595A023A2}"
EndProject
Project("{FAE04EC0-301F-11D3-BF4B-00C04F79EFBC}") = "Ict.Petra.Server.App.Main", "Petra\Server\app\Main\Ict.Petra.Server.App.Main.csproj", "{476D1409-E5EA-4E2A-A3FB-743F4832AE7A}"
EndProject
Project("{FAE04EC0-301F-11D3-BF4B-00C04F79EFBC}") = "PetraServerConsole", "Petra\Server\app\PetraServerConsole\PetraServerConsole.csproj", "{279D5FBA-A4FA-42F6-9737-2E4F60623917}"
EndProject
Project("{FAE04EC0-301F-11D3-BF4B-00C04F79EFBC}") = "Ict.Petra.Server.MCommon.UIConnectors", "Petra\Server\lib\MCommon\Ict.Petra.Server.MCommon.UIConnectors.csproj", "{76E4431D-7374-41A6-9708-59104F895D51}"
EndProject
Project("{FAE04EC0-301F-11D3-BF4B-00C04F79EFBC}") = "Ict.Petra.Server.MFinDev.Instantiator", "Petra\Server\lib\MFinDev\Ict.Petra.Server.MFinDev.Instantiator.csproj", "{43B6A87D-79E4-477E-8FEE-BE5D8826413B}"
EndProject
Project("{FAE04EC0-301F-11D3-BF4B-00C04F79EFBC}") = "Ict.Petra.Server.MReporting.Instantiator", "Petra\Server\lib\MReporting\Ict.Petra.Server.MReporting.Instantiator.csproj", "{75A3A363-7EFE-4833-9E0F-33DF4967F6F6}"
EndProject
Project("{FAE04EC0-301F-11D3-BF4B-00C04F79EFBC}") = "Ict.Petra.Server.MSysMan.Instantiator", "Petra\Server\lib\MSysMan\Ict.Petra.Server.MSysMan.Instantiator.csproj", "{65837962-CBC5-4E5A-B75E-9ADCBD9DDD49}"
EndProject
Project("{FAE04EC0-301F-11D3-BF4B-00C04F79EFBC}") = "Ict.Petra.Server.MPartner", "Petra\Server\lib\MPartner\Ict.Petra.Server.MPartner.csproj", "{5AF07F51-C0B4-4AC7-9007-8CB607F9DA03}"
EndProject
Project("{FAE04EC0-301F-11D3-BF4B-00C04F79EFBC}") = "Ict.Petra.Server.MPartner.UIConnectors", "Petra\Server\lib\MPartner\Ict.Petra.Server.MPartner.UIConnectors.csproj", "{C9D92B0D-06CE-4580-A03F-8E0C54C3038D}"
EndProject
Project("{FAE04EC0-301F-11D3-BF4B-00C04F79EFBC}") = "Ict.Petra.Server.MPersonnel.UIConnectors", "Petra\Server\lib\MPersonnel\Ict.Petra.Server.MPersonnel.UIConnectors.csproj", "{F2C85B76-E712-4C7B-9BB2-8F063C68D56B}"
EndProject
Project("{FAE04EC0-301F-11D3-BF4B-00C04F79EFBC}") = "Ict.Petra.Server.MReporting", "Petra\Server\lib\MReporting\Ict.Petra.Server.MReporting.csproj", "{1532B4C2-5A04-4FFC-B383-E147A2377370}"
EndProject
Project("{FAE04EC0-301F-11D3-BF4B-00C04F79EFBC}") = "Ict.Petra.Server.MReporting.MFinance", "Petra\Server\lib\MReporting\MFinance\Ict.Petra.Server.MReporting.MFinance.csproj", "{53C927CB-7CFF-4BA4-B457-9AAC2A239272}"
EndProject
Project("{FAE04EC0-301F-11D3-BF4B-00C04F79EFBC}") = "Ict.Petra.Server.MReporting.MConference", "Petra\Server\lib\MReporting\MConference\Ict.Petra.Server.MReporting.MConference.csproj", "{31D61A52-7E35-4224-B713-03C408AE6DF9}"
EndProject
Project("{FAE04EC0-301F-11D3-BF4B-00C04F79EFBC}") = "Ict.Petra.Server.MReporting.MFinDev", "Petra\Server\lib\MReporting\MFinDev\Ict.Petra.Server.MReporting.MFinDev.csproj", "{6D1D1DCD-F80D-4394-8308-6DFF8907CD93}"
EndProject
Project("{FAE04EC0-301F-11D3-BF4B-00C04F79EFBC}") = "Ict.Petra.Server.MReporting.MPartner", "Petra\Server\lib\MReporting\MPartner\Ict.Petra.Server.MReporting.MPartner.csproj", "{1A88A039-A817-40AF-A71A-A636AF5B7D1D}"
EndProject
Project("{FAE04EC0-301F-11D3-BF4B-00C04F79EFBC}") = "Ict.Petra.Server.MReporting.MPersonnel", "Petra\Server\lib\MReporting\MPersonnel\Ict.Petra.Server.MReporting.MPersonnel.csproj", "{AE6D48F3-AF3A-4E3D-B221-D73FC5CCA688}"
EndProject
Project("{FAE04EC0-301F-11D3-BF4B-00C04F79EFBC}") = "Ict.Petra.Server.MReporting.LogicConnectors", "Petra\Server\lib\MReporting\Ict.Petra.Server.MReporting.LogicConnectors.csproj", "{2D87F665-5D74-40C3-A5AF-C766D1C0A409}"
EndProject
Project("{FAE04EC0-301F-11D3-BF4B-00C04F79EFBC}") = "Ict.Petra.Server.MHospitality.Instantiator", "Petra\Server\lib\MHospitality\Ict.Petra.Server.MHospitality.Instantiator.csproj", "{1C37FE17-B314-4EC6-91A7-EAF27D301130}"
EndProject
Project("{FAE04EC0-301F-11D3-BF4B-00C04F79EFBC}") = "Ict.Petra.Server.MHospitality.UIConnectors", "Petra\Server\lib\MHospitality\Ict.Petra.Server.MHospitality.UIConnectors.csproj", "{B0B33FB6-8D8E-4BAA-B496-6AA5E558D3B8}"
EndProject
Project("{FAE04EC0-301F-11D3-BF4B-00C04F79EFBC}") = "Ict.Petra.Server.MSysMan.UIConnectors", "Petra\Server\lib\MSysMan\Ict.Petra.Server.MSysMan.UIConnectors.csproj", "{1403E8FE-F02E-4BF9-8648-D803397A26E0}"
EndProject
Project("{FAE04EC0-301F-11D3-BF4B-00C04F79EFBC}") = "Ict.Petra.Server.MCommon.Instantiator", "Petra\Server\lib\MCommon\Ict.Petra.Server.MCommon.Instantiator.csproj", "{77F89220-F616-4732-97EC-3EEC72E11DEC}"
EndProject
Project("{FAE04EC0-301F-11D3-BF4B-00C04F79EFBC}") = "PetraServerWebService", "Petra\Server\app\WebService\PetraServerWebService.csproj", "{476D1409-E5EA-4E2A-A3FB-743F4835AE7A}"
EndProject
Project("{FAE04EC0-301F-11D3-BF4B-00C04F79EFBC}") = "Ict.Petra.Server.MCommon.DataAccess", "Petra\Server\lib\MCommon\data\Ict.Petra.Server.MCommon.DataAccess.csproj", "{41425C75-D148-4BEC-9B8F-DBD277E4762F}"
EndProject
Project("{FAE04EC0-301F-11D3-BF4B-00C04F79EFBC}") = "Ict.Petra.Server.MConference.DataAccess", "Petra\Server\lib\MConference\data\Ict.Petra.Server.MConference.DataAccess.csproj", "{FB826CB1-81C5-47BB-B699-A7EB79CF800A}"
EndProject
Project("{FAE04EC0-301F-11D3-BF4B-00C04F79EFBC}") = "Ict.Petra.Server.MFinance.DataAccess", "Petra\Server\lib\MFinance\data\Ict.Petra.Server.MFinance.DataAccess.csproj", "{FD074084-1FB7-4C92-BD2A-09E7369EC81D}"
EndProject
Project("{FAE04EC0-301F-11D3-BF4B-00C04F79EFBC}") = "Ict.Petra.Server.MHospitality.DataAccess", "Petra\Server\lib\MHospitality\data\Ict.Petra.Server.MHospitality.DataAccess.csproj", "{4B9EB5F9-2B16-4498-A218-77E6375428D6}"
EndProject
Project("{FAE04EC0-301F-11D3-BF4B-00C04F79EFBC}") = "Ict.Petra.Server.MPartner.DataAccess", "Petra\Server\lib\MPartner\data\Ict.Petra.Server.MPartner.DataAccess.csproj", "{6372DC9A-981C-48F8-8719-E5B2CF7157DF}"
EndProject
Project("{FAE04EC0-301F-11D3-BF4B-00C04F79EFBC}") = "Ict.Petra.Server.MPersonnel.DataAccess", "Petra\Server\lib\MPersonnel\data\Ict.Petra.Server.MPersonnel.DataAccess.csproj", "{A2B90810-5C72-4154-8E6C-47F243E6538D}"
EndProject
Project("{FAE04EC0-301F-11D3-BF4B-00C04F79EFBC}") = "Ict.Petra.Server.MSysMan.DataAccess", "Petra\Server\lib\MSysMan\data\Ict.Petra.Server.MSysMan.DataAccess.csproj", "{CF8F3805-344B-4B75-8498-C93205B2A2A9}"
EndProject
Project("{FAE04EC0-301F-11D3-BF4B-00C04F79EFBC}") = "Ict.Petra.Server.MCommon.DataCascading", "Petra\Server\lib\MCommon\data\Ict.Petra.Server.MCommon.DataCascading.csproj", "{2E02BD3D-BB0A-456D-A3D0-AC05FC9114E9}"
EndProject
Project("{FAE04EC0-301F-11D3-BF4B-00C04F79EFBC}") = "Ict.Petra.Server.MPartner.WebConnectors", "Petra\Server\lib\MPartner\Ict.Petra.Server.MPartner.WebConnectors.csproj", "{B7E0E43A-F197-46C0-9F5E-260FFDF2C877}"
EndProject
Project("{FAE04EC0-301F-11D3-BF4B-00C04F79EFBC}") = "Ict.Petra.Server.MSysMan.WebConnectors", "Petra\Server\lib\MSysMan\Ict.Petra.Server.MSysMan.WebConnectors.csproj", "{88C4BED3-FB27-46F8-85A7-F461989B7A34}"
EndProject
Project("{FAE04EC0-301F-11D3-BF4B-00C04F79EFBC}") = "Ict.Petra.Server.MCommon.DatasetAccess", "Petra\Server\lib\MCommon\data\Ict.Petra.Server.MCommon.DatasetAccess.csproj", "{6343AB93-1AA2-46D9-ADB2-E9BA852BB878}"
EndProject
Project("{FAE04EC0-301F-11D3-BF4B-00C04F79EFBC}") = "Ict.Petra.Server.MHospitality.DatasetAccess", "Petra\Server\lib\MHospitality\data\Ict.Petra.Server.MHospitality.DatasetAccess.csproj", "{4B9EB5F9-2B16-4498-A218-77E6375428AA}"
EndProject
Project("{FAE04EC0-301F-11D3-BF4B-00C04F79EFBC}") = "Ict.Petra.Server.MPersonnel.DatasetAccess", "Petra\Server\lib\MPersonnel\data\Ict.Petra.Server.MPersonnel.DatasetAccess.csproj", "{A2B90810-5C72-4154-8E6C-47F243E653A2}"
EndProject
Project("{FAE04EC0-301F-11D3-BF4B-00C04F79EFBC}") = "Ict.Petra.Server.MPartner.DatasetAccess", "Petra\Server\lib\MPartner\data\Ict.Petra.Server.MPartner.DatasetAccess.csproj", "{6372DC9A-981C-48F8-8719-E5B2CF7157F2}"
EndProject
Project("{FAE04EC0-301F-11D3-BF4B-00C04F79EFBC}") = "Ict.Petra.Server.MFinance.DatasetAccess", "Petra\Server\lib\MFinance\data\Ict.Petra.Server.MFinance.DatasetAccess.csproj", "{6EF08752-CDB0-4F94-8A17-D91BDDF45FA8}"
EndProject
Project("{FAE04EC0-301F-11D3-BF4B-00C04F79EFBC}") = "Ict.Petra.Server.MSysMan.DatasetAccess", "Petra\Server\lib\MSysMan\data\Ict.Petra.Server.MSysMan.DatasetAccess.csproj", "{45FE3810-367A-4C3F-B35C-4F4485228AE8}"
EndProject
Project("{FAE04EC0-301F-11D3-BF4B-00C04F79EFBC}") = "Ict.Petra.Server.MPersonnel", "Petra\Server\lib\MPersonnel\Ict.Petra.Server.MPersonnel.csproj", "{5E6DE599-3860-4741-B4FA-A93BE6AFABEB}"
EndProject
Project("{FAE04EC0-301F-11D3-BF4B-00C04F79EFBC}") = "Ict.Petra.Server.MFinance.Setup", "Petra\Server\lib\MFinance\setup\Ict.Petra.Server.MFinance.Setup.csproj", "{BB9EA65E-790F-4E3C-BFE4-23D01791F4A9}"
EndProject
Project("{FAE04EC0-301F-11D3-BF4B-00C04F79EFBC}") = "Ict.Petra.Server.MConference", "Petra\Server\lib\MConference\Ict.Petra.Server.MConference.csproj", "{A6A1BB7A-D7AB-4269-B6E5-13145FC45965}"
EndProject
Project("{FAE04EC0-301F-11D3-BF4B-00C04F79EFBC}") = "Ict.Petra.Server.MConference.Instantiator", "Petra\Server\lib\MConference\Ict.Petra.Server.MConference.Instantiator.csproj", "{3EF6D79F-5ED9-4B63-AABF-62DE9A002BB6}"
EndProject
Project("{FAE04EC0-301F-11D3-BF4B-00C04F79EFBC}") = "Ict.Petra.Server.MConference.WebConnectors", "Petra\Server\lib\MConference\Ict.Petra.Server.MConference.WebConnectors.csproj", "{F07B0AA0-5BD8-4070-98B4-D0CB1CB69978}"
EndProject
Project("{FAE04EC0-301F-11D3-BF4B-00C04F79EFBC}") = "Ict.Petra.Server.MFinance.GL", "Petra\Server\lib\MFinance\GL\Ict.Petra.Server.MFinance.GL.csproj", "{A8C295FE-A043-416E-B100-30BE14DA42D1}"
EndProject
Project("{FAE04EC0-301F-11D3-BF4B-00C04F79EFBC}") = "Ict.Petra.Server.MFinance.AP", "Petra\Server\lib\MFinance\AP\Ict.Petra.Server.MFinance.AP.csproj", "{E8849E96-5C08-4AA9-8615-79B2D035877A}"
EndProject
Project("{FAE04EC0-301F-11D3-BF4B-00C04F79EFBC}") = "Ict.Petra.Server.MFinance.Gift", "Petra\Server\lib\MFinance\Gift\Ict.Petra.Server.MFinance.Gift.csproj", "{B08BAEC4-52F3-462B-9102-3F668246F00A}"
EndProject
Project("{FAE04EC0-301F-11D3-BF4B-00C04F79EFBC}") = "Ict.Petra.Server.MFinance.Common", "Petra\Server\lib\MFinance\Common\Ict.Petra.Server.MFinance.Common.csproj", "{073910BE-E121-4C07-B849-3F073847DEB1}"
EndProject
Project("{FAE04EC0-301F-11D3-BF4B-00C04F79EFBC}") = "Ict.Petra.Server.MFinance.DataCacheable", "Petra\Server\lib\MFinance\data\Ict.Petra.Server.MFinance.DataCacheable.csproj", "{4FBB6C1D-A5BA-42DC-8023-D834917BB6AC}"
EndProject
Project("{FAE04EC0-301F-11D3-BF4B-00C04F79EFBC}") = "Ict.Petra.Server.MFinance.DataAggregates", "Petra\Server\lib\MFinance\data\Ict.Petra.Server.MFinance.DataAggregates.csproj", "{9571C77F-4E2B-4C19-B573-40E61918197C}"
EndProject
Project("{FAE04EC0-301F-11D3-BF4B-00C04F79EFBC}") = "Ict.Petra.Server.MFinance.Instantiator", "Petra\Server\lib\MFinance\connect\Ict.Petra.Server.MFinance.Instantiator.csproj", "{1D1F527D-D7B6-43C9-B500-D2BE1CD41F29}"
EndProject
Project("{FAE04EC0-301F-11D3-BF4B-00C04F79EFBC}") = "Ict.Petra.Server.MConference.DatasetAccess", "Petra\Server\lib\MConference\data\Ict.Petra.Server.MConference.DatasetAccess.csproj", "{3DE5012D-9B9F-46F2-8F94-2CC5FC594A5C}"
EndProject
Global
	GlobalSection(SolutionConfigurationPlatforms) = preSolution
		Debug|x86 = Debug|x86
		Release|x86 = Release|x86
	EndGlobalSection
	GlobalSection(ProjectConfigurationPlatforms) = postSolution
		{1403E8FE-F02E-4BF9-8648-D803397A26E0}.Debug|x86.ActiveCfg = Debug|x86
		{1403E8FE-F02E-4BF9-8648-D803397A26E0}.Debug|x86.Build.0 = Debug|x86
		{1403E8FE-F02E-4BF9-8648-D803397A26E0}.Release|x86.ActiveCfg = Release|x86
		{1403E8FE-F02E-4BF9-8648-D803397A26E0}.Release|x86.Build.0 = Release|x86
		{1532B4C2-5A04-4FFC-B383-E147A2377370}.Debug|x86.ActiveCfg = Debug|x86
		{1532B4C2-5A04-4FFC-B383-E147A2377370}.Debug|x86.Build.0 = Debug|x86
		{1532B4C2-5A04-4FFC-B383-E147A2377370}.Release|x86.ActiveCfg = Release|x86
		{1532B4C2-5A04-4FFC-B383-E147A2377370}.Release|x86.Build.0 = Release|x86
		{1A88A039-A817-40AF-A71A-A636AF5B7D1D}.Debug|x86.ActiveCfg = Debug|x86
		{1A88A039-A817-40AF-A71A-A636AF5B7D1D}.Debug|x86.Build.0 = Debug|x86
		{1A88A039-A817-40AF-A71A-A636AF5B7D1D}.Release|x86.ActiveCfg = Release|x86
		{1A88A039-A817-40AF-A71A-A636AF5B7D1D}.Release|x86.Build.0 = Release|x86
		{1C37FE17-B314-4EC6-91A7-EAF27D301130}.Debug|x86.ActiveCfg = Debug|x86
		{1C37FE17-B314-4EC6-91A7-EAF27D301130}.Debug|x86.Build.0 = Debug|x86
		{1C37FE17-B314-4EC6-91A7-EAF27D301130}.Release|x86.ActiveCfg = Release|x86
		{1C37FE17-B314-4EC6-91A7-EAF27D301130}.Release|x86.Build.0 = Release|x86
		{1F2FFC91-5C00-44ED-8EFD-3940426793CF}.Debug|x86.ActiveCfg = Debug|x86
		{1F2FFC91-5C00-44ED-8EFD-3940426793CF}.Debug|x86.Build.0 = Debug|x86
		{1F2FFC91-5C00-44ED-8EFD-3940426793CF}.Release|x86.ActiveCfg = Release|x86
		{1F2FFC91-5C00-44ED-8EFD-3940426793CF}.Release|x86.Build.0 = Release|x86
		{279D5FBA-A4FA-42F6-9737-2E4F60623917}.Debug|x86.ActiveCfg = Debug|x86
		{279D5FBA-A4FA-42F6-9737-2E4F60623917}.Debug|x86.Build.0 = Debug|x86
		{279D5FBA-A4FA-42F6-9737-2E4F60623917}.Release|x86.ActiveCfg = Release|x86
		{279D5FBA-A4FA-42F6-9737-2E4F60623917}.Release|x86.Build.0 = Release|x86
		{2D87F665-5D74-40C3-A5AF-C766D1C0A409}.Debug|x86.ActiveCfg = Debug|x86
		{2D87F665-5D74-40C3-A5AF-C766D1C0A409}.Debug|x86.Build.0 = Debug|x86
		{2D87F665-5D74-40C3-A5AF-C766D1C0A409}.Release|x86.ActiveCfg = Release|x86
		{2D87F665-5D74-40C3-A5AF-C766D1C0A409}.Release|x86.Build.0 = Release|x86
		{2E02BD3D-BB0A-456D-A3D0-AC05FC9114E9}.Debug|x86.ActiveCfg = Debug|x86
		{2E02BD3D-BB0A-456D-A3D0-AC05FC9114E9}.Debug|x86.Build.0 = Debug|x86
		{2E02BD3D-BB0A-456D-A3D0-AC05FC9114E9}.Release|x86.ActiveCfg = Release|x86
		{2E02BD3D-BB0A-456D-A3D0-AC05FC9114E9}.Release|x86.Build.0 = Release|x86
		{31D61A52-7E35-4224-B713-03C408AE6DF9}.Debug|x86.ActiveCfg = Debug|x86
		{31D61A52-7E35-4224-B713-03C408AE6DF9}.Debug|x86.Build.0 = Debug|x86
		{31D61A52-7E35-4224-B713-03C408AE6DF9}.Release|x86.ActiveCfg = Release|x86
		{31D61A52-7E35-4224-B713-03C408AE6DF9}.Release|x86.Build.0 = Release|x86
		{41425C75-D148-4BEC-9B8F-DBD277E4762F}.Debug|x86.ActiveCfg = Debug|x86
		{41425C75-D148-4BEC-9B8F-DBD277E4762F}.Debug|x86.Build.0 = Debug|x86
		{41425C75-D148-4BEC-9B8F-DBD277E4762F}.Release|x86.ActiveCfg = Release|x86
		{41425C75-D148-4BEC-9B8F-DBD277E4762F}.Release|x86.Build.0 = Release|x86
		{43B6A87D-79E4-477E-8FEE-BE5D8826413B}.Debug|x86.ActiveCfg = Debug|x86
		{43B6A87D-79E4-477E-8FEE-BE5D8826413B}.Debug|x86.Build.0 = Debug|x86
		{43B6A87D-79E4-477E-8FEE-BE5D8826413B}.Release|x86.ActiveCfg = Release|x86
		{43B6A87D-79E4-477E-8FEE-BE5D8826413B}.Release|x86.Build.0 = Release|x86
		{476D1409-E5EA-4E2A-A3FB-743F4832AE7A}.Debug|x86.ActiveCfg = Debug|x86
		{476D1409-E5EA-4E2A-A3FB-743F4832AE7A}.Debug|x86.Build.0 = Debug|x86
		{476D1409-E5EA-4E2A-A3FB-743F4832AE7A}.Release|x86.ActiveCfg = Release|x86
		{476D1409-E5EA-4E2A-A3FB-743F4832AE7A}.Release|x86.Build.0 = Release|x86
		{476D1409-E5EA-4E2A-A3FB-743F4835AE7A}.Debug|x86.ActiveCfg = Debug|x86
		{476D1409-E5EA-4E2A-A3FB-743F4835AE7A}.Debug|x86.Build.0 = Debug|x86
		{476D1409-E5EA-4E2A-A3FB-743F4835AE7A}.Release|x86.ActiveCfg = Release|x86
		{476D1409-E5EA-4E2A-A3FB-743F4835AE7A}.Release|x86.Build.0 = Release|x86
		{4B9EB5F9-2B16-4498-A218-77E6375428D6}.Debug|x86.ActiveCfg = Debug|x86
		{4B9EB5F9-2B16-4498-A218-77E6375428D6}.Debug|x86.Build.0 = Debug|x86
		{4B9EB5F9-2B16-4498-A218-77E6375428D6}.Release|x86.ActiveCfg = Release|x86
		{4B9EB5F9-2B16-4498-A218-77E6375428D6}.Release|x86.Build.0 = Release|x86
		{4F3F60C9-AC5E-4023-922A-FB616B53A2C0}.Debug|x86.ActiveCfg = Debug|x86
		{4F3F60C9-AC5E-4023-922A-FB616B53A2C0}.Debug|x86.Build.0 = Debug|x86
		{4F3F60C9-AC5E-4023-922A-FB616B53A2C0}.Release|x86.ActiveCfg = Release|x86
		{4F3F60C9-AC5E-4023-922A-FB616B53A2C0}.Release|x86.Build.0 = Release|x86
		{53C927CB-7CFF-4BA4-B457-9AAC2A239272}.Debug|x86.ActiveCfg = Debug|x86
		{53C927CB-7CFF-4BA4-B457-9AAC2A239272}.Debug|x86.Build.0 = Debug|x86
		{53C927CB-7CFF-4BA4-B457-9AAC2A239272}.Release|x86.ActiveCfg = Release|x86
		{53C927CB-7CFF-4BA4-B457-9AAC2A239272}.Release|x86.Build.0 = Release|x86
		{5AF07F51-C0B4-4AC7-9007-8CB607F9DA03}.Debug|x86.ActiveCfg = Debug|x86
		{5AF07F51-C0B4-4AC7-9007-8CB607F9DA03}.Debug|x86.Build.0 = Debug|x86
		{5AF07F51-C0B4-4AC7-9007-8CB607F9DA03}.Release|x86.ActiveCfg = Release|x86
		{5AF07F51-C0B4-4AC7-9007-8CB607F9DA03}.Release|x86.Build.0 = Release|x86
		{5DF56B61-41A0-4E7E-A918-5AF595A023A2}.Debug|x86.ActiveCfg = Debug|x86
		{5DF56B61-41A0-4E7E-A918-5AF595A023A2}.Debug|x86.Build.0 = Debug|x86
		{5DF56B61-41A0-4E7E-A918-5AF595A023A2}.Release|x86.ActiveCfg = Release|x86
		{5DF56B61-41A0-4E7E-A918-5AF595A023A2}.Release|x86.Build.0 = Release|x86
		{6372DC9A-981C-48F8-8719-E5B2CF7157DF}.Debug|x86.ActiveCfg = Debug|x86
		{6372DC9A-981C-48F8-8719-E5B2CF7157DF}.Debug|x86.Build.0 = Debug|x86
		{6372DC9A-981C-48F8-8719-E5B2CF7157DF}.Release|x86.ActiveCfg = Release|x86
		{6372DC9A-981C-48F8-8719-E5B2CF7157DF}.Release|x86.Build.0 = Release|x86
		{65837962-CBC5-4E5A-B75E-9ADCBD9DDD49}.Debug|x86.ActiveCfg = Debug|x86
		{65837962-CBC5-4E5A-B75E-9ADCBD9DDD49}.Debug|x86.Build.0 = Debug|x86
		{65837962-CBC5-4E5A-B75E-9ADCBD9DDD49}.Release|x86.ActiveCfg = Release|x86
		{65837962-CBC5-4E5A-B75E-9ADCBD9DDD49}.Release|x86.Build.0 = Release|x86
		{69E21FFC-F815-451A-96BB-66499CDDEB6E}.Debug|x86.ActiveCfg = Debug|x86
		{69E21FFC-F815-451A-96BB-66499CDDEB6E}.Debug|x86.Build.0 = Debug|x86
		{69E21FFC-F815-451A-96BB-66499CDDEB6E}.Release|x86.ActiveCfg = Release|x86
		{69E21FFC-F815-451A-96BB-66499CDDEB6E}.Release|x86.Build.0 = Release|x86
		{6D1D1DCD-F80D-4394-8308-6DFF8907CD93}.Debug|x86.ActiveCfg = Debug|x86
		{6D1D1DCD-F80D-4394-8308-6DFF8907CD93}.Debug|x86.Build.0 = Debug|x86
		{6D1D1DCD-F80D-4394-8308-6DFF8907CD93}.Release|x86.ActiveCfg = Release|x86
		{6D1D1DCD-F80D-4394-8308-6DFF8907CD93}.Release|x86.Build.0 = Release|x86
		{75A3A363-7EFE-4833-9E0F-33DF4967F6F6}.Debug|x86.ActiveCfg = Debug|x86
		{75A3A363-7EFE-4833-9E0F-33DF4967F6F6}.Debug|x86.Build.0 = Debug|x86
		{75A3A363-7EFE-4833-9E0F-33DF4967F6F6}.Release|x86.ActiveCfg = Release|x86
		{75A3A363-7EFE-4833-9E0F-33DF4967F6F6}.Release|x86.Build.0 = Release|x86
		{76E4431D-7374-41A6-9708-59104F895D51}.Debug|x86.ActiveCfg = Debug|x86
		{76E4431D-7374-41A6-9708-59104F895D51}.Debug|x86.Build.0 = Debug|x86
		{76E4431D-7374-41A6-9708-59104F895D51}.Release|x86.ActiveCfg = Release|x86
		{76E4431D-7374-41A6-9708-59104F895D51}.Release|x86.Build.0 = Release|x86
		{77F89220-F616-4732-97EC-3EEC72E11DEC}.Debug|x86.ActiveCfg = Debug|x86
		{77F89220-F616-4732-97EC-3EEC72E11DEC}.Debug|x86.Build.0 = Debug|x86
		{77F89220-F616-4732-97EC-3EEC72E11DEC}.Release|x86.ActiveCfg = Release|x86
		{77F89220-F616-4732-97EC-3EEC72E11DEC}.Release|x86.Build.0 = Release|x86
		{A2B90810-5C72-4154-8E6C-47F243E6538D}.Debug|x86.ActiveCfg = Debug|x86
		{A2B90810-5C72-4154-8E6C-47F243E6538D}.Debug|x86.Build.0 = Debug|x86
		{A2B90810-5C72-4154-8E6C-47F243E6538D}.Release|x86.ActiveCfg = Release|x86
		{A2B90810-5C72-4154-8E6C-47F243E6538D}.Release|x86.Build.0 = Release|x86
		{AE6D48F3-AF3A-4E3D-B221-D73FC5CCA688}.Debug|x86.ActiveCfg = Debug|x86
		{AE6D48F3-AF3A-4E3D-B221-D73FC5CCA688}.Debug|x86.Build.0 = Debug|x86
		{AE6D48F3-AF3A-4E3D-B221-D73FC5CCA688}.Release|x86.ActiveCfg = Release|x86
		{AE6D48F3-AF3A-4E3D-B221-D73FC5CCA688}.Release|x86.Build.0 = Release|x86
		{B0B33FB6-8D8E-4BAA-B496-6AA5E558D3B8}.Debug|x86.ActiveCfg = Debug|x86
		{B0B33FB6-8D8E-4BAA-B496-6AA5E558D3B8}.Debug|x86.Build.0 = Debug|x86
		{B0B33FB6-8D8E-4BAA-B496-6AA5E558D3B8}.Release|x86.ActiveCfg = Release|x86
		{B0B33FB6-8D8E-4BAA-B496-6AA5E558D3B8}.Release|x86.Build.0 = Release|x86
		{B7E0E43A-F197-46C0-9F5E-260FFDF2C877}.Debug|x86.ActiveCfg = Debug|x86
		{B7E0E43A-F197-46C0-9F5E-260FFDF2C877}.Debug|x86.Build.0 = Debug|x86
		{B7E0E43A-F197-46C0-9F5E-260FFDF2C877}.Release|x86.ActiveCfg = Release|x86
		{B7E0E43A-F197-46C0-9F5E-260FFDF2C877}.Release|x86.Build.0 = Release|x86
		{C9D92B0D-06CE-4580-A03F-8E0C54C3038D}.Debug|x86.ActiveCfg = Debug|x86
		{C9D92B0D-06CE-4580-A03F-8E0C54C3038D}.Debug|x86.Build.0 = Debug|x86
		{C9D92B0D-06CE-4580-A03F-8E0C54C3038D}.Release|x86.ActiveCfg = Release|x86
		{C9D92B0D-06CE-4580-A03F-8E0C54C3038D}.Release|x86.Build.0 = Release|x86
		{CF8F3805-344B-4B75-8498-C93205B2A2A9}.Debug|x86.ActiveCfg = Debug|x86
		{CF8F3805-344B-4B75-8498-C93205B2A2A9}.Debug|x86.Build.0 = Debug|x86
		{CF8F3805-344B-4B75-8498-C93205B2A2A9}.Release|x86.ActiveCfg = Release|x86
		{CF8F3805-344B-4B75-8498-C93205B2A2A9}.Release|x86.Build.0 = Release|x86
		{DC487150-0555-4C05-A13F-91588D9D750D}.Debug|x86.ActiveCfg = Debug|x86
		{DC487150-0555-4C05-A13F-91588D9D750D}.Debug|x86.Build.0 = Debug|x86
		{DC487150-0555-4C05-A13F-91588D9D750D}.Release|x86.ActiveCfg = Release|x86
		{DC487150-0555-4C05-A13F-91588D9D750D}.Release|x86.Build.0 = Release|x86
		{F053BB7D-E40D-4434-B99C-FC803F65E10A}.Debug|x86.ActiveCfg = Debug|x86
		{F053BB7D-E40D-4434-B99C-FC803F65E10A}.Debug|x86.Build.0 = Debug|x86
		{F053BB7D-E40D-4434-B99C-FC803F65E10A}.Release|x86.ActiveCfg = Release|x86
		{F053BB7D-E40D-4434-B99C-FC803F65E10A}.Release|x86.Build.0 = Release|x86
		{F2C85B76-E712-4C7B-9BB2-8F063C68D56B}.Debug|x86.ActiveCfg = Debug|x86
		{F2C85B76-E712-4C7B-9BB2-8F063C68D56B}.Debug|x86.Build.0 = Debug|x86
		{F2C85B76-E712-4C7B-9BB2-8F063C68D56B}.Release|x86.ActiveCfg = Release|x86
		{F2C85B76-E712-4C7B-9BB2-8F063C68D56B}.Release|x86.Build.0 = Release|x86
		{F37641A0-702F-48F8-A810-6075C3B29F6B}.Debug|x86.ActiveCfg = Debug|x86
		{F37641A0-702F-48F8-A810-6075C3B29F6B}.Debug|x86.Build.0 = Debug|x86
		{F37641A0-702F-48F8-A810-6075C3B29F6B}.Release|x86.ActiveCfg = Release|x86
		{F37641A0-702F-48F8-A810-6075C3B29F6B}.Release|x86.Build.0 = Release|x86
		{FB826CB1-81C5-47BB-B699-A7EB79CF800A}.Debug|x86.ActiveCfg = Debug|x86
		{FB826CB1-81C5-47BB-B699-A7EB79CF800A}.Debug|x86.Build.0 = Debug|x86
		{FB826CB1-81C5-47BB-B699-A7EB79CF800A}.Release|x86.ActiveCfg = Release|x86
		{FB826CB1-81C5-47BB-B699-A7EB79CF800A}.Release|x86.Build.0 = Release|x86
		{FD074084-1FB7-4C92-BD2A-09E7369EC81D}.Debug|x86.ActiveCfg = Debug|x86
		{FD074084-1FB7-4C92-BD2A-09E7369EC81D}.Debug|x86.Build.0 = Debug|x86
		{FD074084-1FB7-4C92-BD2A-09E7369EC81D}.Release|x86.ActiveCfg = Release|x86
		{FD074084-1FB7-4C92-BD2A-09E7369EC81D}.Release|x86.Build.0 = Release|x86
		{88C4BED3-FB27-46F8-85A7-F461989B7A34}.Debug|x86.ActiveCfg = Debug|x86
		{88C4BED3-FB27-46F8-85A7-F461989B7A34}.Debug|x86.Build.0 = Debug|x86
		{88C4BED3-FB27-46F8-85A7-F461989B7A34}.Release|x86.ActiveCfg = Release|x86
		{88C4BED3-FB27-46F8-85A7-F461989B7A34}.Release|x86.Build.0 = Release|x86
		{6343AB93-1AA2-46D9-ADB2-E9BA852BB878}.Debug|x86.ActiveCfg = Debug|x86
		{6343AB93-1AA2-46D9-ADB2-E9BA852BB878}.Debug|x86.Build.0 = Debug|x86
		{6343AB93-1AA2-46D9-ADB2-E9BA852BB878}.Release|x86.ActiveCfg = Release|x86
		{6343AB93-1AA2-46D9-ADB2-E9BA852BB878}.Release|x86.Build.0 = Release|x86
		{4B9EB5F9-2B16-4498-A218-77E6375428AA}.Debug|x86.ActiveCfg = Debug|x86
		{4B9EB5F9-2B16-4498-A218-77E6375428AA}.Debug|x86.Build.0 = Debug|x86
		{4B9EB5F9-2B16-4498-A218-77E6375428AA}.Release|x86.ActiveCfg = Release|x86
		{4B9EB5F9-2B16-4498-A218-77E6375428AA}.Release|x86.Build.0 = Release|x86
		{A2B90810-5C72-4154-8E6C-47F243E653A2}.Debug|x86.ActiveCfg = Debug|x86
		{A2B90810-5C72-4154-8E6C-47F243E653A2}.Debug|x86.Build.0 = Debug|x86
		{A2B90810-5C72-4154-8E6C-47F243E653A2}.Release|x86.ActiveCfg = Release|x86
		{A2B90810-5C72-4154-8E6C-47F243E653A2}.Release|x86.Build.0 = Release|x86
		{6372DC9A-981C-48F8-8719-E5B2CF7157F2}.Debug|x86.ActiveCfg = Debug|x86
		{6372DC9A-981C-48F8-8719-E5B2CF7157F2}.Debug|x86.Build.0 = Debug|x86
		{6372DC9A-981C-48F8-8719-E5B2CF7157F2}.Release|x86.ActiveCfg = Release|x86
		{6372DC9A-981C-48F8-8719-E5B2CF7157F2}.Release|x86.Build.0 = Release|x86
		{6EF08752-CDB0-4F94-8A17-D91BDDF45FA8}.Debug|x86.ActiveCfg = Debug|x86
		{6EF08752-CDB0-4F94-8A17-D91BDDF45FA8}.Debug|x86.Build.0 = Debug|x86
		{6EF08752-CDB0-4F94-8A17-D91BDDF45FA8}.Release|x86.ActiveCfg = Release|x86
		{6EF08752-CDB0-4F94-8A17-D91BDDF45FA8}.Release|x86.Build.0 = Release|x86
		{45FE3810-367A-4C3F-B35C-4F4485228AE8}.Debug|x86.ActiveCfg = Debug|x86
		{45FE3810-367A-4C3F-B35C-4F4485228AE8}.Debug|x86.Build.0 = Debug|x86
		{45FE3810-367A-4C3F-B35C-4F4485228AE8}.Release|x86.ActiveCfg = Release|x86
		{45FE3810-367A-4C3F-B35C-4F4485228AE8}.Release|x86.Build.0 = Release|x86
		{5E6DE599-3860-4741-B4FA-A93BE6AFABEB}.Debug|x86.ActiveCfg = Debug|x86
		{5E6DE599-3860-4741-B4FA-A93BE6AFABEB}.Debug|x86.Build.0 = Debug|x86
		{5E6DE599-3860-4741-B4FA-A93BE6AFABEB}.Release|x86.ActiveCfg = Release|x86
		{5E6DE599-3860-4741-B4FA-A93BE6AFABEB}.Release|x86.Build.0 = Release|x86
		{BB9EA65E-790F-4E3C-BFE4-23D01791F4A9}.Debug|x86.Build.0 = Debug|x86
		{BB9EA65E-790F-4E3C-BFE4-23D01791F4A9}.Debug|x86.ActiveCfg = Debug|x86
		{BB9EA65E-790F-4E3C-BFE4-23D01791F4A9}.Release|x86.Build.0 = Release|x86
		{BB9EA65E-790F-4E3C-BFE4-23D01791F4A9}.Release|x86.ActiveCfg = Release|x86
		{A6A1BB7A-D7AB-4269-B6E5-13145FC45965}.Debug|x86.Build.0 = Debug|x86
		{A6A1BB7A-D7AB-4269-B6E5-13145FC45965}.Debug|x86.ActiveCfg = Debug|x86
		{A6A1BB7A-D7AB-4269-B6E5-13145FC45965}.Release|x86.Build.0 = Release|x86
		{A6A1BB7A-D7AB-4269-B6E5-13145FC45965}.Release|x86.ActiveCfg = Release|x86
		{3EF6D79F-5ED9-4B63-AABF-62DE9A002BB6}.Debug|x86.Build.0 = Debug|x86
		{3EF6D79F-5ED9-4B63-AABF-62DE9A002BB6}.Debug|x86.ActiveCfg = Debug|x86
		{3EF6D79F-5ED9-4B63-AABF-62DE9A002BB6}.Release|x86.Build.0 = Release|x86
		{3EF6D79F-5ED9-4B63-AABF-62DE9A002BB6}.Release|x86.ActiveCfg = Release|x86
		{F07B0AA0-5BD8-4070-98B4-D0CB1CB69978}.Debug|x86.Build.0 = Debug|x86
		{F07B0AA0-5BD8-4070-98B4-D0CB1CB69978}.Debug|x86.ActiveCfg = Debug|x86
		{F07B0AA0-5BD8-4070-98B4-D0CB1CB69978}.Release|x86.Build.0 = Release|x86
		{F07B0AA0-5BD8-4070-98B4-D0CB1CB69978}.Release|x86.ActiveCfg = Release|x86
		{4FBB6C1D-A5BA-42DC-8023-D834917BB6AC}.Debug|x86.Build.0 = Debug|x86
		{4FBB6C1D-A5BA-42DC-8023-D834917BB6AC}.Debug|x86.ActiveCfg = Debug|x86
		{4FBB6C1D-A5BA-42DC-8023-D834917BB6AC}.Release|x86.Build.0 = Release|x86
		{4FBB6C1D-A5BA-42DC-8023-D834917BB6AC}.Release|x86.ActiveCfg = Release|x86
		{073910BE-E121-4C07-B849-3F073847DEB1}.Debug|x86.Build.0 = Debug|x86
		{073910BE-E121-4C07-B849-3F073847DEB1}.Debug|x86.ActiveCfg = Debug|x86
		{073910BE-E121-4C07-B849-3F073847DEB1}.Release|x86.Build.0 = Release|x86
		{073910BE-E121-4C07-B849-3F073847DEB1}.Release|x86.ActiveCfg = Release|x86
		{B08BAEC4-52F3-462B-9102-3F668246F00A}.Debug|x86.Build.0 = Debug|x86
		{B08BAEC4-52F3-462B-9102-3F668246F00A}.Debug|x86.ActiveCfg = Debug|x86
		{B08BAEC4-52F3-462B-9102-3F668246F00A}.Release|x86.Build.0 = Release|x86
		{B08BAEC4-52F3-462B-9102-3F668246F00A}.Release|x86.ActiveCfg = Release|x86
		{E8849E96-5C08-4AA9-8615-79B2D035877A}.Debug|x86.Build.0 = Debug|x86
		{E8849E96-5C08-4AA9-8615-79B2D035877A}.Debug|x86.ActiveCfg = Debug|x86
		{E8849E96-5C08-4AA9-8615-79B2D035877A}.Release|x86.Build.0 = Release|x86
		{E8849E96-5C08-4AA9-8615-79B2D035877A}.Release|x86.ActiveCfg = Release|x86
		{A8C295FE-A043-416E-B100-30BE14DA42D1}.Debug|x86.Build.0 = Debug|x86
		{A8C295FE-A043-416E-B100-30BE14DA42D1}.Debug|x86.ActiveCfg = Debug|x86
		{A8C295FE-A043-416E-B100-30BE14DA42D1}.Release|x86.Build.0 = Release|x86
		{A8C295FE-A043-416E-B100-30BE14DA42D1}.Release|x86.ActiveCfg = Release|x86
		{9571C77F-4E2B-4C19-B573-40E61918197C}.Debug|x86.Build.0 = Debug|x86
		{9571C77F-4E2B-4C19-B573-40E61918197C}.Debug|x86.ActiveCfg = Debug|x86
		{9571C77F-4E2B-4C19-B573-40E61918197C}.Release|x86.Build.0 = Release|x86
		{9571C77F-4E2B-4C19-B573-40E61918197C}.Release|x86.ActiveCfg = Release|x86
		{1D1F527D-D7B6-43C9-B500-D2BE1CD41F29}.Debug|x86.Build.0 = Debug|x86
		{1D1F527D-D7B6-43C9-B500-D2BE1CD41F29}.Debug|x86.ActiveCfg = Debug|x86
		{1D1F527D-D7B6-43C9-B500-D2BE1CD41F29}.Release|x86.Build.0 = Release|x86
		{1D1F527D-D7B6-43C9-B500-D2BE1CD41F29}.Release|x86.ActiveCfg = Release|x86
		{3DE5012D-9B9F-46F2-8F94-2CC5FC594A5C}.Debug|x86.Build.0 = Debug|x86
		{3DE5012D-9B9F-46F2-8F94-2CC5FC594A5C}.Debug|x86.ActiveCfg = Debug|x86
		{3DE5012D-9B9F-46F2-8F94-2CC5FC594A5C}.Release|x86.Build.0 = Release|x86
		{3DE5012D-9B9F-46F2-8F94-2CC5FC594A5C}.Release|x86.ActiveCfg = Release|x86
	EndGlobalSection
EndGlobal
