
Microsoft Visual Studio Solution File, Format Version 9.00
# Visual Studio 2005
# SharpDevelop 3.2.0.5505
Project("{FAE04EC0-301F-11D3-BF4B-00C04F79EFBC}") = "Ict.Petra.Shared", "Petra\Shared\Ict.Petra.Shared.csproj", "{5F8FBEF6-2E30-4E12-B3E4-80BC29932B7D}"
EndProject
Project("{FAE04EC0-301F-11D3-BF4B-00C04F79EFBC}") = "Ict.Petra.Shared.MCommon.DataSets", "Petra\Shared\lib\MCommon\data\Ict.Petra.Shared.MCommon.DataSets.csproj", "{7009B78A-4870-44C6-B8C9-30DFC36FD410}"
EndProject
Project("{FAE04EC0-301F-11D3-BF4B-00C04F79EFBC}") = "Ict.Petra.Shared.MCommon.DataTables", "Petra\Shared\lib\MCommon\data\Ict.Petra.Shared.MCommon.DataTables.csproj", "{EAF53CA5-2E91-4AE2-B412-8292DA40FE93}"
EndProject
Project("{FAE04EC0-301F-11D3-BF4B-00C04F79EFBC}") = "Ict.Petra.Shared.MConference.DataTables", "Petra\Shared\lib\MConference\data\Ict.Petra.Shared.MConference.DataTables.csproj", "{6877C414-A72F-4E48-A5ED-E100787641D3}"
EndProject
Project("{FAE04EC0-301F-11D3-BF4B-00C04F79EFBC}") = "Ict.Petra.Shared.MFinance.DataTables", "Petra\Shared\lib\MFinance\data\Ict.Petra.Shared.MFinance.DataTables.csproj", "{17586D04-2FFF-478C-A1AD-7DCDA49FB1FA}"
EndProject
Project("{FAE04EC0-301F-11D3-BF4B-00C04F79EFBC}") = "Ict.Petra.Shared.MHospitality.DataSets", "Petra\Shared\lib\MHospitality\data\Ict.Petra.Shared.MHospitality.DataSets.csproj", "{48360C9E-52F7-484C-944C-B1142AEED924}"
EndProject
Project("{FAE04EC0-301F-11D3-BF4B-00C04F79EFBC}") = "Ict.Petra.Shared.MHospitality.DataTables", "Petra\Shared\lib\MHospitality\data\Ict.Petra.Shared.MHospitality.DataTables.csproj", "{46C94508-2388-4EB4-8244-E50A732D5FF8}"
EndProject
Project("{FAE04EC0-301F-11D3-BF4B-00C04F79EFBC}") = "Ict.Petra.Shared.MPartner.DataSets", "Petra\Shared\lib\MPartner\data\Ict.Petra.Shared.MPartner.DataSets.csproj", "{422514A8-712E-4A39-8CEC-AB76F6B6B68E}"
EndProject
Project("{FAE04EC0-301F-11D3-BF4B-00C04F79EFBC}") = "Ict.Petra.Shared.MPartner.DataTables", "Petra\Shared\lib\MPartner\data\Ict.Petra.Shared.MPartner.DataTables.csproj", "{6A8AF588-522A-469E-BEC4-C154CBC8866A}"
EndProject
Project("{FAE04EC0-301F-11D3-BF4B-00C04F79EFBC}") = "Ict.Petra.Shared.MPersonnel.DataSets", "Petra\Shared\lib\MPersonnel\data\Ict.Petra.Shared.MPersonnel.DataSets.csproj", "{EE491F69-FB10-4009-AEC5-E34AE8D8A532}"
EndProject
Project("{FAE04EC0-301F-11D3-BF4B-00C04F79EFBC}") = "Ict.Petra.Shared.MPersonnel.DataTables", "Petra\Shared\lib\MPersonnel\data\Ict.Petra.Shared.MPersonnel.DataTables.csproj", "{5B6D2B12-84D0-4B62-AF1F-B8365FBF68D1}"
EndProject
Project("{FAE04EC0-301F-11D3-BF4B-00C04F79EFBC}") = "Ict.Petra.Shared.MSysMan.DataTables", "Petra\Shared\lib\MSysMan\data\Ict.Petra.Shared.MSysMan.DataTables.csproj", "{E5C3D047-F530-4AAA-B7BE-3CEE79A45BCE}"
EndProject
Project("{FAE04EC0-301F-11D3-BF4B-00C04F79EFBC}") = "Ict.Petra.Shared.UserInfo", "Petra\Shared\Ict.Petra.Shared.UserInfo.csproj", "{ECC6EB7E-E269-4735-8989-4243ABC58379}"
EndProject
Project("{FAE04EC0-301F-11D3-BF4B-00C04F79EFBC}") = "Ict.Petra.Shared.MCommon", "Petra\Shared\lib\MCommon\Ict.Petra.Shared.MCommon.csproj", "{2ED62D43-A6DF-4DA1-B18D-F051BB019CE0}"
EndProject
Project("{FAE04EC0-301F-11D3-BF4B-00C04F79EFBC}") = "Ict.Petra.Shared.MConference", "Petra\Shared\lib\MConference\Ict.Petra.Shared.MConference.csproj", "{E188325F-2EED-4B03-BD27-7D87764500A0}"
EndProject
Project("{FAE04EC0-301F-11D3-BF4B-00C04F79EFBC}") = "Ict.Petra.Shared.MFinance", "Petra\Shared\lib\MFinance\Ict.Petra.Shared.MFinance.csproj", "{57C9A0FC-CCA5-4E4B-9A8A-A0F267466849}"
EndProject
Project("{FAE04EC0-301F-11D3-BF4B-00C04F79EFBC}") = "Ict.Petra.Shared.MPartner", "Petra\Shared\lib\MPartner\Ict.Petra.Shared.MPartner.csproj", "{A46CC6F2-FC2E-4585-9FF1-C83B941C30C5}"
EndProject
Project("{FAE04EC0-301F-11D3-BF4B-00C04F79EFBC}") = "Ict.Petra.Shared.MPersonnel", "Petra\Shared\lib\MPersonnel\Ict.Petra.Shared.MPersonnel.csproj", "{2DF8D7E4-74C8-49D0-9EA3-D5E93BA3C093}"
EndProject
Project("{FAE04EC0-301F-11D3-BF4B-00C04F79EFBC}") = "Ict.Petra.Shared.MSysMan", "Petra\Shared\lib\MSysMan\Ict.Petra.Shared.MSysMan.csproj", "{E25ABF88-1199-434C-B64D-958C2E8FF65A}"
EndProject
Project("{FAE04EC0-301F-11D3-BF4B-00C04F79EFBC}") = "Ict.Petra.Shared.MReporting", "Petra\Shared\lib\MReporting\Ict.Petra.Shared.MReporting.csproj", "{EA671E66-95F5-40B7-9B0F-D0A2E9855704}"
EndProject
Project("{FAE04EC0-301F-11D3-BF4B-00C04F79EFBC}") = "Ict.Petra.Shared.Interfaces.ServerAdminInterface", "Petra\Shared\lib\Interfaces\Ict.Petra.Shared.Interfaces.ServerAdminInterface.csproj", "{FB263980-7C7A-4D88-A9CA-4BEBB1F4486C}"
EndProject
Project("{FAE04EC0-301F-11D3-BF4B-00C04F79EFBC}") = "Ict.Petra.Shared.Interfaces", "Petra\Shared\lib\Interfaces\Ict.Petra.Shared.Interfaces.csproj", "{F1A7A1DF-BF17-4E23-87AD-95C38EC25D03}"
EndProject
Project("{FAE04EC0-301F-11D3-BF4B-00C04F79EFBC}") = "Ict.Petra.Shared.Interfaces.Plugins", "Petra\Shared\lib\Interfaces\Ict.Petra.Shared.Interfaces.Plugins.csproj", "{D49D7F5A-5137-4984-B653-AC511D48B913}"
EndProject
Project("{FAE04EC0-301F-11D3-BF4B-00C04F79EFBC}") = "Ict.Petra.Shared.MFinance.DataSets", "Petra\Shared\lib\MFinance\data\Ict.Petra.Shared.MFinance.DataSets.csproj", "{B8AACF21-2B9B-4CA3-8232-3DCE1E73C5C1}"
EndProject
Project("{FAE04EC0-301F-11D3-BF4B-00C04F79EFBC}") = "Ict.Petra.Shared.RemotingSinks", "Petra\Shared\lib\RemotingSinks\Ict.Petra.Shared.RemotingSinks.csproj", "{9D2382FA-5EB8-4088-9664-A1BFDA20750B}"
EndProject
Project("{FAE04EC0-301F-11D3-BF4B-00C04F79EFBC}") = "Ict.Petra.Shared.MSysMan.DataSets", "Petra\Shared\lib\MSysMan\data\Ict.Petra.Shared.MSysMan.DataSets.csproj", "{EE491F69-FB10-4009-AEC5-A77AE8D8A532}"
EndProject
Global
	GlobalSection(SolutionConfigurationPlatforms) = preSolution
		Debug|x86 = Debug|x86
		Release|x86 = Release|x86
	EndGlobalSection
	GlobalSection(ProjectConfigurationPlatforms) = postSolution
		{5F8FBEF6-2E30-4E12-B3E4-80BC29932B7D}.Debug|x86.ActiveCfg = Debug|x86
		{5F8FBEF6-2E30-4E12-B3E4-80BC29932B7D}.Debug|x86.Build.0 = Debug|x86
		{5F8FBEF6-2E30-4E12-B3E4-80BC29932B7D}.Release|x86.ActiveCfg = Release|x86
		{5F8FBEF6-2E30-4E12-B3E4-80BC29932B7D}.Release|x86.Build.0 = Release|x86
		{7009B78A-4870-44C6-B8C9-30DFC36FD410}.Debug|x86.ActiveCfg = Debug|x86
		{7009B78A-4870-44C6-B8C9-30DFC36FD410}.Debug|x86.Build.0 = Debug|x86
		{7009B78A-4870-44C6-B8C9-30DFC36FD410}.Release|x86.ActiveCfg = Release|x86
		{7009B78A-4870-44C6-B8C9-30DFC36FD410}.Release|x86.Build.0 = Release|x86
		{EAF53CA5-2E91-4AE2-B412-8292DA40FE93}.Debug|x86.ActiveCfg = Debug|x86
		{EAF53CA5-2E91-4AE2-B412-8292DA40FE93}.Debug|x86.Build.0 = Debug|x86
		{EAF53CA5-2E91-4AE2-B412-8292DA40FE93}.Release|x86.ActiveCfg = Release|x86
		{EAF53CA5-2E91-4AE2-B412-8292DA40FE93}.Release|x86.Build.0 = Release|x86
		{6877C414-A72F-4E48-A5ED-E100787641D3}.Debug|x86.ActiveCfg = Debug|x86
		{6877C414-A72F-4E48-A5ED-E100787641D3}.Debug|x86.Build.0 = Debug|x86
		{6877C414-A72F-4E48-A5ED-E100787641D3}.Release|x86.ActiveCfg = Release|x86
		{6877C414-A72F-4E48-A5ED-E100787641D3}.Release|x86.Build.0 = Release|x86
		{17586D04-2FFF-478C-A1AD-7DCDA49FB1FA}.Debug|x86.ActiveCfg = Debug|x86
		{17586D04-2FFF-478C-A1AD-7DCDA49FB1FA}.Debug|x86.Build.0 = Debug|x86
		{17586D04-2FFF-478C-A1AD-7DCDA49FB1FA}.Release|x86.ActiveCfg = Release|x86
		{17586D04-2FFF-478C-A1AD-7DCDA49FB1FA}.Release|x86.Build.0 = Release|x86
		{48360C9E-52F7-484C-944C-B1142AEED924}.Debug|x86.ActiveCfg = Debug|x86
		{48360C9E-52F7-484C-944C-B1142AEED924}.Debug|x86.Build.0 = Debug|x86
		{48360C9E-52F7-484C-944C-B1142AEED924}.Release|x86.ActiveCfg = Release|x86
		{48360C9E-52F7-484C-944C-B1142AEED924}.Release|x86.Build.0 = Release|x86
		{46C94508-2388-4EB4-8244-E50A732D5FF8}.Debug|x86.ActiveCfg = Debug|x86
		{46C94508-2388-4EB4-8244-E50A732D5FF8}.Debug|x86.Build.0 = Debug|x86
		{46C94508-2388-4EB4-8244-E50A732D5FF8}.Release|x86.ActiveCfg = Release|x86
		{46C94508-2388-4EB4-8244-E50A732D5FF8}.Release|x86.Build.0 = Release|x86
		{422514A8-712E-4A39-8CEC-AB76F6B6B68E}.Debug|x86.ActiveCfg = Debug|x86
		{422514A8-712E-4A39-8CEC-AB76F6B6B68E}.Debug|x86.Build.0 = Debug|x86
		{422514A8-712E-4A39-8CEC-AB76F6B6B68E}.Release|x86.ActiveCfg = Release|x86
		{422514A8-712E-4A39-8CEC-AB76F6B6B68E}.Release|x86.Build.0 = Release|x86
		{6A8AF588-522A-469E-BEC4-C154CBC8866A}.Debug|x86.ActiveCfg = Debug|x86
		{6A8AF588-522A-469E-BEC4-C154CBC8866A}.Debug|x86.Build.0 = Debug|x86
		{6A8AF588-522A-469E-BEC4-C154CBC8866A}.Release|x86.ActiveCfg = Release|x86
		{6A8AF588-522A-469E-BEC4-C154CBC8866A}.Release|x86.Build.0 = Release|x86
		{EE491F69-FB10-4009-AEC5-E34AE8D8A532}.Debug|x86.ActiveCfg = Debug|x86
		{EE491F69-FB10-4009-AEC5-E34AE8D8A532}.Debug|x86.Build.0 = Debug|x86
		{EE491F69-FB10-4009-AEC5-E34AE8D8A532}.Release|x86.ActiveCfg = Release|x86
		{EE491F69-FB10-4009-AEC5-E34AE8D8A532}.Release|x86.Build.0 = Release|x86
		{5B6D2B12-84D0-4B62-AF1F-B8365FBF68D1}.Debug|x86.ActiveCfg = Debug|x86
		{5B6D2B12-84D0-4B62-AF1F-B8365FBF68D1}.Debug|x86.Build.0 = Debug|x86
		{5B6D2B12-84D0-4B62-AF1F-B8365FBF68D1}.Release|x86.ActiveCfg = Release|x86
		{5B6D2B12-84D0-4B62-AF1F-B8365FBF68D1}.Release|x86.Build.0 = Release|x86
		{E5C3D047-F530-4AAA-B7BE-3CEE79A45BCE}.Debug|x86.ActiveCfg = Debug|x86
		{E5C3D047-F530-4AAA-B7BE-3CEE79A45BCE}.Debug|x86.Build.0 = Debug|x86
		{E5C3D047-F530-4AAA-B7BE-3CEE79A45BCE}.Release|x86.ActiveCfg = Release|x86
		{E5C3D047-F530-4AAA-B7BE-3CEE79A45BCE}.Release|x86.Build.0 = Release|x86
		{ECC6EB7E-E269-4735-8989-4243ABC58379}.Debug|x86.ActiveCfg = Debug|x86
		{ECC6EB7E-E269-4735-8989-4243ABC58379}.Debug|x86.Build.0 = Debug|x86
		{ECC6EB7E-E269-4735-8989-4243ABC58379}.Release|x86.ActiveCfg = Release|x86
		{ECC6EB7E-E269-4735-8989-4243ABC58379}.Release|x86.Build.0 = Release|x86
		{2ED62D43-A6DF-4DA1-B18D-F051BB019CE0}.Debug|x86.ActiveCfg = Debug|x86
		{2ED62D43-A6DF-4DA1-B18D-F051BB019CE0}.Debug|x86.Build.0 = Debug|x86
		{2ED62D43-A6DF-4DA1-B18D-F051BB019CE0}.Release|x86.ActiveCfg = Release|x86
		{2ED62D43-A6DF-4DA1-B18D-F051BB019CE0}.Release|x86.Build.0 = Release|x86
		{E188325F-2EED-4B03-BD27-7D87764500A0}.Debug|x86.ActiveCfg = Debug|x86
		{E188325F-2EED-4B03-BD27-7D87764500A0}.Debug|x86.Build.0 = Debug|x86
		{E188325F-2EED-4B03-BD27-7D87764500A0}.Release|x86.ActiveCfg = Release|x86
		{E188325F-2EED-4B03-BD27-7D87764500A0}.Release|x86.Build.0 = Release|x86
		{57C9A0FC-CCA5-4E4B-9A8A-A0F267466849}.Debug|x86.ActiveCfg = Debug|x86
		{57C9A0FC-CCA5-4E4B-9A8A-A0F267466849}.Debug|x86.Build.0 = Debug|x86
		{57C9A0FC-CCA5-4E4B-9A8A-A0F267466849}.Release|x86.ActiveCfg = Release|x86
		{57C9A0FC-CCA5-4E4B-9A8A-A0F267466849}.Release|x86.Build.0 = Release|x86
		{A46CC6F2-FC2E-4585-9FF1-C83B941C30C5}.Debug|x86.ActiveCfg = Debug|x86
		{A46CC6F2-FC2E-4585-9FF1-C83B941C30C5}.Debug|x86.Build.0 = Debug|x86
		{A46CC6F2-FC2E-4585-9FF1-C83B941C30C5}.Release|x86.ActiveCfg = Release|x86
		{A46CC6F2-FC2E-4585-9FF1-C83B941C30C5}.Release|x86.Build.0 = Release|x86
		{2DF8D7E4-74C8-49D0-9EA3-D5E93BA3C093}.Debug|x86.ActiveCfg = Debug|x86
		{2DF8D7E4-74C8-49D0-9EA3-D5E93BA3C093}.Debug|x86.Build.0 = Debug|x86
		{2DF8D7E4-74C8-49D0-9EA3-D5E93BA3C093}.Release|x86.ActiveCfg = Release|x86
		{2DF8D7E4-74C8-49D0-9EA3-D5E93BA3C093}.Release|x86.Build.0 = Release|x86
		{E25ABF88-1199-434C-B64D-958C2E8FF65A}.Debug|x86.ActiveCfg = Debug|x86
		{E25ABF88-1199-434C-B64D-958C2E8FF65A}.Debug|x86.Build.0 = Debug|x86
		{E25ABF88-1199-434C-B64D-958C2E8FF65A}.Release|x86.ActiveCfg = Release|x86
		{E25ABF88-1199-434C-B64D-958C2E8FF65A}.Release|x86.Build.0 = Release|x86
		{EA671E66-95F5-40B7-9B0F-D0A2E9855704}.Debug|x86.ActiveCfg = Debug|x86
		{EA671E66-95F5-40B7-9B0F-D0A2E9855704}.Debug|x86.Build.0 = Debug|x86
		{EA671E66-95F5-40B7-9B0F-D0A2E9855704}.Release|x86.ActiveCfg = Release|x86
		{EA671E66-95F5-40B7-9B0F-D0A2E9855704}.Release|x86.Build.0 = Release|x86
		{FB263980-7C7A-4D88-A9CA-4BEBB1F4486C}.Debug|x86.ActiveCfg = Debug|x86
		{FB263980-7C7A-4D88-A9CA-4BEBB1F4486C}.Debug|x86.Build.0 = Debug|x86
		{FB263980-7C7A-4D88-A9CA-4BEBB1F4486C}.Release|x86.ActiveCfg = Release|x86
		{FB263980-7C7A-4D88-A9CA-4BEBB1F4486C}.Release|x86.Build.0 = Release|x86
		{F1A7A1DF-BF17-4E23-87AD-95C38EC25D03}.Debug|x86.ActiveCfg = Debug|x86
		{F1A7A1DF-BF17-4E23-87AD-95C38EC25D03}.Debug|x86.Build.0 = Debug|x86
		{F1A7A1DF-BF17-4E23-87AD-95C38EC25D03}.Release|x86.ActiveCfg = Release|x86
		{F1A7A1DF-BF17-4E23-87AD-95C38EC25D03}.Release|x86.Build.0 = Release|x86
		{D49D7F5A-5137-4984-B653-AC511D48B913}.Debug|x86.ActiveCfg = Debug|x86
		{D49D7F5A-5137-4984-B653-AC511D48B913}.Debug|x86.Build.0 = Debug|x86
		{D49D7F5A-5137-4984-B653-AC511D48B913}.Release|x86.ActiveCfg = Release|x86
		{D49D7F5A-5137-4984-B653-AC511D48B913}.Release|x86.Build.0 = Release|x86
		{B8AACF21-2B9B-4CA3-8232-3DCE1E73C5C1}.Debug|x86.ActiveCfg = Debug|x86
		{B8AACF21-2B9B-4CA3-8232-3DCE1E73C5C1}.Debug|x86.Build.0 = Debug|x86
		{B8AACF21-2B9B-4CA3-8232-3DCE1E73C5C1}.Release|x86.ActiveCfg = Release|x86
		{B8AACF21-2B9B-4CA3-8232-3DCE1E73C5C1}.Release|x86.Build.0 = Release|x86
		{9D2382FA-5EB8-4088-9664-A1BFDA20750B}.Debug|x86.ActiveCfg = Debug|x86
		{9D2382FA-5EB8-4088-9664-A1BFDA20750B}.Debug|x86.Build.0 = Debug|x86
		{9D2382FA-5EB8-4088-9664-A1BFDA20750B}.Release|x86.ActiveCfg = Release|x86
		{9D2382FA-5EB8-4088-9664-A1BFDA20750B}.Release|x86.Build.0 = Release|x86
		{EE491F69-FB10-4009-AEC5-A77AE8D8A532}.Debug|x86.ActiveCfg = Debug|x86
		{EE491F69-FB10-4009-AEC5-A77AE8D8A532}.Debug|x86.Build.0 = Debug|x86
		{EE491F69-FB10-4009-AEC5-A77AE8D8A532}.Release|x86.ActiveCfg = Release|x86
		{EE491F69-FB10-4009-AEC5-A77AE8D8A532}.Release|x86.Build.0 = Release|x86
	EndGlobalSection
EndGlobal
