
Microsoft Visual Studio Solution File, Format Version 9.00
# Visual Studio 2005
# SharpDevelop 3.0.0.3800
Project("{FAE04EC0-301F-11D3-BF4B-00C04F79EFBC}") = "Ict.Petra.Shared", "Petra\Shared\Ict.Petra.Shared.csproj", "{5F8FBEF6-2E30-4E12-B3E4-80BC29932B7D}"
EndProject
Project("{FAE04EC0-301F-11D3-BF4B-00C04F79EFBC}") = "Ict.Petra.Shared.MCommon.DataAccess", "Petra\Shared\lib\MCommon\data\Ict.Petra.Shared.MCommon.DataAccess.csproj", "{69E21FFC-F815-451A-96BB-66499CDDEB6E}"
EndProject
Project("{FAE04EC0-301F-11D3-BF4B-00C04F79EFBC}") = "Ict.Petra.Shared.MCommon.DataCascading", "Petra\Shared\lib\MCommon\data\Ict.Petra.Shared.MCommon.DataCascading.csproj", "{2E02BD3D-BB0A-456D-A3D0-AC05FC9114E9}"
EndProject
Project("{FAE04EC0-301F-11D3-BF4B-00C04F79EFBC}") = "Ict.Petra.Shared.MCommon.DataSets", "Petra\Shared\lib\MCommon\data\Ict.Petra.Shared.MCommon.DataSets.csproj", "{7009B78A-4870-44C6-B8C9-30DFC36FD410}"
EndProject
Project("{FAE04EC0-301F-11D3-BF4B-00C04F79EFBC}") = "Ict.Petra.Shared.MCommon.DataTables", "Petra\Shared\lib\MCommon\data\Ict.Petra.Shared.MCommon.DataTables.csproj", "{EAF53CA5-2E91-4AE2-B412-8292DA40FE93}"
EndProject
Project("{FAE04EC0-301F-11D3-BF4B-00C04F79EFBC}") = "Ict.Petra.Shared.MConference.DataAccess", "Petra\Shared\lib\MConference\data\Ict.Petra.Shared.MConference.DataAccess.csproj", "{FB826CB1-81C5-47BB-B699-A7EB79CF800A}"
EndProject
Project("{FAE04EC0-301F-11D3-BF4B-00C04F79EFBC}") = "Ict.Petra.Shared.MConference.DataTables", "Petra\Shared\lib\MConference\data\Ict.Petra.Shared.MConference.DataTables.csproj", "{6877C414-A72F-4E48-A5ED-E100787641D3}"
EndProject
Project("{FAE04EC0-301F-11D3-BF4B-00C04F79EFBC}") = "Ict.Petra.Shared.MFinance.DataAccess", "Petra\Shared\lib\MFinance\data\Ict.Petra.Shared.MFinance.DataAccess.csproj", "{FD074084-1FB7-4C92-BD2A-09E7369EC81D}"
EndProject
Project("{FAE04EC0-301F-11D3-BF4B-00C04F79EFBC}") = "Ict.Petra.Shared.MFinance.DataTables", "Petra\Shared\lib\MFinance\data\Ict.Petra.Shared.MFinance.DataTables.csproj", "{17586D04-2FFF-478C-A1AD-7DCDA49FB1FA}"
EndProject
Project("{FAE04EC0-301F-11D3-BF4B-00C04F79EFBC}") = "Ict.Petra.Shared.MHospitality.DataAccess", "Petra\Shared\lib\MHospitality\data\Ict.Petra.Shared.MHospitality.DataAccess.csproj", "{4B9EB5F9-2B16-4498-A218-77E6375428D6}"
EndProject
Project("{FAE04EC0-301F-11D3-BF4B-00C04F79EFBC}") = "Ict.Petra.Shared.MHospitality.DataSets", "Petra\Shared\lib\MHospitality\data\Ict.Petra.Shared.MHospitality.DataSets.csproj", "{48360C9E-52F7-484C-944C-B1142AEED924}"
EndProject
Project("{FAE04EC0-301F-11D3-BF4B-00C04F79EFBC}") = "Ict.Petra.Shared.MHospitality.DataTables", "Petra\Shared\lib\MHospitality\data\Ict.Petra.Shared.MHospitality.DataTables.csproj", "{46C94508-2388-4EB4-8244-E50A732D5FF8}"
EndProject
Project("{FAE04EC0-301F-11D3-BF4B-00C04F79EFBC}") = "Ict.Petra.Shared.MPartner.DataAccess", "Petra\Shared\lib\MPartner\data\Ict.Petra.Shared.MPartner.DataAccess.csproj", "{6372DC9A-981C-48F8-8719-E5B2CF7157DF}"
EndProject
Project("{FAE04EC0-301F-11D3-BF4B-00C04F79EFBC}") = "Ict.Petra.Shared.MPartner.DataSets", "Petra\Shared\lib\MPartner\data\Ict.Petra.Shared.MPartner.DataSets.csproj", "{422514A8-712E-4A39-8CEC-AB76F6B6B68E}"
EndProject
Project("{FAE04EC0-301F-11D3-BF4B-00C04F79EFBC}") = "Ict.Petra.Shared.MPartner.DataTables", "Petra\Shared\lib\MPartner\data\Ict.Petra.Shared.MPartner.DataTables.csproj", "{6A8AF588-522A-469E-BEC4-C154CBC8866A}"
EndProject
Project("{FAE04EC0-301F-11D3-BF4B-00C04F79EFBC}") = "Ict.Petra.Shared.MPersonnel.DataAccess", "Petra\Shared\lib\MPersonnel\data\Ict.Petra.Shared.MPersonnel.DataAccess.csproj", "{A2B90810-5C72-4154-8E6C-47F243E6538D}"
EndProject
Project("{FAE04EC0-301F-11D3-BF4B-00C04F79EFBC}") = "Ict.Petra.Shared.MPersonnel.DataSets", "Petra\Shared\lib\MPersonnel\data\Ict.Petra.Shared.MPersonnel.DataSets.csproj", "{EE491F69-FB10-4009-AEC5-E34AE8D8A532}"
EndProject
Project("{FAE04EC0-301F-11D3-BF4B-00C04F79EFBC}") = "Ict.Petra.Shared.MPersonnel.DataTables", "Petra\Shared\lib\MPersonnel\data\Ict.Petra.Shared.MPersonnel.DataTables.csproj", "{5B6D2B12-84D0-4B62-AF1F-B8365FBF68D1}"
EndProject
Project("{FAE04EC0-301F-11D3-BF4B-00C04F79EFBC}") = "Ict.Petra.Shared.MSysMan.DataAccess", "Petra\Shared\lib\MSysMan\data\Ict.Petra.Shared.MSysMan.DataAccess.csproj", "{CF8F3805-344B-4B75-8498-C93205B2A2A9}"
EndProject
Project("{FAE04EC0-301F-11D3-BF4B-00C04F79EFBC}") = "Ict.Petra.Shared.MSysMan.DataTables", "Petra\Shared\lib\MSysMan\data\Ict.Petra.Shared.MSysMan.DataTables.csproj", "{E5C3D047-F530-4AAA-B7BE-3CEE79A45BCE}"
EndProject
Project("{FAE04EC0-301F-11D3-BF4B-00C04F79EFBC}") = "Ict.Petra.Shared.UserInfo", "Petra\Shared\Ict.Petra.Shared.UserInfo.csproj", "{ECC6EB7E-E269-4735-8989-4243ABC58379}"
EndProject
Project("{FAE04EC0-301F-11D3-BF4B-00C04F79EFBC}") = "Ict.Petra.Shared.MCommon", "Petra\Shared\lib\MCommon\Ict.Petra.Shared.MCommon.csproj", "{2ED62D43-A6DF-4DA1-B18D-F051BB019CE0}"
EndProject
Project("{FAE04EC0-301F-11D3-BF4B-00C04F79EFBC}") = "Ict.Petra.Shared.MConference", "Petra\Shared\lib\MConference\Ict.Petra.Shared.MConference.csproj", "{E188325F-2EED-4B03-BD27-7D87764500A0}"
EndProject
Project("{FAE04EC0-301F-11D3-BF4B-00C04F79EFBC}") = "Ict.Petra.Shared.MFinance", "Petra\Shared\lib\MFinance\Ict.Petra.Shared.MFinance.csproj", "{57C9A0FC-CCA5-4E4B-9A8A-A0F267466849}"
EndProject
Project("{FAE04EC0-301F-11D3-BF4B-00C04F79EFBC}") = "Ict.Petra.Shared.MPartner", "Petra\Shared\lib\MPartner\Ict.Petra.Shared.MPartner.csproj", "{A46CC6F2-FC2E-4585-9FF1-C83B941C30C5}"
EndProject
Project("{FAE04EC0-301F-11D3-BF4B-00C04F79EFBC}") = "Ict.Petra.Shared.MPersonnel", "Petra\Shared\lib\MPersonnel\Ict.Petra.Shared.MPersonnel.csproj", "{2DF8D7E4-74C8-49D0-9EA3-D5E93BA3C093}"
EndProject
Project("{FAE04EC0-301F-11D3-BF4B-00C04F79EFBC}") = "Ict.Petra.Shared.MSysMan", "Petra\Shared\lib\MSysMan\Ict.Petra.Shared.MSysMan.csproj", "{E25ABF88-1199-434C-B64D-958C2E8FF65A}"
EndProject
Project("{FAE04EC0-301F-11D3-BF4B-00C04F79EFBC}") = "Ict.Petra.Shared.MReporting", "Petra\Shared\lib\MReporting\Ict.Petra.Shared.MReporting.csproj", "{EA671E66-95F5-40B7-9B0F-D0A2E9855704}"
EndProject
Project("{FAE04EC0-301F-11D3-BF4B-00C04F79EFBC}") = "Ict.Petra.Shared.Interfaces.ServerAdminInterface", "Petra\Shared\lib\Interfaces\Ict.Petra.Shared.Interfaces.ServerAdminInterface.csproj", "{FB263980-7C7A-4D88-A9CA-4BEBB1F4486C}"
EndProject
Project("{FAE04EC0-301F-11D3-BF4B-00C04F79EFBC}") = "Ict.Petra.Shared.Interfaces", "Petra\Shared\lib\Interfaces\Ict.Petra.Shared.Interfaces.csproj", "{F1A7A1DF-BF17-4E23-87AD-95C38EC25D03}"
EndProject
Project("{FAE04EC0-301F-11D3-BF4B-00C04F79EFBC}") = "Ict.Petra.Shared.Interfaces.Plugins", "Petra\Shared\lib\Interfaces\Ict.Petra.Shared.Interfaces.Plugins.csproj", "{D49D7F5A-5137-4984-B653-AC511D48B913}"
EndProject
Project("{FAE04EC0-301F-11D3-BF4B-00C04F79EFBC}") = "Ict.Petra.Shared.MFinance.DataSets", "Petra\Shared\lib\MFinance\data\Ict.Petra.Shared.MFinance.DataSets.csproj", "B8AACF21-2B9B-4CA3-8232-3DCE1E73C5C1"
EndProject
Global
	GlobalSection(SolutionConfigurationPlatforms) = preSolution
		Debug|Any CPU = Debug|Any CPU
		Release|Any CPU = Release|Any CPU
	EndGlobalSection
	GlobalSection(ProjectConfigurationPlatforms) = postSolution
		{5F8FBEF6-2E30-4E12-B3E4-80BC29932B7D}.Debug|Any CPU.ActiveCfg = Debug|Any CPU
		{5F8FBEF6-2E30-4E12-B3E4-80BC29932B7D}.Debug|Any CPU.Build.0 = Debug|Any CPU
		{5F8FBEF6-2E30-4E12-B3E4-80BC29932B7D}.Release|Any CPU.ActiveCfg = Release|Any CPU
		{5F8FBEF6-2E30-4E12-B3E4-80BC29932B7D}.Release|Any CPU.Build.0 = Release|Any CPU
		{69E21FFC-F815-451A-96BB-66499CDDEB6E}.Debug|Any CPU.ActiveCfg = Debug|Any CPU
		{69E21FFC-F815-451A-96BB-66499CDDEB6E}.Debug|Any CPU.Build.0 = Debug|Any CPU
		{69E21FFC-F815-451A-96BB-66499CDDEB6E}.Release|Any CPU.ActiveCfg = Release|Any CPU
		{69E21FFC-F815-451A-96BB-66499CDDEB6E}.Release|Any CPU.Build.0 = Release|Any CPU
		{2E02BD3D-BB0A-456D-A3D0-AC05FC9114E9}.Debug|Any CPU.ActiveCfg = Debug|Any CPU
		{2E02BD3D-BB0A-456D-A3D0-AC05FC9114E9}.Debug|Any CPU.Build.0 = Debug|Any CPU
		{2E02BD3D-BB0A-456D-A3D0-AC05FC9114E9}.Release|Any CPU.ActiveCfg = Release|Any CPU
		{2E02BD3D-BB0A-456D-A3D0-AC05FC9114E9}.Release|Any CPU.Build.0 = Release|Any CPU
		{7009B78A-4870-44C6-B8C9-30DFC36FD410}.Debug|Any CPU.ActiveCfg = Debug|Any CPU
		{7009B78A-4870-44C6-B8C9-30DFC36FD410}.Debug|Any CPU.Build.0 = Debug|Any CPU
		{7009B78A-4870-44C6-B8C9-30DFC36FD410}.Release|Any CPU.ActiveCfg = Release|Any CPU
		{7009B78A-4870-44C6-B8C9-30DFC36FD410}.Release|Any CPU.Build.0 = Release|Any CPU
		{EAF53CA5-2E91-4AE2-B412-8292DA40FE93}.Debug|Any CPU.ActiveCfg = Debug|Any CPU
		{EAF53CA5-2E91-4AE2-B412-8292DA40FE93}.Debug|Any CPU.Build.0 = Debug|Any CPU
		{EAF53CA5-2E91-4AE2-B412-8292DA40FE93}.Release|Any CPU.ActiveCfg = Release|Any CPU
		{EAF53CA5-2E91-4AE2-B412-8292DA40FE93}.Release|Any CPU.Build.0 = Release|Any CPU
		{FB826CB1-81C5-47BB-B699-A7EB79CF800A}.Debug|Any CPU.ActiveCfg = Debug|Any CPU
		{FB826CB1-81C5-47BB-B699-A7EB79CF800A}.Debug|Any CPU.Build.0 = Debug|Any CPU
		{FB826CB1-81C5-47BB-B699-A7EB79CF800A}.Release|Any CPU.ActiveCfg = Release|Any CPU
		{FB826CB1-81C5-47BB-B699-A7EB79CF800A}.Release|Any CPU.Build.0 = Release|Any CPU
		{6877C414-A72F-4E48-A5ED-E100787641D3}.Debug|Any CPU.ActiveCfg = Debug|Any CPU
		{6877C414-A72F-4E48-A5ED-E100787641D3}.Debug|Any CPU.Build.0 = Debug|Any CPU
		{6877C414-A72F-4E48-A5ED-E100787641D3}.Release|Any CPU.ActiveCfg = Release|Any CPU
		{6877C414-A72F-4E48-A5ED-E100787641D3}.Release|Any CPU.Build.0 = Release|Any CPU
		{FD074084-1FB7-4C92-BD2A-09E7369EC81D}.Debug|Any CPU.ActiveCfg = Debug|Any CPU
		{FD074084-1FB7-4C92-BD2A-09E7369EC81D}.Debug|Any CPU.Build.0 = Debug|Any CPU
		{FD074084-1FB7-4C92-BD2A-09E7369EC81D}.Release|Any CPU.ActiveCfg = Release|Any CPU
		{FD074084-1FB7-4C92-BD2A-09E7369EC81D}.Release|Any CPU.Build.0 = Release|Any CPU
		{17586D04-2FFF-478C-A1AD-7DCDA49FB1FA}.Debug|Any CPU.ActiveCfg = Debug|Any CPU
		{17586D04-2FFF-478C-A1AD-7DCDA49FB1FA}.Debug|Any CPU.Build.0 = Debug|Any CPU
		{17586D04-2FFF-478C-A1AD-7DCDA49FB1FA}.Release|Any CPU.ActiveCfg = Release|Any CPU
		{17586D04-2FFF-478C-A1AD-7DCDA49FB1FA}.Release|Any CPU.Build.0 = Release|Any CPU
		{4B9EB5F9-2B16-4498-A218-77E6375428D6}.Debug|Any CPU.ActiveCfg = Debug|Any CPU
		{4B9EB5F9-2B16-4498-A218-77E6375428D6}.Debug|Any CPU.Build.0 = Debug|Any CPU
		{4B9EB5F9-2B16-4498-A218-77E6375428D6}.Release|Any CPU.ActiveCfg = Release|Any CPU
		{4B9EB5F9-2B16-4498-A218-77E6375428D6}.Release|Any CPU.Build.0 = Release|Any CPU
		{48360C9E-52F7-484C-944C-B1142AEED924}.Debug|Any CPU.ActiveCfg = Debug|Any CPU
		{48360C9E-52F7-484C-944C-B1142AEED924}.Debug|Any CPU.Build.0 = Debug|Any CPU
		{48360C9E-52F7-484C-944C-B1142AEED924}.Release|Any CPU.ActiveCfg = Release|Any CPU
		{48360C9E-52F7-484C-944C-B1142AEED924}.Release|Any CPU.Build.0 = Release|Any CPU
		{46C94508-2388-4EB4-8244-E50A732D5FF8}.Debug|Any CPU.ActiveCfg = Debug|Any CPU
		{46C94508-2388-4EB4-8244-E50A732D5FF8}.Debug|Any CPU.Build.0 = Debug|Any CPU
		{46C94508-2388-4EB4-8244-E50A732D5FF8}.Release|Any CPU.ActiveCfg = Release|Any CPU
		{46C94508-2388-4EB4-8244-E50A732D5FF8}.Release|Any CPU.Build.0 = Release|Any CPU
		{6372DC9A-981C-48F8-8719-E5B2CF7157DF}.Debug|Any CPU.ActiveCfg = Debug|Any CPU
		{6372DC9A-981C-48F8-8719-E5B2CF7157DF}.Debug|Any CPU.Build.0 = Debug|Any CPU
		{6372DC9A-981C-48F8-8719-E5B2CF7157DF}.Release|Any CPU.ActiveCfg = Release|Any CPU
		{6372DC9A-981C-48F8-8719-E5B2CF7157DF}.Release|Any CPU.Build.0 = Release|Any CPU
		{422514A8-712E-4A39-8CEC-AB76F6B6B68E}.Debug|Any CPU.ActiveCfg = Debug|Any CPU
		{422514A8-712E-4A39-8CEC-AB76F6B6B68E}.Debug|Any CPU.Build.0 = Debug|Any CPU
		{422514A8-712E-4A39-8CEC-AB76F6B6B68E}.Release|Any CPU.ActiveCfg = Release|Any CPU
		{422514A8-712E-4A39-8CEC-AB76F6B6B68E}.Release|Any CPU.Build.0 = Release|Any CPU
		{6A8AF588-522A-469E-BEC4-C154CBC8866A}.Debug|Any CPU.ActiveCfg = Debug|Any CPU
		{6A8AF588-522A-469E-BEC4-C154CBC8866A}.Debug|Any CPU.Build.0 = Debug|Any CPU
		{6A8AF588-522A-469E-BEC4-C154CBC8866A}.Release|Any CPU.ActiveCfg = Release|Any CPU
		{6A8AF588-522A-469E-BEC4-C154CBC8866A}.Release|Any CPU.Build.0 = Release|Any CPU
		{A2B90810-5C72-4154-8E6C-47F243E6538D}.Debug|Any CPU.ActiveCfg = Debug|Any CPU
		{A2B90810-5C72-4154-8E6C-47F243E6538D}.Debug|Any CPU.Build.0 = Debug|Any CPU
		{A2B90810-5C72-4154-8E6C-47F243E6538D}.Release|Any CPU.ActiveCfg = Release|Any CPU
		{A2B90810-5C72-4154-8E6C-47F243E6538D}.Release|Any CPU.Build.0 = Release|Any CPU
		{EE491F69-FB10-4009-AEC5-E34AE8D8A532}.Debug|Any CPU.ActiveCfg = Debug|Any CPU
		{EE491F69-FB10-4009-AEC5-E34AE8D8A532}.Debug|Any CPU.Build.0 = Debug|Any CPU
		{EE491F69-FB10-4009-AEC5-E34AE8D8A532}.Release|Any CPU.ActiveCfg = Release|Any CPU
		{EE491F69-FB10-4009-AEC5-E34AE8D8A532}.Release|Any CPU.Build.0 = Release|Any CPU
		{5B6D2B12-84D0-4B62-AF1F-B8365FBF68D1}.Debug|Any CPU.ActiveCfg = Debug|Any CPU
		{5B6D2B12-84D0-4B62-AF1F-B8365FBF68D1}.Debug|Any CPU.Build.0 = Debug|Any CPU
		{5B6D2B12-84D0-4B62-AF1F-B8365FBF68D1}.Release|Any CPU.ActiveCfg = Release|Any CPU
		{5B6D2B12-84D0-4B62-AF1F-B8365FBF68D1}.Release|Any CPU.Build.0 = Release|Any CPU
		{CF8F3805-344B-4B75-8498-C93205B2A2A9}.Debug|Any CPU.ActiveCfg = Debug|Any CPU
		{CF8F3805-344B-4B75-8498-C93205B2A2A9}.Debug|Any CPU.Build.0 = Debug|Any CPU
		{CF8F3805-344B-4B75-8498-C93205B2A2A9}.Release|Any CPU.ActiveCfg = Release|Any CPU
		{CF8F3805-344B-4B75-8498-C93205B2A2A9}.Release|Any CPU.Build.0 = Release|Any CPU
		{E5C3D047-F530-4AAA-B7BE-3CEE79A45BCE}.Debug|Any CPU.ActiveCfg = Debug|Any CPU
		{E5C3D047-F530-4AAA-B7BE-3CEE79A45BCE}.Debug|Any CPU.Build.0 = Debug|Any CPU
		{E5C3D047-F530-4AAA-B7BE-3CEE79A45BCE}.Release|Any CPU.ActiveCfg = Release|Any CPU
		{E5C3D047-F530-4AAA-B7BE-3CEE79A45BCE}.Release|Any CPU.Build.0 = Release|Any CPU
		{ECC6EB7E-E269-4735-8989-4243ABC58379}.Debug|Any CPU.ActiveCfg = Debug|Any CPU
		{ECC6EB7E-E269-4735-8989-4243ABC58379}.Debug|Any CPU.Build.0 = Debug|Any CPU
		{ECC6EB7E-E269-4735-8989-4243ABC58379}.Release|Any CPU.ActiveCfg = Release|Any CPU
		{ECC6EB7E-E269-4735-8989-4243ABC58379}.Release|Any CPU.Build.0 = Release|Any CPU
		{2ED62D43-A6DF-4DA1-B18D-F051BB019CE0}.Debug|Any CPU.ActiveCfg = Debug|Any CPU
		{2ED62D43-A6DF-4DA1-B18D-F051BB019CE0}.Debug|Any CPU.Build.0 = Debug|Any CPU
		{2ED62D43-A6DF-4DA1-B18D-F051BB019CE0}.Release|Any CPU.ActiveCfg = Release|Any CPU
		{2ED62D43-A6DF-4DA1-B18D-F051BB019CE0}.Release|Any CPU.Build.0 = Release|Any CPU
		{E188325F-2EED-4B03-BD27-7D87764500A0}.Debug|Any CPU.ActiveCfg = Debug|Any CPU
		{E188325F-2EED-4B03-BD27-7D87764500A0}.Debug|Any CPU.Build.0 = Debug|Any CPU
		{E188325F-2EED-4B03-BD27-7D87764500A0}.Release|Any CPU.ActiveCfg = Release|Any CPU
		{E188325F-2EED-4B03-BD27-7D87764500A0}.Release|Any CPU.Build.0 = Release|Any CPU
		{57C9A0FC-CCA5-4E4B-9A8A-A0F267466849}.Debug|Any CPU.ActiveCfg = Debug|Any CPU
		{57C9A0FC-CCA5-4E4B-9A8A-A0F267466849}.Debug|Any CPU.Build.0 = Debug|Any CPU
		{57C9A0FC-CCA5-4E4B-9A8A-A0F267466849}.Release|Any CPU.ActiveCfg = Release|Any CPU
		{57C9A0FC-CCA5-4E4B-9A8A-A0F267466849}.Release|Any CPU.Build.0 = Release|Any CPU
		{A46CC6F2-FC2E-4585-9FF1-C83B941C30C5}.Debug|Any CPU.ActiveCfg = Debug|Any CPU
		{A46CC6F2-FC2E-4585-9FF1-C83B941C30C5}.Debug|Any CPU.Build.0 = Debug|Any CPU
		{A46CC6F2-FC2E-4585-9FF1-C83B941C30C5}.Release|Any CPU.ActiveCfg = Release|Any CPU
		{A46CC6F2-FC2E-4585-9FF1-C83B941C30C5}.Release|Any CPU.Build.0 = Release|Any CPU
		{2DF8D7E4-74C8-49D0-9EA3-D5E93BA3C093}.Debug|Any CPU.ActiveCfg = Debug|Any CPU
		{2DF8D7E4-74C8-49D0-9EA3-D5E93BA3C093}.Debug|Any CPU.Build.0 = Debug|Any CPU
		{2DF8D7E4-74C8-49D0-9EA3-D5E93BA3C093}.Release|Any CPU.ActiveCfg = Release|Any CPU
		{2DF8D7E4-74C8-49D0-9EA3-D5E93BA3C093}.Release|Any CPU.Build.0 = Release|Any CPU
		{E25ABF88-1199-434C-B64D-958C2E8FF65A}.Debug|Any CPU.ActiveCfg = Debug|Any CPU
		{E25ABF88-1199-434C-B64D-958C2E8FF65A}.Debug|Any CPU.Build.0 = Debug|Any CPU
		{E25ABF88-1199-434C-B64D-958C2E8FF65A}.Release|Any CPU.ActiveCfg = Release|Any CPU
		{E25ABF88-1199-434C-B64D-958C2E8FF65A}.Release|Any CPU.Build.0 = Release|Any CPU
		{EA671E66-95F5-40B7-9B0F-D0A2E9855704}.Debug|Any CPU.ActiveCfg = Debug|Any CPU
		{EA671E66-95F5-40B7-9B0F-D0A2E9855704}.Debug|Any CPU.Build.0 = Debug|Any CPU
		{EA671E66-95F5-40B7-9B0F-D0A2E9855704}.Release|Any CPU.ActiveCfg = Release|Any CPU
		{EA671E66-95F5-40B7-9B0F-D0A2E9855704}.Release|Any CPU.Build.0 = Release|Any CPU
		{FB263980-7C7A-4D88-A9CA-4BEBB1F4486C}.Debug|Any CPU.ActiveCfg = Debug|Any CPU
		{FB263980-7C7A-4D88-A9CA-4BEBB1F4486C}.Debug|Any CPU.Build.0 = Debug|Any CPU
		{FB263980-7C7A-4D88-A9CA-4BEBB1F4486C}.Release|Any CPU.ActiveCfg = Release|Any CPU
		{FB263980-7C7A-4D88-A9CA-4BEBB1F4486C}.Release|Any CPU.Build.0 = Release|Any CPU
		{F1A7A1DF-BF17-4E23-87AD-95C38EC25D03}.Debug|Any CPU.ActiveCfg = Debug|Any CPU
		{F1A7A1DF-BF17-4E23-87AD-95C38EC25D03}.Debug|Any CPU.Build.0 = Debug|Any CPU
		{F1A7A1DF-BF17-4E23-87AD-95C38EC25D03}.Release|Any CPU.ActiveCfg = Release|Any CPU
		{F1A7A1DF-BF17-4E23-87AD-95C38EC25D03}.Release|Any CPU.Build.0 = Release|Any CPU
		{D49D7F5A-5137-4984-B653-AC511D48B913}.Debug|Any CPU.ActiveCfg = Debug|Any CPU
		{D49D7F5A-5137-4984-B653-AC511D48B913}.Debug|Any CPU.Build.0 = Debug|Any CPU
		{D49D7F5A-5137-4984-B653-AC511D48B913}.Release|Any CPU.ActiveCfg = Release|Any CPU
		{D49D7F5A-5137-4984-B653-AC511D48B913}.Release|Any CPU.Build.0 = Release|Any CPU
		B8AACF21-2B9B-4CA3-8232-3DCE1E73C5C1.Debug|Any CPU.ActiveCfg = Debug|Any CPU
		B8AACF21-2B9B-4CA3-8232-3DCE1E73C5C1.Debug|Any CPU.Build.0 = Debug|Any CPU
		B8AACF21-2B9B-4CA3-8232-3DCE1E73C5C1.Release|Any CPU.ActiveCfg = Release|Any CPU
		B8AACF21-2B9B-4CA3-8232-3DCE1E73C5C1.Release|Any CPU.Build.0 = Release|Any CPU
	EndGlobalSection
EndGlobal
