
Microsoft Visual Studio Solution File, Format Version 9.00
# Visual Studio 2005
# SharpDevelop 3.2.0.5777
Project("{FAE04EC0-301F-11D3-BF4B-00C04F79EFBC}") = "Tests.Reporting", "Testing\Reporting\Tests.Reporting.csproj", "{BA377109-67E1-4E95-BF24-758AE808109F}"
EndProject
Project("{FAE04EC0-301F-11D3-BF4B-00C04F79EFBC}") = "Tests.Common", "Testing\Common\Tests.Common.csproj", "{B153A068-F378-4DC5-8936-DF8F26D0C92F}"
EndProject
Project("{FAE04EC0-301F-11D3-BF4B-00C04F79EFBC}") = "Ict.Testing.NUnitClient", "Testing\NUnitPetraClient\Ict.Testing.NUnitClient.csproj", "{212F7EE5-B247-4924-93D9-93646CB6C804}"
EndProject
Project("{FAE04EC0-301F-11D3-BF4B-00C04F79EFBC}") = "Tests.Common.IO", "Testing\Common\IO\Tests.Common.IO.csproj", "{CC90C23D-CCF8-4D41-A25B-5D14911845B0}"
EndProject
Project("{FAE04EC0-301F-11D3-BF4B-00C04F79EFBC}") = "Tests.Common.Printing", "Testing\Common\Printing\Tests.Common.Printing.csproj", "{35CC59A5-8FAD-4950-A896-F5823EC85765}"
EndProject
Project("{FAE04EC0-301F-11D3-BF4B-00C04F79EFBC}") = "Tests.Common.DB", "Testing\Common\DB\Tests.Common.DB.csproj", "{15ACA7B7-6AE9-4071-AC47-51E7D8029B6E}"
EndProject
Project("{FAE04EC0-301F-11D3-BF4B-00C04F79EFBC}") = "Tests.Common.Data", "Testing\Common\Data\Tests.Common.Data.csproj", "{5B46AA48-E3DA-448F-AEED-D6C8782EE8C8}"
EndProject
Project("{FAE04EC0-301F-11D3-BF4B-00C04F79EFBC}") = "I18N", "Testing\Common\I18N\I18N.csproj", "{C55F6197-9BF5-41BF-A002-0A4A3FC8A0BF}"
EndProject
Project("{FAE04EC0-301F-11D3-BF4B-00C04F79EFBC}") = "Tests.CodeGeneration", "Testing\CodeGeneration\Tests.CodeGeneration.csproj", "{842D40A5-DBFB-4814-BCD4-AE6FBD312A78}"
EndProject
Project("{FAE04EC0-301F-11D3-BF4B-00C04F79EFBC}") = "Tests.MFinance.GLBatches", "Testing\MFinance\GLForm\Tests.MFinance.GLBatches.csproj", "{F66C325F-C85B-4897-B949-2E2710AE755C}"
EndProject
Project("{FAE04EC0-301F-11D3-BF4B-00C04F79EFBC}") = "Ict.Testing.NUnitForms", "Testing\NUnitForms\Ict.Testing.NUnitForms.csproj", "{F12B57D7-3689-4129-BA9B-701DC0AC6B3A}"
EndProject
Project("{FAE04EC0-301F-11D3-BF4B-00C04F79EFBC}") = "Ict.Testing.NUnitServer", "Testing\NUnitPetraServer\Ict.Testing.NUnitServer.csproj", "{3035042E-B3A7-41AC-8006-6DA996FA7741}"
EndProject
Project("{FAE04EC0-301F-11D3-BF4B-00C04F79EFBC}") = "Tests.MFinance.Server.Gift", "Testing\MFinance\server\Gift\Tests.MFinance.Server.Gift.csproj", "{D20D39D9-033E-42CE-AEB8-B8E7EF3609B9}"
EndProject
Project("{FAE04EC0-301F-11D3-BF4B-00C04F79EFBC}") = "Tests.MFinance.GiftBatches", "Testing\MFinance\GiftForm\Tests.MFinance.GiftBatches.csproj", "{1DA473A2-2B45-44B9-908F-35AA56D32583}"
EndProject
Project("{FAE04EC0-301F-11D3-BF4B-00C04F79EFBC}") = "Tests.Common.Controls", "Testing\Common\Controls\Tests.Common.Controls.csproj", "{377F84AE-DC3F-4F86-A39E-9C26081E4B6C}"
EndProject
Global
	GlobalSection(SolutionConfigurationPlatforms) = preSolution
		Debug|x86 = Debug|x86
		Release|x86 = Release|x86
	EndGlobalSection
	GlobalSection(ProjectConfigurationPlatforms) = postSolution
		{BA377109-67E1-4E95-BF24-758AE808109F}.Debug|x86.ActiveCfg = Debug|x86
		{BA377109-67E1-4E95-BF24-758AE808109F}.Debug|x86.Build.0 = Debug|x86
		{BA377109-67E1-4E95-BF24-758AE808109F}.Release|x86.ActiveCfg = Release|x86
		{BA377109-67E1-4E95-BF24-758AE808109F}.Release|x86.Build.0 = Release|x86
		{B153A068-F378-4DC5-8936-DF8F26D0C92F}.Debug|x86.ActiveCfg = Debug|x86
		{B153A068-F378-4DC5-8936-DF8F26D0C92F}.Debug|x86.Build.0 = Debug|x86
		{B153A068-F378-4DC5-8936-DF8F26D0C92F}.Release|x86.ActiveCfg = Release|x86
		{B153A068-F378-4DC5-8936-DF8F26D0C92F}.Release|x86.Build.0 = Release|x86
		{212F7EE5-B247-4924-93D9-93646CB6C804}.Debug|x86.ActiveCfg = Debug|x86
		{212F7EE5-B247-4924-93D9-93646CB6C804}.Debug|x86.Build.0 = Debug|x86
		{212F7EE5-B247-4924-93D9-93646CB6C804}.Release|x86.ActiveCfg = Release|x86
		{212F7EE5-B247-4924-93D9-93646CB6C804}.Release|x86.Build.0 = Release|x86
		{CC90C23D-CCF8-4D41-A25B-5D14911845B0}.Debug|x86.ActiveCfg = Debug|x86
		{CC90C23D-CCF8-4D41-A25B-5D14911845B0}.Debug|x86.Build.0 = Debug|x86
		{CC90C23D-CCF8-4D41-A25B-5D14911845B0}.Release|x86.ActiveCfg = Release|x86
		{CC90C23D-CCF8-4D41-A25B-5D14911845B0}.Release|x86.Build.0 = Release|x86
		{35CC59A5-8FAD-4950-A896-F5823EC85765}.Debug|x86.ActiveCfg = Debug|x86
		{35CC59A5-8FAD-4950-A896-F5823EC85765}.Debug|x86.Build.0 = Debug|x86
		{35CC59A5-8FAD-4950-A896-F5823EC85765}.Release|x86.ActiveCfg = Release|x86
		{35CC59A5-8FAD-4950-A896-F5823EC85765}.Release|x86.Build.0 = Release|x86
		{15ACA7B7-6AE9-4071-AC47-51E7D8029B6E}.Debug|x86.ActiveCfg = Debug|x86
		{15ACA7B7-6AE9-4071-AC47-51E7D8029B6E}.Debug|x86.Build.0 = Debug|x86
		{15ACA7B7-6AE9-4071-AC47-51E7D8029B6E}.Release|x86.ActiveCfg = Release|x86
		{15ACA7B7-6AE9-4071-AC47-51E7D8029B6E}.Release|x86.Build.0 = Release|x86
		{5B46AA48-E3DA-448F-AEED-D6C8782EE8C8}.Debug|x86.ActiveCfg = Debug|x86
		{5B46AA48-E3DA-448F-AEED-D6C8782EE8C8}.Debug|x86.Build.0 = Debug|x86
		{5B46AA48-E3DA-448F-AEED-D6C8782EE8C8}.Release|x86.ActiveCfg = Release|x86
		{5B46AA48-E3DA-448F-AEED-D6C8782EE8C8}.Release|x86.Build.0 = Release|x86
		{C55F6197-9BF5-41BF-A002-0A4A3FC8A0BF}.Debug|x86.ActiveCfg = Debug|x86
		{C55F6197-9BF5-41BF-A002-0A4A3FC8A0BF}.Debug|x86.Build.0 = Debug|x86
		{C55F6197-9BF5-41BF-A002-0A4A3FC8A0BF}.Release|x86.ActiveCfg = Release|x86
		{C55F6197-9BF5-41BF-A002-0A4A3FC8A0BF}.Release|x86.Build.0 = Release|x86
		{842D40A5-DBFB-4814-BCD4-AE6FBD312A78}.Debug|x86.Build.0 = Debug|x86
		{842D40A5-DBFB-4814-BCD4-AE6FBD312A78}.Debug|x86.ActiveCfg = Debug|x86
		{842D40A5-DBFB-4814-BCD4-AE6FBD312A78}.Release|x86.Build.0 = Release|x86
		{842D40A5-DBFB-4814-BCD4-AE6FBD312A78}.Release|x86.ActiveCfg = Release|x86
		{F66C325F-C85B-4897-B949-2E2710AE755C}.Debug|x86.Build.0 = Debug|x86
		{F66C325F-C85B-4897-B949-2E2710AE755C}.Debug|x86.ActiveCfg = Debug|x86
		{F66C325F-C85B-4897-B949-2E2710AE755C}.Release|x86.Build.0 = Release|x86
		{F66C325F-C85B-4897-B949-2E2710AE755C}.Release|x86.ActiveCfg = Release|x86
		{F12B57D7-3689-4129-BA9B-701DC0AC6B3A}.Debug|x86.Build.0 = Debug|x86
		{F12B57D7-3689-4129-BA9B-701DC0AC6B3A}.Debug|x86.ActiveCfg = Debug|x86
		{F12B57D7-3689-4129-BA9B-701DC0AC6B3A}.Release|x86.Build.0 = Release|x86
		{F12B57D7-3689-4129-BA9B-701DC0AC6B3A}.Release|x86.ActiveCfg = Release|x86
		{3035042E-B3A7-41AC-8006-6DA996FA7741}.Debug|x86.Build.0 = Debug|x86
		{3035042E-B3A7-41AC-8006-6DA996FA7741}.Debug|x86.ActiveCfg = Debug|x86
		{3035042E-B3A7-41AC-8006-6DA996FA7741}.Release|x86.Build.0 = Release|x86
		{3035042E-B3A7-41AC-8006-6DA996FA7741}.Release|x86.ActiveCfg = Release|x86
		{D20D39D9-033E-42CE-AEB8-B8E7EF3609B9}.Debug|x86.Build.0 = Debug|x86
		{D20D39D9-033E-42CE-AEB8-B8E7EF3609B9}.Debug|x86.ActiveCfg = Debug|x86
		{D20D39D9-033E-42CE-AEB8-B8E7EF3609B9}.Release|x86.Build.0 = Release|x86
		{D20D39D9-033E-42CE-AEB8-B8E7EF3609B9}.Release|x86.ActiveCfg = Release|x86
		{1DA473A2-2B45-44B9-908F-35AA56D32583}.Debug|x86.Build.0 = Debug|x86      
		{1DA473A2-2B45-44B9-908F-35AA56D32583}.Debug|x86.ActiveCfg = Debug|x86    
		{1DA473A2-2B45-44B9-908F-35AA56D32583}.Release|x86.Build.0 = Release|x86  
		{1DA473A2-2B45-44B9-908F-35AA56D32583}.Release|x86.ActiveCfg = Release|x86
		{377F84AE-DC3F-4F86-A39E-9C26081E4B6C}.Debug|x86.Build.0 = Debug|x86
		{377F84AE-DC3F-4F86-A39E-9C26081E4B6C}.Debug|x86.ActiveCfg = Debug|x86
		{377F84AE-DC3F-4F86-A39E-9C26081E4B6C}.Release|x86.Build.0 = Release|x86
		{377F84AE-DC3F-4F86-A39E-9C26081E4B6C}.Release|x86.ActiveCfg = Release|x86
	EndGlobalSection
EndGlobal
