
Microsoft Visual Studio Solution File, Format Version 9.00
# Visual Studio 2005
# SharpDevelop 2.2.1.2648
Project("{FAE04EC0-301F-11D3-BF4B-00C04F79EFBC}") = "treasurerEmails", "treasurerEmails.csproj", "{BF141020-F97C-4023-8847-604872F2588A}"
EndProject
Project("{FAE04EC0-301F-11D3-BF4B-00C04F79EFBC}") = "Ict.Common", "..\..\Common\Ict.Common.csproj", "{ED73B0A3-AC08-4FB0-A18C-2816C9AC5588}"
EndProject
Project("{FAE04EC0-301F-11D3-BF4B-00C04F79EFBC}") = "Ict.Common.IO", "..\..\Common\IO\Ict.Common.IO.csproj", "{31A5F128-F78F-4957-AA0E-B0F6005A2614}"
EndProject
Project("{FAE04EC0-301F-11D3-BF4B-00C04F79EFBC}") = "Ict.Common.DB", "..\..\Common\DB\Ict.Common.DB.csproj", "{20ADC145-9621-4EDB-B5F6-6FFF07AD6EFB}"
EndProject
Global
	GlobalSection(SolutionConfigurationPlatforms) = preSolution
		Debug|Any CPU = Debug|Any CPU
		Release|Any CPU = Release|Any CPU
	EndGlobalSection
	GlobalSection(ProjectConfigurationPlatforms) = postSolution
		{BF141020-F97C-4023-8847-604872F2588A}.Debug|Any CPU.Build.0 = Debug|Any CPU
		{BF141020-F97C-4023-8847-604872F2588A}.Debug|Any CPU.ActiveCfg = Debug|Any CPU
		{BF141020-F97C-4023-8847-604872F2588A}.Release|Any CPU.Build.0 = Release|Any CPU
		{BF141020-F97C-4023-8847-604872F2588A}.Release|Any CPU.ActiveCfg = Release|Any CPU
		{ED73B0A3-AC08-4FB0-A18C-2816C9AC5588}.Debug|Any CPU.Build.0 = Debug|Any CPU
		{ED73B0A3-AC08-4FB0-A18C-2816C9AC5588}.Debug|Any CPU.ActiveCfg = Debug|Any CPU
		{ED73B0A3-AC08-4FB0-A18C-2816C9AC5588}.Release|Any CPU.Build.0 = Release|Any CPU
		{ED73B0A3-AC08-4FB0-A18C-2816C9AC5588}.Release|Any CPU.ActiveCfg = Release|Any CPU
		{31A5F128-F78F-4957-AA0E-B0F6005A2614}.Debug|Any CPU.Build.0 = Debug|Any CPU
		{31A5F128-F78F-4957-AA0E-B0F6005A2614}.Debug|Any CPU.ActiveCfg = Debug|Any CPU
		{31A5F128-F78F-4957-AA0E-B0F6005A2614}.Release|Any CPU.Build.0 = Release|Any CPU
		{31A5F128-F78F-4957-AA0E-B0F6005A2614}.Release|Any CPU.ActiveCfg = Release|Any CPU
		{20ADC145-9621-4EDB-B5F6-6FFF07AD6EFB}.Debug|Any CPU.Build.0 = Debug|Any CPU
		{20ADC145-9621-4EDB-B5F6-6FFF07AD6EFB}.Debug|Any CPU.ActiveCfg = Debug|Any CPU
		{20ADC145-9621-4EDB-B5F6-6FFF07AD6EFB}.Release|Any CPU.Build.0 = Release|Any CPU
		{20ADC145-9621-4EDB-B5F6-6FFF07AD6EFB}.Release|Any CPU.ActiveCfg = Release|Any CPU
	EndGlobalSection
EndGlobal
