
Microsoft Visual Studio Solution File, Format Version 9.00
# Visual Studio 2005
# SharpDevelop 2.2.1.2648
Project("{FAE04EC0-301F-11D3-BF4B-00C04F79EFBC}") = "testgtk", "testgtk.csproj", "{F7CA2790-A0BC-411D-B01D-01177A54C1A9}"
EndProject
Global
	GlobalSection(SolutionConfigurationPlatforms) = preSolution
		Debug|Any CPU = Debug|Any CPU
		Release|Any CPU = Release|Any CPU
	EndGlobalSection
	GlobalSection(ProjectConfigurationPlatforms) = postSolution
		{F7CA2790-A0BC-411D-B01D-01177A54C1A9}.Debug|Any CPU.Build.0 = Debug|Any CPU
		{F7CA2790-A0BC-411D-B01D-01177A54C1A9}.Debug|Any CPU.ActiveCfg = Debug|Any CPU
		{F7CA2790-A0BC-411D-B01D-01177A54C1A9}.Release|Any CPU.Build.0 = Release|Any CPU
		{F7CA2790-A0BC-411D-B01D-01177A54C1A9}.Release|Any CPU.ActiveCfg = Release|Any CPU
	EndGlobalSection
EndGlobal
