
Microsoft Visual Studio Solution File, Format Version 10.00
# Visual Studio 2008
# SharpDevelop 3.0.0.3800
Project("{FAE04EC0-301F-11D3-BF4B-00C04F79EFBC}") = "DonorHistoryReports", "DonorHistoryReports.csproj", "{18DD2D48-C10F-4460-8375-4777805E9F99}"
EndProject
Global
	GlobalSection(SolutionConfigurationPlatforms) = preSolution
		Debug|Any CPU = Debug|Any CPU
		Release|Any CPU = Release|Any CPU
	EndGlobalSection
	GlobalSection(ProjectConfigurationPlatforms) = postSolution
		{18DD2D48-C10F-4460-8375-4777805E9F99}.Debug|Any CPU.Build.0 = Debug|Any CPU
		{18DD2D48-C10F-4460-8375-4777805E9F99}.Debug|Any CPU.ActiveCfg = Debug|Any CPU
		{18DD2D48-C10F-4460-8375-4777805E9F99}.Release|Any CPU.Build.0 = Release|Any CPU
		{18DD2D48-C10F-4460-8375-4777805E9F99}.Release|Any CPU.ActiveCfg = Release|Any CPU
	EndGlobalSection
EndGlobal
