
Microsoft Visual Studio Solution File, Format Version 10.00
# Visual Studio 2008
# SharpDevelop 3.2.0.5777
Project("{FAE04EC0-301F-11D3-BF4B-00C04F79EFBC}") = "checkDuplicatePartners", "checkDuplicatePartners.csproj", "{3E267CE0-90A4-4FB3-AE66-E03BC2DF9DB0}"
EndProject
Global
	GlobalSection(SolutionConfigurationPlatforms) = preSolution
		Debug|x86 = Debug|x86
		Release|x86 = Release|x86
		Debug|x86 = Debug|x86
		Release|x86 = Release|x86
	EndGlobalSection
	GlobalSection(ProjectConfigurationPlatforms) = postSolution
		{3E267CE0-90A4-4FB3-AE66-E03BC2DF9DB0}.Debug|x86.Build.0 = Debug|x86
		{3E267CE0-90A4-4FB3-AE66-E03BC2DF9DB0}.Debug|x86.ActiveCfg = Debug|x86
		{3E267CE0-90A4-4FB3-AE66-E03BC2DF9DB0}.Release|x86.Build.0 = Release|x86
		{3E267CE0-90A4-4FB3-AE66-E03BC2DF9DB0}.Release|x86.ActiveCfg = Release|x86
	EndGlobalSection
EndGlobal
